// !$*UTF8*$!
{
	archiveVersion = 1;
	classes = {
	};
	objectVersion = 46;
	objects = {

/* Begin PBXBuildFile section */
		F21EA81119990FF200D78E1C /* geometry_object.cpp in Sources */ = {isa = PBXBuildFile; fileRef = F21EA80F19990FF200D78E1C /* geometry_object.cpp */; };
		F21EA814199911F900D78E1C /* program.cpp in Sources */ = {isa = PBXBuildFile; fileRef = F21EA812199911F900D78E1C /* program.cpp */; };
		F21EA819199A03EF00D78E1C /* index_model.cpp in Sources */ = {isa = PBXBuildFile; fileRef = F21EA817199A03EF00D78E1C /* index_model.cpp */; };
		F21EA81C199A04AC00D78E1C /* obj_model.cpp in Sources */ = {isa = PBXBuildFile; fileRef = F21EA81A199A04AC00D78E1C /* obj_model.cpp */; };
		F21EA820199A257F00D78E1C /* box.obj in Resources */ = {isa = PBXBuildFile; fileRef = F21EA81F199A257F00D78E1C /* box.obj */; };
		F21EA821199A870900D78E1C /* SDL2.framework in Frameworks */ = {isa = PBXBuildFile; fileRef = F29707A51993735D00D48CE5 /* SDL2.framework */; };
		F21EA822199A870900D78E1C /* SDL2.framework in Embed Frameworks */ = {isa = PBXBuildFile; fileRef = F29707A51993735D00D48CE5 /* SDL2.framework */; };
		F21EA823199A870900D78E1C /* SDL2_image.framework in Frameworks */ = {isa = PBXBuildFile; fileRef = F29707A61993735D00D48CE5 /* SDL2_image.framework */; };
		F21EA824199A870900D78E1C /* SDL2_image.framework in Embed Frameworks */ = {isa = PBXBuildFile; fileRef = F29707A61993735D00D48CE5 /* SDL2_image.framework */; };
		F21EA828199A8C5600D78E1C /* tree_transform.cpp in Sources */ = {isa = PBXBuildFile; fileRef = F21EA826199A8C5600D78E1C /* tree_transform.cpp */; };
		F27044CA1994C2C200C57B6A /* phong.vsh in Resources */ = {isa = PBXBuildFile; fileRef = F27044C91994C2C200C57B6A /* phong.vsh */; };
		F27044CC1994C2CC00C57B6A /* phong.fsh in Resources */ = {isa = PBXBuildFile; fileRef = F27044CB1994C2CC00C57B6A /* phong.fsh */; };
		F27044CF1994C36C00C57B6A /* text.cpp in Sources */ = {isa = PBXBuildFile; fileRef = F27044CD1994C36C00C57B6A /* text.cpp */; };
		F27044D21994EC4E00C57B6A /* transform.cpp in Sources */ = {isa = PBXBuildFile; fileRef = F27044D01994EC4E00C57B6A /* transform.cpp */; };
		F297076619936C1600D48CE5 /* Images.xcassets in Resources */ = {isa = PBXBuildFile; fileRef = F297076519936C1600D48CE5 /* Images.xcassets */; };
		F297077C19936F4E00D48CE5 /* main.cpp in Sources */ = {isa = PBXBuildFile; fileRef = F297072A1993682F00D48CE5 /* main.cpp */; };
		F297077E19936F7D00D48CE5 /* main.cpp in Sources */ = {isa = PBXBuildFile; fileRef = F297077D19936F7D00D48CE5 /* main.cpp */; };
		F29707871993706C00D48CE5 /* shader.cpp in Sources */ = {isa = PBXBuildFile; fileRef = F29707851993706C00D48CE5 /* shader.cpp */; };
		F297078E199370C400D48CE5 /* mesh.cpp in Sources */ = {isa = PBXBuildFile; fileRef = F297078C199370C400D48CE5 /* mesh.cpp */; };
		F2970791199370D800D48CE5 /* texture.cpp in Sources */ = {isa = PBXBuildFile; fileRef = F297078F199370D800D48CE5 /* texture.cpp */; };
		F2970794199370EE00D48CE5 /* math.cpp in Sources */ = {isa = PBXBuildFile; fileRef = F2970792199370EE00D48CE5 /* math.cpp */; };
		F29707971993716300D48CE5 /* node.cpp in Sources */ = {isa = PBXBuildFile; fileRef = F29707951993716300D48CE5 /* node.cpp */; };
		F29707A21993728300D48CE5 /* game_loop.cpp in Sources */ = {isa = PBXBuildFile; fileRef = F29707A01993728300D48CE5 /* game_loop.cpp */; };
		F29707AA1993737E00D48CE5 /* SDL2.framework in Frameworks */ = {isa = PBXBuildFile; fileRef = F29707A51993735D00D48CE5 /* SDL2.framework */; };
		F29707AB1993737E00D48CE5 /* SDL2_image.framework in Frameworks */ = {isa = PBXBuildFile; fileRef = F29707A61993735D00D48CE5 /* SDL2_image.framework */; };
		F29707AC1993737E00D48CE5 /* OpenGL.framework in Frameworks */ = {isa = PBXBuildFile; fileRef = F29707A31993734100D48CE5 /* OpenGL.framework */; };
		F29707B11993786600D48CE5 /* image.cpp in Sources */ = {isa = PBXBuildFile; fileRef = F29707AF1993786600D48CE5 /* image.cpp */; };
		F29707B5199379DC00D48CE5 /* material.cpp in Sources */ = {isa = PBXBuildFile; fileRef = F29707B3199379DC00D48CE5 /* material.cpp */; };
		F29707BB199391FD00D48CE5 /* OpenGL.framework in Frameworks */ = {isa = PBXBuildFile; fileRef = F29707A31993734100D48CE5 /* OpenGL.framework */; };
		F29707BE199397FF00D48CE5 /* window.cpp in Sources */ = {isa = PBXBuildFile; fileRef = F29707BC199397FF00D48CE5 /* window.cpp */; };
		F29707CB1993BD9700D48CE5 /* scene_deep_walker.cpp in Sources */ = {isa = PBXBuildFile; fileRef = F29707C91993BD9700D48CE5 /* scene_deep_walker.cpp */; };
		F29707CE1994382E00D48CE5 /* model.cpp in Sources */ = {isa = PBXBuildFile; fileRef = F29707CC1994382E00D48CE5 /* model.cpp */; };
		F2A4967819980EF600588B03 /* attenuation.cpp in Sources */ = {isa = PBXBuildFile; fileRef = F2A4967619980EF600588B03 /* attenuation.cpp */; };
		F2A4967B1998102C00588B03 /* point_light.cpp in Sources */ = {isa = PBXBuildFile; fileRef = F2A496791998102C00588B03 /* point_light.cpp */; };
		F2A4967D1998119600588B03 /* point-forward.vsh in Resources */ = {isa = PBXBuildFile; fileRef = F2A4967C1998119600588B03 /* point-forward.vsh */; };
		F2A4967F199811A200588B03 /* point-forward.fsh in Resources */ = {isa = PBXBuildFile; fileRef = F2A4967E199811A200588B03 /* point-forward.fsh */; };
		F2A4968119981D3600588B03 /* spot-forward.vsh in Resources */ = {isa = PBXBuildFile; fileRef = F2A4968019981D3600588B03 /* spot-forward.vsh */; };
		F2A4968319981D4200588B03 /* spot-forward.fsh in Resources */ = {isa = PBXBuildFile; fileRef = F2A4968219981D4200588B03 /* spot-forward.fsh */; };
		F2A4968619981F1600588B03 /* spot_light.cpp in Sources */ = {isa = PBXBuildFile; fileRef = F2A4968419981F1600588B03 /* spot_light.cpp */; };
		F2DEC60419975A8700EE31E7 /* node_component.cpp in Sources */ = {isa = PBXBuildFile; fileRef = F2DEC60219975A8700EE31E7 /* node_component.cpp */; };
		F2DEC6081997621400EE31E7 /* render_component.cpp in Sources */ = {isa = PBXBuildFile; fileRef = F2DEC6061997621400EE31E7 /* render_component.cpp */; };
		F2DEC60D1997681E00EE31E7 /* camera_component.cpp in Sources */ = {isa = PBXBuildFile; fileRef = F2DEC60B1997681E00EE31E7 /* camera_component.cpp */; };
		F2DEC613199790A600EE31E7 /* camera.cpp in Sources */ = {isa = PBXBuildFile; fileRef = F2DEC611199790A600EE31E7 /* camera.cpp */; };
		F2DEC616199793A100EE31E7 /* projection.cpp in Sources */ = {isa = PBXBuildFile; fileRef = F2DEC614199793A100EE31E7 /* projection.cpp */; };
		F2DEC6191997B59A00EE31E7 /* keyboard.cpp in Sources */ = {isa = PBXBuildFile; fileRef = F2DEC6171997B59A00EE31E7 /* keyboard.cpp */; };
		F2DEC61D1997B7AB00EE31E7 /* keyboard_adapter.cpp in Sources */ = {isa = PBXBuildFile; fileRef = F2DEC61B1997B7AB00EE31E7 /* keyboard_adapter.cpp */; };
		F2DEC6211997BFA700EE31E7 /* first_person_movement.cpp in Sources */ = {isa = PBXBuildFile; fileRef = F2DEC61F1997BFA700EE31E7 /* first_person_movement.cpp */; };
		F2DEC6251997C63E00EE31E7 /* mouse.cpp in Sources */ = {isa = PBXBuildFile; fileRef = F2DEC6231997C63E00EE31E7 /* mouse.cpp */; };
		F2DEC6281997C7EA00EE31E7 /* mouse_adapter.cpp in Sources */ = {isa = PBXBuildFile; fileRef = F2DEC6261997C7EA00EE31E7 /* mouse_adapter.cpp */; };
		F2DEC62B1997D49300EE31E7 /* ambient-forward.vsh in Resources */ = {isa = PBXBuildFile; fileRef = F2DEC6291997D49300EE31E7 /* ambient-forward.vsh */; };
		F2DEC62D1997D4B300EE31E7 /* ambient-forward.fsh in Resources */ = {isa = PBXBuildFile; fileRef = F2DEC62C1997D4B300EE31E7 /* ambient-forward.fsh */; };
		F2DEC62F1997D4C900EE31E7 /* directional-forward.vsh in Resources */ = {isa = PBXBuildFile; fileRef = F2DEC62E1997D4C900EE31E7 /* directional-forward.vsh */; };
		F2DEC6311997D4D600EE31E7 /* directional-forward.fsh in Resources */ = {isa = PBXBuildFile; fileRef = F2DEC6301997D4D600EE31E7 /* directional-forward.fsh */; };
		F2DEC6331997DDD300EE31E7 /* pattern.png in Resources */ = {isa = PBXBuildFile; fileRef = F2DEC6321997DDD300EE31E7 /* pattern.png */; };
		F2DEC6371997EA7600EE31E7 /* ambient_light.cpp in Sources */ = {isa = PBXBuildFile; fileRef = F2DEC6351997EA7600EE31E7 /* ambient_light.cpp */; };
		F2DEC63A1997ECCE00EE31E7 /* ambient_light_component.cpp in Sources */ = {isa = PBXBuildFile; fileRef = F2DEC6381997ECCE00EE31E7 /* ambient_light_component.cpp */; };
		F2DEC63D1997F4E000EE31E7 /* directional_light.cpp in Sources */ = {isa = PBXBuildFile; fileRef = F2DEC63B1997F4E000EE31E7 /* directional_light.cpp */; };
		F2DEC6401997F4F800EE31E7 /* base_light.cpp in Sources */ = {isa = PBXBuildFile; fileRef = F2DEC63E1997F4F800EE31E7 /* base_light.cpp */; };
/* End PBXBuildFile section */

/* Begin PBXContainerItemProxy section */
		F297076F19936C1600D48CE5 /* PBXContainerItemProxy */ = {
			isa = PBXContainerItemProxy;
			containerPortal = F297071F1993682F00D48CE5 /* Project object */;
			proxyType = 1;
			remoteGlobalIDString = F297075B19936C1600D48CE5;
			remoteInfo = OpenGLFramework;
		};
		F2C3A9CC19955E02002511E0 /* PBXContainerItemProxy */ = {
			isa = PBXContainerItemProxy;
			containerPortal = F297071F1993682F00D48CE5 /* Project object */;
			proxyType = 1;
			remoteGlobalIDString = F297075B19936C1600D48CE5;
			remoteInfo = OpenGLFramework;
		};
		F2C3A9CE19955E02002511E0 /* PBXContainerItemProxy */ = {
			isa = PBXContainerItemProxy;
			containerPortal = F297071F1993682F00D48CE5 /* Project object */;
			proxyType = 1;
			remoteGlobalIDString = F297075B19936C1600D48CE5;
			remoteInfo = OpenGLFramework;
		};
		F2C3A9D019955E04002511E0 /* PBXContainerItemProxy */ = {
			isa = PBXContainerItemProxy;
			containerPortal = F297071F1993682F00D48CE5 /* Project object */;
			proxyType = 1;
			remoteGlobalIDString = F297075B19936C1600D48CE5;
			remoteInfo = OpenGLFramework;
		};
/* End PBXContainerItemProxy section */

/* Begin PBXCopyFilesBuildPhase section */
		F21EA825199A870900D78E1C /* Embed Frameworks */ = {
			isa = PBXCopyFilesBuildPhase;
			buildActionMask = 2147483647;
			dstPath = "";
			dstSubfolderSpec = 10;
			files = (
				F21EA822199A870900D78E1C /* SDL2.framework in Embed Frameworks */,
				F21EA824199A870900D78E1C /* SDL2_image.framework in Embed Frameworks */,
			);
			name = "Embed Frameworks";
			runOnlyForDeploymentPostprocessing = 0;
		};
/* End PBXCopyFilesBuildPhase section */

/* Begin PBXFileReference section */
		F21EA80F19990FF200D78E1C /* geometry_object.cpp */ = {isa = PBXFileReference; fileEncoding = 4; lastKnownFileType = sourcecode.cpp.cpp; path = geometry_object.cpp; sourceTree = "<group>"; };
		F21EA81019990FF200D78E1C /* geometry_object.h */ = {isa = PBXFileReference; fileEncoding = 4; lastKnownFileType = sourcecode.c.h; path = geometry_object.h; sourceTree = "<group>"; };
		F21EA812199911F900D78E1C /* program.cpp */ = {isa = PBXFileReference; fileEncoding = 4; lastKnownFileType = sourcecode.cpp.cpp; path = program.cpp; sourceTree = "<group>"; };
		F21EA813199911F900D78E1C /* program.h */ = {isa = PBXFileReference; fileEncoding = 4; lastKnownFileType = sourcecode.c.h; path = program.h; sourceTree = "<group>"; };
		F21EA817199A03EF00D78E1C /* index_model.cpp */ = {isa = PBXFileReference; fileEncoding = 4; lastKnownFileType = sourcecode.cpp.cpp; path = index_model.cpp; sourceTree = "<group>"; };
		F21EA818199A03EF00D78E1C /* index_model.h */ = {isa = PBXFileReference; fileEncoding = 4; lastKnownFileType = sourcecode.c.h; path = index_model.h; sourceTree = "<group>"; };
		F21EA81A199A04AC00D78E1C /* obj_model.cpp */ = {isa = PBXFileReference; fileEncoding = 4; lastKnownFileType = sourcecode.cpp.cpp; path = obj_model.cpp; sourceTree = "<group>"; };
		F21EA81B199A04AC00D78E1C /* obj_model.h */ = {isa = PBXFileReference; fileEncoding = 4; lastKnownFileType = sourcecode.c.h; path = obj_model.h; sourceTree = "<group>"; };
		F21EA81F199A257F00D78E1C /* box.obj */ = {isa = PBXFileReference; fileEncoding = 4; lastKnownFileType = text; path = box.obj; sourceTree = "<group>"; };
		F21EA826199A8C5600D78E1C /* tree_transform.cpp */ = {isa = PBXFileReference; fileEncoding = 4; lastKnownFileType = sourcecode.cpp.cpp; path = tree_transform.cpp; sourceTree = "<group>"; };
		F21EA827199A8C5600D78E1C /* tree_transform.h */ = {isa = PBXFileReference; fileEncoding = 4; lastKnownFileType = sourcecode.c.h; path = tree_transform.h; sourceTree = "<group>"; };
		F27044C91994C2C200C57B6A /* phong.vsh */ = {isa = PBXFileReference; explicitFileType = sourcecode.glsl; fileEncoding = 4; name = phong.vsh; path = OpenGLFramework/Resources/phong.vsh; sourceTree = SOURCE_ROOT; };
		F27044CB1994C2CC00C57B6A /* phong.fsh */ = {isa = PBXFileReference; explicitFileType = sourcecode.glsl; fileEncoding = 4; name = phong.fsh; path = OpenGLFramework/Resources/phong.fsh; sourceTree = SOURCE_ROOT; };
		F27044CD1994C36C00C57B6A /* text.cpp */ = {isa = PBXFileReference; fileEncoding = 4; lastKnownFileType = sourcecode.cpp.cpp; path = text.cpp; sourceTree = "<group>"; };
		F27044CE1994C36C00C57B6A /* text.h */ = {isa = PBXFileReference; fileEncoding = 4; lastKnownFileType = sourcecode.c.h; path = text.h; sourceTree = "<group>"; };
		F27044D01994EC4E00C57B6A /* transform.cpp */ = {isa = PBXFileReference; fileEncoding = 4; lastKnownFileType = sourcecode.cpp.cpp; path = transform.cpp; sourceTree = "<group>"; };
		F27044D11994EC4E00C57B6A /* transform.h */ = {isa = PBXFileReference; fileEncoding = 4; lastKnownFileType = sourcecode.c.h; path = transform.h; sourceTree = "<group>"; };
		F27044D41995424100C57B6A /* vec3.h */ = {isa = PBXFileReference; fileEncoding = 4; lastKnownFileType = sourcecode.c.h; path = vec3.h; sourceTree = "<group>"; };
		F27044D71995428B00C57B6A /* vec4.h */ = {isa = PBXFileReference; fileEncoding = 4; lastKnownFileType = sourcecode.c.h; path = vec4.h; sourceTree = "<group>"; };
		F27044DA199542B800C57B6A /* mat4.h */ = {isa = PBXFileReference; fileEncoding = 4; lastKnownFileType = sourcecode.c.h; path = mat4.h; sourceTree = "<group>"; };
		F27044DD199542D700C57B6A /* quat.h */ = {isa = PBXFileReference; fileEncoding = 4; lastKnownFileType = sourcecode.c.h; path = quat.h; sourceTree = "<group>"; };
		F297072A1993682F00D48CE5 /* main.cpp */ = {isa = PBXFileReference; lastKnownFileType = sourcecode.cpp.cpp; path = main.cpp; sourceTree = "<group>"; };
		F297075619936A9A00D48CE5 /* Info.plist */ = {isa = PBXFileReference; fileEncoding = 4; lastKnownFileType = text.plist.xml; path = Info.plist; sourceTree = "<group>"; };
		F297075C19936C1600D48CE5 /* OpenGLFramework.app */ = {isa = PBXFileReference; explicitFileType = wrapper.application; includeInIndex = 0; path = OpenGLFramework.app; sourceTree = BUILT_PRODUCTS_DIR; };
		F297076519936C1600D48CE5 /* Images.xcassets */ = {isa = PBXFileReference; lastKnownFileType = folder.assetcatalog; path = Images.xcassets; sourceTree = "<group>"; };
		F297076E19936C1600D48CE5 /* OpenGLFrameworkTests.xctest */ = {isa = PBXFileReference; explicitFileType = wrapper.cfbundle; includeInIndex = 0; path = OpenGLFrameworkTests.xctest; sourceTree = BUILT_PRODUCTS_DIR; };
		F297077319936C1600D48CE5 /* Info.plist */ = {isa = PBXFileReference; lastKnownFileType = text.plist.xml; path = Info.plist; sourceTree = "<group>"; };
		F297077D19936F7D00D48CE5 /* main.cpp */ = {isa = PBXFileReference; fileEncoding = 4; lastKnownFileType = sourcecode.cpp.cpp; path = main.cpp; sourceTree = "<group>"; };
		F29707851993706C00D48CE5 /* shader.cpp */ = {isa = PBXFileReference; fileEncoding = 4; lastKnownFileType = sourcecode.cpp.cpp; path = shader.cpp; sourceTree = "<group>"; };
		F29707861993706C00D48CE5 /* shader.h */ = {isa = PBXFileReference; fileEncoding = 4; lastKnownFileType = sourcecode.c.h; path = shader.h; sourceTree = "<group>"; };
		F297078C199370C400D48CE5 /* mesh.cpp */ = {isa = PBXFileReference; fileEncoding = 4; lastKnownFileType = sourcecode.cpp.cpp; path = mesh.cpp; sourceTree = "<group>"; };
		F297078D199370C400D48CE5 /* mesh.h */ = {isa = PBXFileReference; fileEncoding = 4; lastKnownFileType = sourcecode.c.h; path = mesh.h; sourceTree = "<group>"; };
		F297078F199370D800D48CE5 /* texture.cpp */ = {isa = PBXFileReference; fileEncoding = 4; lastKnownFileType = sourcecode.cpp.cpp; path = texture.cpp; sourceTree = "<group>"; };
		F2970790199370D800D48CE5 /* texture.h */ = {isa = PBXFileReference; fileEncoding = 4; lastKnownFileType = sourcecode.c.h; path = texture.h; sourceTree = "<group>"; };
		F2970792199370EE00D48CE5 /* math.cpp */ = {isa = PBXFileReference; fileEncoding = 4; lastKnownFileType = sourcecode.cpp.cpp; path = math.cpp; sourceTree = "<group>"; };
		F2970793199370EE00D48CE5 /* math.h */ = {isa = PBXFileReference; fileEncoding = 4; lastKnownFileType = sourcecode.c.h; path = math.h; sourceTree = "<group>"; };
		F29707951993716300D48CE5 /* node.cpp */ = {isa = PBXFileReference; fileEncoding = 4; lastKnownFileType = sourcecode.cpp.cpp; path = node.cpp; sourceTree = "<group>"; };
		F29707961993716300D48CE5 /* node.h */ = {isa = PBXFileReference; fileEncoding = 4; lastKnownFileType = sourcecode.c.h; path = node.h; sourceTree = "<group>"; };
		F29707A01993728300D48CE5 /* game_loop.cpp */ = {isa = PBXFileReference; fileEncoding = 4; lastKnownFileType = sourcecode.cpp.cpp; path = game_loop.cpp; sourceTree = "<group>"; };
		F29707A11993728300D48CE5 /* game_loop.h */ = {isa = PBXFileReference; fileEncoding = 4; lastKnownFileType = sourcecode.c.h; path = game_loop.h; sourceTree = "<group>"; };
		F29707A31993734100D48CE5 /* OpenGL.framework */ = {isa = PBXFileReference; lastKnownFileType = wrapper.framework; name = OpenGL.framework; path = System/Library/Frameworks/OpenGL.framework; sourceTree = SDKROOT; };
		F29707A51993735D00D48CE5 /* SDL2.framework */ = {isa = PBXFileReference; lastKnownFileType = wrapper.framework; name = SDL2.framework; path = ../../../Library/Frameworks/SDL2.framework; sourceTree = "<group>"; };
		F29707A61993735D00D48CE5 /* SDL2_image.framework */ = {isa = PBXFileReference; lastKnownFileType = wrapper.framework; name = SDL2_image.framework; path = ../../../Library/Frameworks/SDL2_image.framework; sourceTree = "<group>"; };
		F29707AD199373A800D48CE5 /* opengl.h */ = {isa = PBXFileReference; lastKnownFileType = sourcecode.c.h; path = opengl.h; sourceTree = "<group>"; };
		F29707AE199373D500D48CE5 /* sdl.h */ = {isa = PBXFileReference; lastKnownFileType = sourcecode.c.h; path = sdl.h; sourceTree = "<group>"; };
		F29707AF1993786600D48CE5 /* image.cpp */ = {isa = PBXFileReference; fileEncoding = 4; lastKnownFileType = sourcecode.cpp.cpp; path = image.cpp; sourceTree = "<group>"; };
		F29707B01993786600D48CE5 /* image.h */ = {isa = PBXFileReference; fileEncoding = 4; lastKnownFileType = sourcecode.c.h; path = image.h; sourceTree = "<group>"; };
		F29707B3199379DC00D48CE5 /* material.cpp */ = {isa = PBXFileReference; fileEncoding = 4; lastKnownFileType = sourcecode.cpp.cpp; path = material.cpp; sourceTree = "<group>"; };
		F29707B4199379DC00D48CE5 /* material.h */ = {isa = PBXFileReference; fileEncoding = 4; lastKnownFileType = sourcecode.c.h; path = material.h; sourceTree = "<group>"; };
		F29707BC199397FF00D48CE5 /* window.cpp */ = {isa = PBXFileReference; fileEncoding = 4; lastKnownFileType = sourcecode.cpp.cpp; path = window.cpp; sourceTree = "<group>"; };
		F29707BD199397FF00D48CE5 /* window.h */ = {isa = PBXFileReference; fileEncoding = 4; lastKnownFileType = sourcecode.c.h; path = window.h; sourceTree = "<group>"; };
		F29707C91993BD9700D48CE5 /* scene_deep_walker.cpp */ = {isa = PBXFileReference; fileEncoding = 4; lastKnownFileType = sourcecode.cpp.cpp; path = scene_deep_walker.cpp; sourceTree = "<group>"; };
		F29707CA1993BD9700D48CE5 /* scene_deep_walker.h */ = {isa = PBXFileReference; fileEncoding = 4; lastKnownFileType = sourcecode.c.h; path = scene_deep_walker.h; sourceTree = "<group>"; };
		F29707CC1994382E00D48CE5 /* model.cpp */ = {isa = PBXFileReference; fileEncoding = 4; lastKnownFileType = sourcecode.cpp.cpp; path = model.cpp; sourceTree = "<group>"; };
		F29707CD1994382E00D48CE5 /* model.h */ = {isa = PBXFileReference; fileEncoding = 4; lastKnownFileType = sourcecode.c.h; path = model.h; sourceTree = "<group>"; };
		F2A4967619980EF600588B03 /* attenuation.cpp */ = {isa = PBXFileReference; fileEncoding = 4; lastKnownFileType = sourcecode.cpp.cpp; path = attenuation.cpp; sourceTree = "<group>"; };
		F2A4967719980EF600588B03 /* attenuation.h */ = {isa = PBXFileReference; fileEncoding = 4; lastKnownFileType = sourcecode.c.h; path = attenuation.h; sourceTree = "<group>"; };
		F2A496791998102C00588B03 /* point_light.cpp */ = {isa = PBXFileReference; fileEncoding = 4; lastKnownFileType = sourcecode.cpp.cpp; path = point_light.cpp; sourceTree = "<group>"; };
		F2A4967A1998102C00588B03 /* point_light.h */ = {isa = PBXFileReference; explicitFileType = sourcecode.cpp.h; fileEncoding = 4; path = point_light.h; sourceTree = "<group>"; };
		F2A4967C1998119600588B03 /* point-forward.vsh */ = {isa = PBXFileReference; fileEncoding = 4; lastKnownFileType = sourcecode.glsl; path = "point-forward.vsh"; sourceTree = "<group>"; };
		F2A4967E199811A200588B03 /* point-forward.fsh */ = {isa = PBXFileReference; fileEncoding = 4; lastKnownFileType = sourcecode.glsl; path = "point-forward.fsh"; sourceTree = "<group>"; };
		F2A4968019981D3600588B03 /* spot-forward.vsh */ = {isa = PBXFileReference; fileEncoding = 4; lastKnownFileType = sourcecode.glsl; path = "spot-forward.vsh"; sourceTree = "<group>"; };
		F2A4968219981D4200588B03 /* spot-forward.fsh */ = {isa = PBXFileReference; fileEncoding = 4; lastKnownFileType = sourcecode.glsl; path = "spot-forward.fsh"; sourceTree = "<group>"; };
		F2A4968419981F1600588B03 /* spot_light.cpp */ = {isa = PBXFileReference; fileEncoding = 4; lastKnownFileType = sourcecode.cpp.cpp; path = spot_light.cpp; sourceTree = "<group>"; };
		F2A4968519981F1600588B03 /* spot_light.h */ = {isa = PBXFileReference; fileEncoding = 4; lastKnownFileType = sourcecode.c.h; path = spot_light.h; sourceTree = "<group>"; };
		F2DEC60219975A8700EE31E7 /* node_component.cpp */ = {isa = PBXFileReference; fileEncoding = 4; lastKnownFileType = sourcecode.cpp.cpp; path = node_component.cpp; sourceTree = "<group>"; };
		F2DEC60319975A8700EE31E7 /* node_component.h */ = {isa = PBXFileReference; fileEncoding = 4; lastKnownFileType = sourcecode.c.h; path = node_component.h; sourceTree = "<group>"; };
		F2DEC6061997621400EE31E7 /* render_component.cpp */ = {isa = PBXFileReference; fileEncoding = 4; lastKnownFileType = sourcecode.cpp.cpp; path = render_component.cpp; sourceTree = "<group>"; };
		F2DEC6071997621400EE31E7 /* render_component.h */ = {isa = PBXFileReference; fileEncoding = 4; lastKnownFileType = sourcecode.c.h; path = render_component.h; sourceTree = "<group>"; };
		F2DEC60B1997681E00EE31E7 /* camera_component.cpp */ = {isa = PBXFileReference; fileEncoding = 4; lastKnownFileType = sourcecode.cpp.cpp; path = camera_component.cpp; sourceTree = "<group>"; };
		F2DEC60C1997681E00EE31E7 /* camera_component.h */ = {isa = PBXFileReference; fileEncoding = 4; lastKnownFileType = sourcecode.c.h; path = camera_component.h; sourceTree = "<group>"; };
		F2DEC611199790A600EE31E7 /* camera.cpp */ = {isa = PBXFileReference; fileEncoding = 4; lastKnownFileType = sourcecode.cpp.cpp; path = camera.cpp; sourceTree = "<group>"; };
		F2DEC612199790A600EE31E7 /* camera.h */ = {isa = PBXFileReference; fileEncoding = 4; lastKnownFileType = sourcecode.c.h; path = camera.h; sourceTree = "<group>"; };
		F2DEC614199793A100EE31E7 /* projection.cpp */ = {isa = PBXFileReference; fileEncoding = 4; lastKnownFileType = sourcecode.cpp.cpp; path = projection.cpp; sourceTree = "<group>"; };
		F2DEC615199793A100EE31E7 /* projection.h */ = {isa = PBXFileReference; fileEncoding = 4; lastKnownFileType = sourcecode.c.h; path = projection.h; sourceTree = "<group>"; };
		F2DEC6171997B59A00EE31E7 /* keyboard.cpp */ = {isa = PBXFileReference; fileEncoding = 4; lastKnownFileType = sourcecode.cpp.cpp; path = keyboard.cpp; sourceTree = "<group>"; };
		F2DEC6181997B59A00EE31E7 /* keyboard.h */ = {isa = PBXFileReference; fileEncoding = 4; lastKnownFileType = sourcecode.c.h; path = keyboard.h; sourceTree = "<group>"; };
		F2DEC61B1997B7AB00EE31E7 /* keyboard_adapter.cpp */ = {isa = PBXFileReference; fileEncoding = 4; lastKnownFileType = sourcecode.cpp.cpp; path = keyboard_adapter.cpp; sourceTree = "<group>"; };
		F2DEC61C1997B7AB00EE31E7 /* keyboard_adapter.h */ = {isa = PBXFileReference; fileEncoding = 4; lastKnownFileType = sourcecode.c.h; path = keyboard_adapter.h; sourceTree = "<group>"; };
		F2DEC61F1997BFA700EE31E7 /* first_person_movement.cpp */ = {isa = PBXFileReference; fileEncoding = 4; lastKnownFileType = sourcecode.cpp.cpp; path = first_person_movement.cpp; sourceTree = "<group>"; };
		F2DEC6201997BFA700EE31E7 /* first_person_movement.h */ = {isa = PBXFileReference; fileEncoding = 4; lastKnownFileType = sourcecode.c.h; path = first_person_movement.h; sourceTree = "<group>"; };
		F2DEC6221997C04400EE31E7 /* vec2.h */ = {isa = PBXFileReference; lastKnownFileType = sourcecode.c.h; path = vec2.h; sourceTree = "<group>"; };
		F2DEC6231997C63E00EE31E7 /* mouse.cpp */ = {isa = PBXFileReference; fileEncoding = 4; lastKnownFileType = sourcecode.cpp.cpp; path = mouse.cpp; sourceTree = "<group>"; };
		F2DEC6241997C63E00EE31E7 /* mouse.h */ = {isa = PBXFileReference; fileEncoding = 4; lastKnownFileType = sourcecode.c.h; path = mouse.h; sourceTree = "<group>"; };
		F2DEC6261997C7EA00EE31E7 /* mouse_adapter.cpp */ = {isa = PBXFileReference; fileEncoding = 4; lastKnownFileType = sourcecode.cpp.cpp; path = mouse_adapter.cpp; sourceTree = "<group>"; };
		F2DEC6271997C7EA00EE31E7 /* mouse_adapter.h */ = {isa = PBXFileReference; fileEncoding = 4; lastKnownFileType = sourcecode.c.h; path = mouse_adapter.h; sourceTree = "<group>"; };
		F2DEC6291997D49300EE31E7 /* ambient-forward.vsh */ = {isa = PBXFileReference; explicitFileType = sourcecode.glsl; fileEncoding = 4; path = "ambient-forward.vsh"; sourceTree = "<group>"; };
		F2DEC62C1997D4B300EE31E7 /* ambient-forward.fsh */ = {isa = PBXFileReference; explicitFileType = sourcecode.glsl; fileEncoding = 4; path = "ambient-forward.fsh"; sourceTree = "<group>"; };
		F2DEC62E1997D4C900EE31E7 /* directional-forward.vsh */ = {isa = PBXFileReference; explicitFileType = sourcecode.glsl; fileEncoding = 4; path = "directional-forward.vsh"; sourceTree = "<group>"; };
		F2DEC6301997D4D600EE31E7 /* directional-forward.fsh */ = {isa = PBXFileReference; explicitFileType = sourcecode.glsl; fileEncoding = 4; path = "directional-forward.fsh"; sourceTree = "<group>"; };
		F2DEC6321997DDD300EE31E7 /* pattern.png */ = {isa = PBXFileReference; lastKnownFileType = image.png; path = pattern.png; sourceTree = "<group>"; };
		F2DEC6351997EA7600EE31E7 /* ambient_light.cpp */ = {isa = PBXFileReference; fileEncoding = 4; lastKnownFileType = sourcecode.cpp.cpp; path = ambient_light.cpp; sourceTree = "<group>"; };
		F2DEC6361997EA7600EE31E7 /* ambient_light.h */ = {isa = PBXFileReference; fileEncoding = 4; lastKnownFileType = sourcecode.c.h; path = ambient_light.h; sourceTree = "<group>"; };
		F2DEC6381997ECCE00EE31E7 /* ambient_light_component.cpp */ = {isa = PBXFileReference; fileEncoding = 4; lastKnownFileType = sourcecode.cpp.cpp; path = ambient_light_component.cpp; sourceTree = "<group>"; };
		F2DEC6391997ECCE00EE31E7 /* ambient_light_component.h */ = {isa = PBXFileReference; fileEncoding = 4; lastKnownFileType = sourcecode.c.h; path = ambient_light_component.h; sourceTree = "<group>"; };
		F2DEC63B1997F4E000EE31E7 /* directional_light.cpp */ = {isa = PBXFileReference; fileEncoding = 4; lastKnownFileType = sourcecode.cpp.cpp; path = directional_light.cpp; sourceTree = "<group>"; };
		F2DEC63C1997F4E000EE31E7 /* directional_light.h */ = {isa = PBXFileReference; fileEncoding = 4; lastKnownFileType = sourcecode.c.h; path = directional_light.h; sourceTree = "<group>"; };
		F2DEC63E1997F4F800EE31E7 /* base_light.cpp */ = {isa = PBXFileReference; fileEncoding = 4; lastKnownFileType = sourcecode.cpp.cpp; path = base_light.cpp; sourceTree = "<group>"; };
		F2DEC63F1997F4F800EE31E7 /* base_light.h */ = {isa = PBXFileReference; fileEncoding = 4; lastKnownFileType = sourcecode.c.h; path = base_light.h; sourceTree = "<group>"; };
/* End PBXFileReference section */

/* Begin PBXFrameworksBuildPhase section */
		F297075919936C1600D48CE5 /* Frameworks */ = {
			isa = PBXFrameworksBuildPhase;
			buildActionMask = 2147483647;
			files = (
				F29707BB199391FD00D48CE5 /* OpenGL.framework in Frameworks */,
				F21EA821199A870900D78E1C /* SDL2.framework in Frameworks */,
				F21EA823199A870900D78E1C /* SDL2_image.framework in Frameworks */,
			);
			runOnlyForDeploymentPostprocessing = 0;
		};
		F297076B19936C1600D48CE5 /* Frameworks */ = {
			isa = PBXFrameworksBuildPhase;
			buildActionMask = 2147483647;
			files = (
				F29707AA1993737E00D48CE5 /* SDL2.framework in Frameworks */,
				F29707AB1993737E00D48CE5 /* SDL2_image.framework in Frameworks */,
				F29707AC1993737E00D48CE5 /* OpenGL.framework in Frameworks */,
			);
			runOnlyForDeploymentPostprocessing = 0;
		};
/* End PBXFrameworksBuildPhase section */

/* Begin PBXGroup section */
		F21EA815199A039E00D78E1C /* resources */ = {
			isa = PBXGroup;
			children = (
				F21EA816199A03AF00D78E1C /* mesh_loader */,
			);
			name = resources;
			sourceTree = "<group>";
		};
		F21EA816199A03AF00D78E1C /* mesh_loader */ = {
			isa = PBXGroup;
			children = (
				F21EA817199A03EF00D78E1C /* index_model.cpp */,
				F21EA818199A03EF00D78E1C /* index_model.h */,
				F21EA81A199A04AC00D78E1C /* obj_model.cpp */,
				F21EA81B199A04AC00D78E1C /* obj_model.h */,
			);
			name = mesh_loader;
			sourceTree = "<group>";
		};
		F27044C81994C29600C57B6A /* Shader */ = {
			isa = PBXGroup;
			children = (
				F27044C91994C2C200C57B6A /* phong.vsh */,
				F27044CB1994C2CC00C57B6A /* phong.fsh */,
				F2DEC6291997D49300EE31E7 /* ambient-forward.vsh */,
				F2DEC62C1997D4B300EE31E7 /* ambient-forward.fsh */,
				F2DEC62E1997D4C900EE31E7 /* directional-forward.vsh */,
				F2DEC6301997D4D600EE31E7 /* directional-forward.fsh */,
				F2A4967C1998119600588B03 /* point-forward.vsh */,
				F2A4967E199811A200588B03 /* point-forward.fsh */,
				F2A4968019981D3600588B03 /* spot-forward.vsh */,
				F2A4968219981D4200588B03 /* spot-forward.fsh */,
			);
			name = Shader;
			sourceTree = "<group>";
		};
		F297071E1993682F00D48CE5 = {
			isa = PBXGroup;
			children = (
				F29707A91993736200D48CE5 /* Frameworks */,
				F29707291993682F00D48CE5 /* OpenGLFramework */,
				F297077119936C1600D48CE5 /* OpenGLFrameworkTests */,
				F29707281993682F00D48CE5 /* Products */,
			);
			sourceTree = "<group>";
		};
		F29707281993682F00D48CE5 /* Products */ = {
			isa = PBXGroup;
			children = (
				F297075C19936C1600D48CE5 /* OpenGLFramework.app */,
				F297076E19936C1600D48CE5 /* OpenGLFrameworkTests.xctest */,
			);
			name = Products;
			sourceTree = "<group>";
		};
		F29707291993682F00D48CE5 /* OpenGLFramework */ = {
			isa = PBXGroup;
			children = (
				F297078019936FDB00D48CE5 /* logl */,
				F297077F19936F8B00D48CE5 /* Resources */,
				F297072A1993682F00D48CE5 /* main.cpp */,
			);
			path = OpenGLFramework;
			sourceTree = "<group>";
		};
		F297077119936C1600D48CE5 /* OpenGLFrameworkTests */ = {
			isa = PBXGroup;
			children = (
				F297077219936C1600D48CE5 /* Supporting Files */,
				F297077D19936F7D00D48CE5 /* main.cpp */,
			);
			path = OpenGLFrameworkTests;
			sourceTree = "<group>";
		};
		F297077219936C1600D48CE5 /* Supporting Files */ = {
			isa = PBXGroup;
			children = (
				F297077319936C1600D48CE5 /* Info.plist */,
			);
			name = "Supporting Files";
			sourceTree = "<group>";
		};
		F297077F19936F8B00D48CE5 /* Resources */ = {
			isa = PBXGroup;
			children = (
				F21EA81F199A257F00D78E1C /* box.obj */,
				F2DEC6321997DDD300EE31E7 /* pattern.png */,
				F27044C81994C29600C57B6A /* Shader */,
				F297076519936C1600D48CE5 /* Images.xcassets */,
				F297075619936A9A00D48CE5 /* Info.plist */,
			);
			path = Resources;
			sourceTree = "<group>";
		};
		F297078019936FDB00D48CE5 /* logl */ = {
			isa = PBXGroup;
			children = (
				F21EA815199A039E00D78E1C /* resources */,
				F29707B2199378D300D48CE5 /* math */,
				F297079F1993727500D48CE5 /* loop */,
				F297079B199371B400D48CE5 /* camera */,
				F297078B199370A800D48CE5 /* scene */,
				F29707841993705200D48CE5 /* input */,
				F29707831993704700D48CE5 /* graphics */,
				F29707821993703C00D48CE5 /* geometry */,
				F29707811993701C00D48CE5 /* utils */,
				F29707AD199373A800D48CE5 /* opengl.h */,
				F29707AE199373D500D48CE5 /* sdl.h */,
			);
			name = logl;
			path = lkogl;
			sourceTree = "<group>";
		};
		F29707811993701C00D48CE5 /* utils */ = {
			isa = PBXGroup;
			children = (
				F29707AF1993786600D48CE5 /* image.cpp */,
				F29707B01993786600D48CE5 /* image.h */,
				F27044CD1994C36C00C57B6A /* text.cpp */,
				F27044CE1994C36C00C57B6A /* text.h */,
			);
			name = utils;
			sourceTree = "<group>";
		};
		F29707821993703C00D48CE5 /* geometry */ = {
			isa = PBXGroup;
			children = (
				F27044D01994EC4E00C57B6A /* transform.cpp */,
				F27044D11994EC4E00C57B6A /* transform.h */,
				F297078C199370C400D48CE5 /* mesh.cpp */,
				F297078D199370C400D48CE5 /* mesh.h */,
			);
			name = geometry;
			sourceTree = "<group>";
		};
		F29707831993704700D48CE5 /* graphics */ = {
			isa = PBXGroup;
			children = (
				F2DEC6341997EA4000EE31E7 /* lighting */,
				F29707CC1994382E00D48CE5 /* model.cpp */,
				F29707CD1994382E00D48CE5 /* model.h */,
				F29707851993706C00D48CE5 /* shader.cpp */,
				F29707861993706C00D48CE5 /* shader.h */,
				F297078F199370D800D48CE5 /* texture.cpp */,
				F2970790199370D800D48CE5 /* texture.h */,
				F29707B3199379DC00D48CE5 /* material.cpp */,
				F29707B4199379DC00D48CE5 /* material.h */,
				F21EA80F19990FF200D78E1C /* geometry_object.cpp */,
				F21EA81019990FF200D78E1C /* geometry_object.h */,
				F21EA812199911F900D78E1C /* program.cpp */,
				F21EA813199911F900D78E1C /* program.h */,
			);
			name = graphics;
			sourceTree = "<group>";
		};
		F29707841993705200D48CE5 /* input */ = {
			isa = PBXGroup;
			children = (
				F2DEC61E1997BF7D00EE31E7 /* movement */,
				F2DEC61A1997B78300EE31E7 /* adapter */,
				F2DEC6171997B59A00EE31E7 /* keyboard.cpp */,
				F2DEC6181997B59A00EE31E7 /* keyboard.h */,
				F2DEC6231997C63E00EE31E7 /* mouse.cpp */,
				F2DEC6241997C63E00EE31E7 /* mouse.h */,
			);
			name = input;
			sourceTree = "<group>";
		};
		F297078B199370A800D48CE5 /* scene */ = {
			isa = PBXGroup;
			children = (
				F2DEC605199761FD00EE31E7 /* components */,
				F29707C81993BD8100D48CE5 /* walker */,
				F29707951993716300D48CE5 /* node.cpp */,
				F29707961993716300D48CE5 /* node.h */,
				F2DEC60219975A8700EE31E7 /* node_component.cpp */,
				F2DEC60319975A8700EE31E7 /* node_component.h */,
				F21EA826199A8C5600D78E1C /* tree_transform.cpp */,
				F21EA827199A8C5600D78E1C /* tree_transform.h */,
			);
			name = scene;
			sourceTree = "<group>";
		};
		F297079B199371B400D48CE5 /* camera */ = {
			isa = PBXGroup;
			children = (
				F2DEC611199790A600EE31E7 /* camera.cpp */,
				F2DEC612199790A600EE31E7 /* camera.h */,
				F2DEC614199793A100EE31E7 /* projection.cpp */,
				F2DEC615199793A100EE31E7 /* projection.h */,
			);
			name = camera;
			sourceTree = "<group>";
		};
		F297079F1993727500D48CE5 /* loop */ = {
			isa = PBXGroup;
			children = (
				F29707A01993728300D48CE5 /* game_loop.cpp */,
				F29707A11993728300D48CE5 /* game_loop.h */,
				F29707BC199397FF00D48CE5 /* window.cpp */,
				F29707BD199397FF00D48CE5 /* window.h */,
			);
			name = loop;
			sourceTree = "<group>";
		};
		F29707A91993736200D48CE5 /* Frameworks */ = {
			isa = PBXGroup;
			children = (
				F29707A51993735D00D48CE5 /* SDL2.framework */,
				F29707A61993735D00D48CE5 /* SDL2_image.framework */,
				F29707A31993734100D48CE5 /* OpenGL.framework */,
			);
			name = Frameworks;
			sourceTree = "<group>";
		};
		F29707B2199378D300D48CE5 /* math */ = {
			isa = PBXGroup;
			children = (
				F2970792199370EE00D48CE5 /* math.cpp */,
				F2970793199370EE00D48CE5 /* math.h */,
				F2DEC6221997C04400EE31E7 /* vec2.h */,
				F27044D41995424100C57B6A /* vec3.h */,
				F27044D71995428B00C57B6A /* vec4.h */,
				F27044DA199542B800C57B6A /* mat4.h */,
				F27044DD199542D700C57B6A /* quat.h */,
			);
			name = math;
			sourceTree = "<group>";
		};
		F29707C81993BD8100D48CE5 /* walker */ = {
			isa = PBXGroup;
			children = (
				F29707C91993BD9700D48CE5 /* scene_deep_walker.cpp */,
				F29707CA1993BD9700D48CE5 /* scene_deep_walker.h */,
			);
			name = walker;
			sourceTree = "<group>";
		};
		F2DEC605199761FD00EE31E7 /* components */ = {
			isa = PBXGroup;
			children = (
				F2DEC6061997621400EE31E7 /* render_component.cpp */,
				F2DEC6071997621400EE31E7 /* render_component.h */,
				F2DEC60B1997681E00EE31E7 /* camera_component.cpp */,
				F2DEC60C1997681E00EE31E7 /* camera_component.h */,
				F2DEC6381997ECCE00EE31E7 /* ambient_light_component.cpp */,
				F2DEC6391997ECCE00EE31E7 /* ambient_light_component.h */,
			);
			name = components;
			sourceTree = "<group>";
		};
		F2DEC61A1997B78300EE31E7 /* adapter */ = {
			isa = PBXGroup;
			children = (
				F2DEC61B1997B7AB00EE31E7 /* keyboard_adapter.cpp */,
				F2DEC61C1997B7AB00EE31E7 /* keyboard_adapter.h */,
				F2DEC6261997C7EA00EE31E7 /* mouse_adapter.cpp */,
				F2DEC6271997C7EA00EE31E7 /* mouse_adapter.h */,
			);
			name = adapter;
			sourceTree = "<group>";
		};
		F2DEC61E1997BF7D00EE31E7 /* movement */ = {
			isa = PBXGroup;
			children = (
				F2DEC61F1997BFA700EE31E7 /* first_person_movement.cpp */,
				F2DEC6201997BFA700EE31E7 /* first_person_movement.h */,
			);
			name = movement;
			sourceTree = "<group>";
		};
		F2DEC6341997EA4000EE31E7 /* lighting */ = {
			isa = PBXGroup;
			children = (
				F2DEC6351997EA7600EE31E7 /* ambient_light.cpp */,
				F2DEC6361997EA7600EE31E7 /* ambient_light.h */,
				F2DEC63B1997F4E000EE31E7 /* directional_light.cpp */,
				F2DEC63C1997F4E000EE31E7 /* directional_light.h */,
				F2DEC63E1997F4F800EE31E7 /* base_light.cpp */,
				F2DEC63F1997F4F800EE31E7 /* base_light.h */,
				F2A4967619980EF600588B03 /* attenuation.cpp */,
				F2A4967719980EF600588B03 /* attenuation.h */,
				F2A496791998102C00588B03 /* point_light.cpp */,
				F2A4967A1998102C00588B03 /* point_light.h */,
				F2A4968419981F1600588B03 /* spot_light.cpp */,
				F2A4968519981F1600588B03 /* spot_light.h */,
			);
			name = lighting;
			sourceTree = "<group>";
		};
/* End PBXGroup section */

/* Begin PBXNativeTarget section */
		F297075B19936C1600D48CE5 /* OpenGLFramework */ = {
			isa = PBXNativeTarget;
			buildConfigurationList = F297077619936C1600D48CE5 /* Build configuration list for PBXNativeTarget "OpenGLFramework" */;
			buildPhases = (
				F297075819936C1600D48CE5 /* Sources */,
				F297075919936C1600D48CE5 /* Frameworks */,
				F297075A19936C1600D48CE5 /* Resources */,
				F21EA825199A870900D78E1C /* Embed Frameworks */,
			);
			buildRules = (
			);
			dependencies = (
			);
			name = OpenGLFramework;
			productName = OpenGLFramework;
			productReference = F297075C19936C1600D48CE5 /* OpenGLFramework.app */;
			productType = "com.apple.product-type.application";
		};
		F297076D19936C1600D48CE5 /* OpenGLFrameworkTests */ = {
			isa = PBXNativeTarget;
			buildConfigurationList = F297077919936C1600D48CE5 /* Build configuration list for PBXNativeTarget "OpenGLFrameworkTests" */;
			buildPhases = (
				F297076A19936C1600D48CE5 /* Sources */,
				F297076B19936C1600D48CE5 /* Frameworks */,
				F297076C19936C1600D48CE5 /* Resources */,
			);
			buildRules = (
			);
			dependencies = (
				F297077019936C1600D48CE5 /* PBXTargetDependency */,
				F2C3A9CD19955E02002511E0 /* PBXTargetDependency */,
				F2C3A9CF19955E02002511E0 /* PBXTargetDependency */,
				F2C3A9D119955E04002511E0 /* PBXTargetDependency */,
			);
			name = OpenGLFrameworkTests;
			productName = OpenGLFrameworkTests;
			productReference = F297076E19936C1600D48CE5 /* OpenGLFrameworkTests.xctest */;
			productType = "com.apple.product-type.bundle.unit-test";
		};
/* End PBXNativeTarget section */

/* Begin PBXProject section */
		F297071F1993682F00D48CE5 /* Project object */ = {
			isa = PBXProject;
			attributes = {
				LastUpgradeCheck = 0600;
				ORGANIZATIONNAME = "Laszlo Korte";
				TargetAttributes = {
					F297075B19936C1600D48CE5 = {
						CreatedOnToolsVersion = 6.0;
					};
					F297076D19936C1600D48CE5 = {
						CreatedOnToolsVersion = 6.0;
						TestTargetID = F297075B19936C1600D48CE5;
					};
				};
			};
			buildConfigurationList = F29707221993682F00D48CE5 /* Build configuration list for PBXProject "OpenGLFramework" */;
			compatibilityVersion = "Xcode 3.2";
			developmentRegion = English;
			hasScannedForEncodings = 0;
			knownRegions = (
				en,
				Base,
			);
			mainGroup = F297071E1993682F00D48CE5;
			productRefGroup = F29707281993682F00D48CE5 /* Products */;
			projectDirPath = "";
			projectRoot = "";
			targets = (
				F297075B19936C1600D48CE5 /* OpenGLFramework */,
				F297076D19936C1600D48CE5 /* OpenGLFrameworkTests */,
			);
		};
/* End PBXProject section */

/* Begin PBXResourcesBuildPhase section */
		F297075A19936C1600D48CE5 /* Resources */ = {
			isa = PBXResourcesBuildPhase;
			buildActionMask = 2147483647;
			files = (
				F2DEC62B1997D49300EE31E7 /* ambient-forward.vsh in Resources */,
				F2A4968119981D3600588B03 /* spot-forward.vsh in Resources */,
				F2A4967D1998119600588B03 /* point-forward.vsh in Resources */,
				F2A4968319981D4200588B03 /* spot-forward.fsh in Resources */,
				F2A4967F199811A200588B03 /* point-forward.fsh in Resources */,
				F27044CA1994C2C200C57B6A /* phong.vsh in Resources */,
				F2DEC62F1997D4C900EE31E7 /* directional-forward.vsh in Resources */,
				F27044CC1994C2CC00C57B6A /* phong.fsh in Resources */,
				F2DEC6331997DDD300EE31E7 /* pattern.png in Resources */,
				F2DEC6311997D4D600EE31E7 /* directional-forward.fsh in Resources */,
				F21EA820199A257F00D78E1C /* box.obj in Resources */,
				F297076619936C1600D48CE5 /* Images.xcassets in Resources */,
				F2DEC62D1997D4B300EE31E7 /* ambient-forward.fsh in Resources */,
			);
			runOnlyForDeploymentPostprocessing = 0;
		};
		F297076C19936C1600D48CE5 /* Resources */ = {
			isa = PBXResourcesBuildPhase;
			buildActionMask = 2147483647;
			files = (
			);
			runOnlyForDeploymentPostprocessing = 0;
		};
/* End PBXResourcesBuildPhase section */

/* Begin PBXSourcesBuildPhase section */
		F297075819936C1600D48CE5 /* Sources */ = {
			isa = PBXSourcesBuildPhase;
			buildActionMask = 2147483647;
			files = (
				F2DEC60D1997681E00EE31E7 /* camera_component.cpp in Sources */,
				F29707871993706C00D48CE5 /* shader.cpp in Sources */,
				F21EA819199A03EF00D78E1C /* index_model.cpp in Sources */,
				F27044D21994EC4E00C57B6A /* transform.cpp in Sources */,
				F29707BE199397FF00D48CE5 /* window.cpp in Sources */,
				F2DEC6281997C7EA00EE31E7 /* mouse_adapter.cpp in Sources */,
				F2A4967B1998102C00588B03 /* point_light.cpp in Sources */,
				F21EA81119990FF200D78E1C /* geometry_object.cpp in Sources */,
				F2DEC613199790A600EE31E7 /* camera.cpp in Sources */,
				F2970791199370D800D48CE5 /* texture.cpp in Sources */,
				F2DEC63D1997F4E000EE31E7 /* directional_light.cpp in Sources */,
				F29707CB1993BD9700D48CE5 /* scene_deep_walker.cpp in Sources */,
				F29707B5199379DC00D48CE5 /* material.cpp in Sources */,
				F2DEC60419975A8700EE31E7 /* node_component.cpp in Sources */,
				F21EA828199A8C5600D78E1C /* tree_transform.cpp in Sources */,
				F297077C19936F4E00D48CE5 /* main.cpp in Sources */,
				F2DEC6251997C63E00EE31E7 /* mouse.cpp in Sources */,
				F29707CE1994382E00D48CE5 /* model.cpp in Sources */,
				F2970794199370EE00D48CE5 /* math.cpp in Sources */,
				F27044CF1994C36C00C57B6A /* text.cpp in Sources */,
				F2DEC6371997EA7600EE31E7 /* ambient_light.cpp in Sources */,
				F297078E199370C400D48CE5 /* mesh.cpp in Sources */,
				F21EA81C199A04AC00D78E1C /* obj_model.cpp in Sources */,
				F2DEC61D1997B7AB00EE31E7 /* keyboard_adapter.cpp in Sources */,
				F2A4967819980EF600588B03 /* attenuation.cpp in Sources */,
				F29707A21993728300D48CE5 /* game_loop.cpp in Sources */,
				F2DEC616199793A100EE31E7 /* projection.cpp in Sources */,
				F2DEC6211997BFA700EE31E7 /* first_person_movement.cpp in Sources */,
				F29707B11993786600D48CE5 /* image.cpp in Sources */,
				F29707971993716300D48CE5 /* node.cpp in Sources */,
				F2DEC6191997B59A00EE31E7 /* keyboard.cpp in Sources */,
				F21EA814199911F900D78E1C /* program.cpp in Sources */,
				F2DEC6401997F4F800EE31E7 /* base_light.cpp in Sources */,
				F2DEC6081997621400EE31E7 /* render_component.cpp in Sources */,
				F2DEC63A1997ECCE00EE31E7 /* ambient_light_component.cpp in Sources */,
				F2A4968619981F1600588B03 /* spot_light.cpp in Sources */,
			);
			runOnlyForDeploymentPostprocessing = 0;
		};
		F297076A19936C1600D48CE5 /* Sources */ = {
			isa = PBXSourcesBuildPhase;
			buildActionMask = 2147483647;
			files = (
				F297077E19936F7D00D48CE5 /* main.cpp in Sources */,
			);
			runOnlyForDeploymentPostprocessing = 0;
		};
/* End PBXSourcesBuildPhase section */

/* Begin PBXTargetDependency section */
		F297077019936C1600D48CE5 /* PBXTargetDependency */ = {
			isa = PBXTargetDependency;
			target = F297075B19936C1600D48CE5 /* OpenGLFramework */;
			targetProxy = F297076F19936C1600D48CE5 /* PBXContainerItemProxy */;
		};
		F2C3A9CD19955E02002511E0 /* PBXTargetDependency */ = {
			isa = PBXTargetDependency;
			target = F297075B19936C1600D48CE5 /* OpenGLFramework */;
			targetProxy = F2C3A9CC19955E02002511E0 /* PBXContainerItemProxy */;
		};
		F2C3A9CF19955E02002511E0 /* PBXTargetDependency */ = {
			isa = PBXTargetDependency;
			target = F297075B19936C1600D48CE5 /* OpenGLFramework */;
			targetProxy = F2C3A9CE19955E02002511E0 /* PBXContainerItemProxy */;
		};
		F2C3A9D119955E04002511E0 /* PBXTargetDependency */ = {
			isa = PBXTargetDependency;
			target = F297075B19936C1600D48CE5 /* OpenGLFramework */;
			targetProxy = F2C3A9D019955E04002511E0 /* PBXContainerItemProxy */;
		};
/* End PBXTargetDependency section */

/* Begin XCBuildConfiguration section */
		F297072C1993682F00D48CE5 /* Debug */ = {
			isa = XCBuildConfiguration;
			buildSettings = {
				ALWAYS_SEARCH_USER_PATHS = NO;
				CLANG_CXX_LANGUAGE_STANDARD = "gnu++0x";
				CLANG_CXX_LIBRARY = "libc++";
				CLANG_ENABLE_MODULES = YES;
				CLANG_ENABLE_OBJC_ARC = YES;
				CLANG_WARN_BOOL_CONVERSION = YES;
				CLANG_WARN_CONSTANT_CONVERSION = YES;
				CLANG_WARN_DIRECT_OBJC_ISA_USAGE = YES_ERROR;
				CLANG_WARN_EMPTY_BODY = YES;
				CLANG_WARN_ENUM_CONVERSION = YES;
				CLANG_WARN_INT_CONVERSION = YES;
				CLANG_WARN_OBJC_ROOT_CLASS = YES_ERROR;
				CLANG_WARN_UNREACHABLE_CODE = YES;
				CLANG_WARN__DUPLICATE_METHOD_MATCH = YES;
				COPY_PHASE_STRIP = NO;
				ENABLE_STRICT_OBJC_MSGSEND = YES;
				GCC_C_LANGUAGE_STANDARD = c11;
				GCC_DYNAMIC_NO_PIC = NO;
				GCC_OPTIMIZATION_LEVEL = 0;
				GCC_PREPROCESSOR_DEFINITIONS = (
					"DEBUG=1",
					"$(inherited)",
				);
				GCC_SYMBOLS_PRIVATE_EXTERN = NO;
				GCC_WARN_64_TO_32_BIT_CONVERSION = YES;
				GCC_WARN_ABOUT_RETURN_TYPE = YES_ERROR;
				GCC_WARN_UNDECLARED_SELECTOR = YES;
				GCC_WARN_UNINITIALIZED_AUTOS = YES_AGGRESSIVE;
				GCC_WARN_UNUSED_FUNCTION = YES;
				GCC_WARN_UNUSED_VARIABLE = YES;
				MACOSX_DEPLOYMENT_TARGET = 10.8;
				MTL_ENABLE_DEBUG_INFO = YES;
				ONLY_ACTIVE_ARCH = YES;
				SDKROOT = macosx;
			};
			name = Debug;
		};
		F297072D1993682F00D48CE5 /* Release */ = {
			isa = XCBuildConfiguration;
			buildSettings = {
				ALWAYS_SEARCH_USER_PATHS = NO;
				CLANG_CXX_LANGUAGE_STANDARD = "gnu++0x";
				CLANG_CXX_LIBRARY = "libc++";
				CLANG_ENABLE_MODULES = YES;
				CLANG_ENABLE_OBJC_ARC = YES;
				CLANG_WARN_BOOL_CONVERSION = YES;
				CLANG_WARN_CONSTANT_CONVERSION = YES;
				CLANG_WARN_DIRECT_OBJC_ISA_USAGE = YES_ERROR;
				CLANG_WARN_EMPTY_BODY = YES;
				CLANG_WARN_ENUM_CONVERSION = YES;
				CLANG_WARN_INT_CONVERSION = YES;
				CLANG_WARN_OBJC_ROOT_CLASS = YES_ERROR;
				CLANG_WARN_UNREACHABLE_CODE = YES;
				CLANG_WARN__DUPLICATE_METHOD_MATCH = YES;
				COPY_PHASE_STRIP = YES;
				DEBUG_INFORMATION_FORMAT = "dwarf-with-dsym";
				ENABLE_NS_ASSERTIONS = NO;
				ENABLE_STRICT_OBJC_MSGSEND = YES;
				GCC_C_LANGUAGE_STANDARD = c11;
				GCC_WARN_64_TO_32_BIT_CONVERSION = YES;
				GCC_WARN_ABOUT_RETURN_TYPE = YES_ERROR;
				GCC_WARN_UNDECLARED_SELECTOR = YES;
				GCC_WARN_UNINITIALIZED_AUTOS = YES_AGGRESSIVE;
				GCC_WARN_UNUSED_FUNCTION = YES;
				GCC_WARN_UNUSED_VARIABLE = YES;
				MACOSX_DEPLOYMENT_TARGET = 10.8;
				MTL_ENABLE_DEBUG_INFO = NO;
				SDKROOT = macosx;
			};
			name = Release;
		};
		F297077719936C1600D48CE5 /* Debug */ = {
			isa = XCBuildConfiguration;
			buildSettings = {
				ASSETCATALOG_COMPILER_APPICON_NAME = AppIcon;
				CODE_SIGN_IDENTITY = "-";
				COMBINE_HIDPI_IMAGES = YES;
				FRAMEWORK_SEARCH_PATHS = (
					"$(inherited)",
					"$(USER_LIBRARY_DIR)/Frameworks",
				);
				GCC_PREPROCESSOR_DEFINITIONS = (
					"DEBUG=1",
					"$(inherited)",
				);
				INFOPLIST_FILE = "$(SRCROOT)/OpenGLFramework/Resources/Info.plist";
				LD_RUNPATH_SEARCH_PATHS = "$(inherited) @executable_path/../Frameworks";
				PRODUCT_NAME = "$(TARGET_NAME)";
			};
			name = Debug;
		};
		F297077819936C1600D48CE5 /* Release */ = {
			isa = XCBuildConfiguration;
			buildSettings = {
				ASSETCATALOG_COMPILER_APPICON_NAME = AppIcon;
				CODE_SIGN_IDENTITY = "-";
				COMBINE_HIDPI_IMAGES = YES;
				FRAMEWORK_SEARCH_PATHS = (
					"$(inherited)",
					"$(USER_LIBRARY_DIR)/Frameworks",
				);
				INFOPLIST_FILE = "$(SRCROOT)/OpenGLFramework/Resources/Info.plist";
				LD_RUNPATH_SEARCH_PATHS = "$(inherited) @executable_path/../Frameworks";
				PRODUCT_NAME = "$(TARGET_NAME)";
			};
			name = Release;
		};
		F297077A19936C1600D48CE5 /* Debug */ = {
			isa = XCBuildConfiguration;
			buildSettings = {
				BUNDLE_LOADER = "$(BUILT_PRODUCTS_DIR)/OpenGLFramework.app/Contents/MacOS/OpenGLFramework";
				COMBINE_HIDPI_IMAGES = YES;
				FRAMEWORK_SEARCH_PATHS = (
					"$(DEVELOPER_FRAMEWORKS_DIR)",
					"$(inherited)",
					"$(USER_LIBRARY_DIR)/Frameworks",
				);
				GCC_PREPROCESSOR_DEFINITIONS = (
					"DEBUG=1",
					"$(inherited)",
				);
				INFOPLIST_FILE = OpenGLFrameworkTests/Info.plist;
				LD_RUNPATH_SEARCH_PATHS = "$(inherited) @executable_path/../Frameworks @loader_path/../Frameworks";
				PRODUCT_NAME = "$(TARGET_NAME)";
				TEST_HOST = "$(BUNDLE_LOADER)";
			};
			name = Debug;
		};
		F297077B19936C1600D48CE5 /* Release */ = {
			isa = XCBuildConfiguration;
			buildSettings = {
				BUNDLE_LOADER = "$(BUILT_PRODUCTS_DIR)/OpenGLFramework.app/Contents/MacOS/OpenGLFramework";
				COMBINE_HIDPI_IMAGES = YES;
				FRAMEWORK_SEARCH_PATHS = (
					"$(DEVELOPER_FRAMEWORKS_DIR)",
					"$(inherited)",
					"$(USER_LIBRARY_DIR)/Frameworks",
				);
				INFOPLIST_FILE = OpenGLFrameworkTests/Info.plist;
				LD_RUNPATH_SEARCH_PATHS = "$(inherited) @executable_path/../Frameworks @loader_path/../Frameworks";
				PRODUCT_NAME = "$(TARGET_NAME)";
				TEST_HOST = "$(BUNDLE_LOADER)";
			};
			name = Release;
		};
/* End XCBuildConfiguration section */

/* Begin XCConfigurationList section */
		F29707221993682F00D48CE5 /* Build configuration list for PBXProject "OpenGLFramework" */ = {
			isa = XCConfigurationList;
			buildConfigurations = (
				F297072C1993682F00D48CE5 /* Debug */,
				F297072D1993682F00D48CE5 /* Release */,
			);
			defaultConfigurationIsVisible = 0;
			defaultConfigurationName = Release;
		};
		F297077619936C1600D48CE5 /* Build configuration list for PBXNativeTarget "OpenGLFramework" */ = {
			isa = XCConfigurationList;
			buildConfigurations = (
				F297077719936C1600D48CE5 /* Debug */,
				F297077819936C1600D48CE5 /* Release */,
			);
			defaultConfigurationIsVisible = 0;
			defaultConfigurationName = Release;
		};
		F297077919936C1600D48CE5 /* Build configuration list for PBXNativeTarget "OpenGLFrameworkTests" */ = {
			isa = XCConfigurationList;
			buildConfigurations = (
				F297077A19936C1600D48CE5 /* Debug */,
				F297077B19936C1600D48CE5 /* Release */,
			);
			defaultConfigurationIsVisible = 0;
			defaultConfigurationName = Release;
		};
/* End XCConfigurationList section */
	};
	rootObject = F297071F1993682F00D48CE5 /* Project object */;
}
