<?xml version="1.0" encoding="UTF-8"?>
<!DOCTYPE plist PUBLIC "-//Apple//DTD PLIST 1.0//EN" "http://www.apple.com/DTDs/PropertyList-1.0.dtd">
<plist version="1.0"><dict><key>objects</key><dict><key>F297071F1993682F00D48CE5</key><dict><key>isa</key><string>PBXProject</string><key>attributes</key><dict><key>LastUpgradeCheck</key><string>0600</string><key>ORGANIZATIONNAME</key><string>Laszlo Korte</string><key>TargetAttributes</key><dict><key>F297075B19936C1600D48CE5</key><dict><key>CreatedOnToolsVersion</key><string>6.0</string></dict><key>F297076D19936C1600D48CE5</key><dict><key>CreatedOnToolsVersion</key><string>6.0</string><key>TestTargetID</key><string>F297075B19936C1600D48CE5</string></dict></dict></dict><key>compatibilityVersion</key><string>Xcode 3.2</string><key>developmentRegion</key><string>English</string><key>hasScannedForEncodings</key><string>0</string><key>knownRegions</key><array><string>en</string><string>Base</string></array><key>projectDirPath</key><string></string><key>projectRoot</key><string></string><key>buildConfigurationList</key><string>F29707221993682F00D48CE5</string><key>mainGroup</key><string>F297071E1993682F00D48CE5</string><key>productRefGroup</key><string>F29707281993682F00D48CE5</string><key>targets</key><array><string>F297075B19936C1600D48CE5</string><string>F297076D19936C1600D48CE5</string></array><key>projectReferences</key><array/></dict><key>F297072C1993682F00D48CE5</key><dict><key>isa</key><string>XCBuildConfiguration</string><key>name</key><string>Debug</string><key>buildSettings</key><dict><key>ALWAYS_SEARCH_USER_PATHS</key><string>NO</string><key>CLANG_CXX_LANGUAGE_STANDARD</key><string>gnu++0x</string><key>CLANG_CXX_LIBRARY</key><string>libc++</string><key>CLANG_ENABLE_MODULES</key><string>YES</string><key>CLANG_ENABLE_OBJC_ARC</key><string>YES</string><key>CLANG_WARN_BOOL_CONVERSION</key><string>YES</string><key>CLANG_WARN_CONSTANT_CONVERSION</key><string>YES</string><key>CLANG_WARN_DIRECT_OBJC_ISA_USAGE</key><string>YES_ERROR</string><key>CLANG_WARN_EMPTY_BODY</key><string>YES</string><key>CLANG_WARN_ENUM_CONVERSION</key><string>YES</string><key>CLANG_WARN_INT_CONVERSION</key><string>YES</string><key>CLANG_WARN_OBJC_ROOT_CLASS</key><string>YES_ERROR</string><key>CLANG_WARN_UNREACHABLE_CODE</key><string>YES</string><key>CLANG_WARN__DUPLICATE_METHOD_MATCH</key><string>YES</string><key>COPY_PHASE_STRIP</key><string>NO</string><key>ENABLE_STRICT_OBJC_MSGSEND</key><string>YES</string><key>GCC_C_LANGUAGE_STANDARD</key><string>c11</string><key>GCC_DYNAMIC_NO_PIC</key><string>NO</string><key>GCC_OPTIMIZATION_LEVEL</key><string>0</string><key>GCC_PREPROCESSOR_DEFINITIONS</key><array><string>DEBUG=1</string><string>$(inherited)</string></array><key>GCC_SYMBOLS_PRIVATE_EXTERN</key><string>NO</string><key>GCC_WARN_64_TO_32_BIT_CONVERSION</key><string>YES</string><key>GCC_WARN_ABOUT_RETURN_TYPE</key><string>YES_ERROR</string><key>GCC_WARN_UNDECLARED_SELECTOR</key><string>YES</string><key>GCC_WARN_UNINITIALIZED_AUTOS</key><string>YES_AGGRESSIVE</string><key>GCC_WARN_UNUSED_FUNCTION</key><string>YES</string><key>GCC_WARN_UNUSED_VARIABLE</key><string>YES</string><key>MACOSX_DEPLOYMENT_TARGET</key><string>10.8</string><key>MTL_ENABLE_DEBUG_INFO</key><string>YES</string><key>ONLY_ACTIVE_ARCH</key><string>YES</string><key>SDKROOT</key><string>macosx</string></dict></dict><key>F297072D1993682F00D48CE5</key><dict><key>isa</key><string>XCBuildConfiguration</string><key>name</key><string>Release</string><key>buildSettings</key><dict><key>ALWAYS_SEARCH_USER_PATHS</key><string>NO</string><key>CLANG_CXX_LANGUAGE_STANDARD</key><string>gnu++0x</string><key>CLANG_CXX_LIBRARY</key><string>libc++</string><key>CLANG_ENABLE_MODULES</key><string>YES</string><key>CLANG_ENABLE_OBJC_ARC</key><string>YES</string><key>CLANG_WARN_BOOL_CONVERSION</key><string>YES</string><key>CLANG_WARN_CONSTANT_CONVERSION</key><string>YES</string><key>CLANG_WARN_DIRECT_OBJC_ISA_USAGE</key><string>YES_ERROR</string><key>CLANG_WARN_EMPTY_BODY</key><string>YES</string><key>CLANG_WARN_ENUM_CONVERSION</key><string>YES</string><key>CLANG_WARN_INT_CONVERSION</key><string>YES</string><key>CLANG_WARN_OBJC_ROOT_CLASS</key><string>YES_ERROR</string><key>CLANG_WARN_UNREACHABLE_CODE</key><string>YES</string><key>CLANG_WARN__DUPLICATE_METHOD_MATCH</key><string>YES</string><key>COPY_PHASE_STRIP</key><string>YES</string><key>DEBUG_INFORMATION_FORMAT</key><string>dwarf-with-dsym</string><key>ENABLE_NS_ASSERTIONS</key><string>NO</string><key>ENABLE_STRICT_OBJC_MSGSEND</key><string>YES</string><key>GCC_C_LANGUAGE_STANDARD</key><string>c11</string><key>GCC_WARN_64_TO_32_BIT_CONVERSION</key><string>YES</string><key>GCC_WARN_ABOUT_RETURN_TYPE</key><string>YES_ERROR</string><key>GCC_WARN_UNDECLARED_SELECTOR</key><string>YES</string><key>GCC_WARN_UNINITIALIZED_AUTOS</key><string>YES_AGGRESSIVE</string><key>GCC_WARN_UNUSED_FUNCTION</key><string>YES</string><key>GCC_WARN_UNUSED_VARIABLE</key><string>YES</string><key>MACOSX_DEPLOYMENT_TARGET</key><string>10.8</string><key>MTL_ENABLE_DEBUG_INFO</key><string>NO</string><key>SDKROOT</key><string>macosx</string></dict></dict><key>F29707221993682F00D48CE5</key><dict><key>isa</key><string>XCConfigurationList</string><key>defaultConfigurationIsVisible</key><string>0</string><key>defaultConfigurationName</key><string>Release</string><key>buildConfigurations</key><array><string>F297072C1993682F00D48CE5</string><string>F297072D1993682F00D48CE5</string></array></dict><key>F2293EC819A4103100920353</key><dict><key>isa</key><string>PBXFileReference</string><key>name</key><string>SDL2_mixer.framework</string><key>path</key><string>../../../Library/Frameworks/SDL2_mixer.framework</string><key>sourceTree</key><string>&lt;group&gt;</string><key>lastKnownFileType</key><string>wrapper.framework</string></dict><key>F29707A51993735D00D48CE5</key><dict><key>isa</key><string>PBXFileReference</string><key>name</key><string>SDL2.framework</string><key>path</key><string>../../../Library/Frameworks/SDL2.framework</string><key>sourceTree</key><string>&lt;group&gt;</string><key>lastKnownFileType</key><string>wrapper.framework</string></dict><key>F29707A61993735D00D48CE5</key><dict><key>isa</key><string>PBXFileReference</string><key>name</key><string>SDL2_image.framework</string><key>path</key><string>../../../Library/Frameworks/SDL2_image.framework</string><key>sourceTree</key><string>&lt;group&gt;</string><key>lastKnownFileType</key><string>wrapper.framework</string></dict><key>F29707A31993734100D48CE5</key><dict><key>isa</key><string>PBXFileReference</string><key>name</key><string>OpenGL.framework</string><key>path</key><string>System/Library/Frameworks/OpenGL.framework</string><key>sourceTree</key><string>SDKROOT</string><key>lastKnownFileType</key><string>wrapper.framework</string></dict><key>F29707A91993736200D48CE5</key><dict><key>isa</key><string>PBXGroup</string><key>sourceTree</key><string>&lt;group&gt;</string><key>name</key><string>Frameworks</string><key>children</key><array><string>F2293EC819A4103100920353</string><string>F29707A51993735D00D48CE5</string><string>F29707A61993735D00D48CE5</string><string>F29707A31993734100D48CE5</string></array></dict><key>F2293ECB19A4107300920353</key><dict><key>isa</key><string>PBXGroup</string><key>sourceTree</key><string>&lt;group&gt;</string><key>path</key><string>audio</string><key>name</key><string>audio</string><key>children</key><array/></dict><key>F2970792199370EE00D48CE5</key><dict><key>isa</key><string>PBXFileReference</string><key>path</key><string>math.cpp</string><key>sourceTree</key><string>&lt;group&gt;</string><key>lastKnownFileType</key><string>sourcecode.cpp.cpp</string><key>fileEncoding</key><string>4</string></dict><key>F2970793199370EE00D48CE5</key><dict><key>isa</key><string>PBXFileReference</string><key>path</key><string>math.h</string><key>sourceTree</key><string>&lt;group&gt;</string><key>lastKnownFileType</key><string>sourcecode.c.h</string><key>fileEncoding</key><string>4</string></dict><key>F2DEC6221997C04400EE31E7</key><dict><key>isa</key><string>PBXFileReference</string><key>path</key><string>vec2.h</string><key>sourceTree</key><string>&lt;group&gt;</string><key>lastKnownFileType</key><string>sourcecode.c.h</string></dict><key>F27044D41995424100C57B6A</key><dict><key>isa</key><string>PBXFileReference</string><key>path</key><string>vec3.h</string><key>sourceTree</key><string>&lt;group&gt;</string><key>lastKnownFileType</key><string>sourcecode.c.h</string><key>fileEncoding</key><string>4</string></dict><key>F27044D71995428B00C57B6A</key><dict><key>isa</key><string>PBXFileReference</string><key>path</key><string>vec4.h</string><key>sourceTree</key><string>&lt;group&gt;</string><key>lastKnownFileType</key><string>sourcecode.c.h</string><key>fileEncoding</key><string>4</string></dict><key>F27044DA199542B800C57B6A</key><dict><key>isa</key><string>PBXFileReference</string><key>path</key><string>mat4.h</string><key>sourceTree</key><string>&lt;group&gt;</string><key>lastKnownFileType</key><string>sourcecode.c.h</string><key>fileEncoding</key><string>4</string></dict><key>F27044DD199542D700C57B6A</key><dict><key>isa</key><string>PBXFileReference</string><key>path</key><string>quat.h</string><key>sourceTree</key><string>&lt;group&gt;</string><key>lastKnownFileType</key><string>sourcecode.c.h</string><key>fileEncoding</key><string>4</string></dict><key>F29707B2199378D300D48CE5</key><dict><key>isa</key><string>PBXGroup</string><key>sourceTree</key><string>&lt;group&gt;</string><key>path</key><string>math</string><key>name</key><string>math</string><key>children</key><array><string>F2970792199370EE00D48CE5</string><string>F2970793199370EE00D48CE5</string><string>F2DEC6221997C04400EE31E7</string><string>F27044D41995424100C57B6A</string><string>F27044D71995428B00C57B6A</string><string>F27044DA199542B800C57B6A</string><string>F27044DD199542D700C57B6A</string></array></dict><key>F2B0C3FE199FE7F8008AC975</key><dict><key>isa</key><string>PBXFileReference</string><key>path</key><string>clickable_behaviour.cpp</string><key>sourceTree</key><string>&lt;group&gt;</string><key>lastKnownFileType</key><string>sourcecode.cpp.cpp</string><key>fileEncoding</key><string>4</string></dict><key>F2B0C3FF199FE7F8008AC975</key><dict><key>isa</key><string>PBXFileReference</string><key>path</key><string>clickable_behaviour.h</string><key>sourceTree</key><string>&lt;group&gt;</string><key>lastKnownFileType</key><string>sourcecode.c.h</string><key>fileEncoding</key><string>4</string></dict><key>F24DA04A19A3F06F005F5F32</key><dict><key>isa</key><string>PBXFileReference</string><key>path</key><string>draggable_behaviour.cpp</string><key>sourceTree</key><string>&lt;group&gt;</string><key>lastKnownFileType</key><string>sourcecode.cpp.cpp</string><key>fileEncoding</key><string>4</string></dict><key>F24DA04B19A3F06F005F5F32</key><dict><key>isa</key><string>PBXFileReference</string><key>path</key><string>draggable_behaviour.h</string><key>sourceTree</key><string>&lt;group&gt;</string><key>lastKnownFileType</key><string>sourcecode.c.h</string><key>fileEncoding</key><string>4</string></dict><key>F2B0C3FD199FE7E6008AC975</key><dict><key>isa</key><string>PBXGroup</string><key>sourceTree</key><string>&lt;group&gt;</string><key>path</key><string>behaviours</string><key>name</key><string>behaviours</string><key>children</key><array><string>F2B0C3FE199FE7F8008AC975</string><string>F2B0C3FF199FE7F8008AC975</string><string>F24DA04A19A3F06F005F5F32</string><string>F24DA04B19A3F06F005F5F32</string></array></dict><key>F29B1F51199E2A4E00F17051</key><dict><key>isa</key><string>PBXFileReference</string><key>path</key><string>element.cpp</string><key>sourceTree</key><string>&lt;group&gt;</string><key>lastKnownFileType</key><string>sourcecode.cpp.cpp</string><key>fileEncoding</key><string>4</string></dict><key>F29B1F52199E2A4E00F17051</key><dict><key>isa</key><string>PBXFileReference</string><key>path</key><string>element.h</string><key>sourceTree</key><string>&lt;group&gt;</string><key>lastKnownFileType</key><string>sourcecode.c.h</string><key>fileEncoding</key><string>4</string></dict><key>F29B1F54199E2B1800F17051</key><dict><key>isa</key><string>PBXFileReference</string><key>path</key><string>layout.cpp</string><key>sourceTree</key><string>&lt;group&gt;</string><key>lastKnownFileType</key><string>sourcecode.cpp.cpp</string><key>fileEncoding</key><string>4</string></dict><key>F29B1F55199E2B1800F17051</key><dict><key>isa</key><string>PBXFileReference</string><key>path</key><string>layout.h</string><key>sourceTree</key><string>&lt;group&gt;</string><key>lastKnownFileType</key><string>sourcecode.c.h</string><key>fileEncoding</key><string>4</string></dict><key>F29B1F57199E2B9600F17051</key><dict><key>isa</key><string>PBXFileReference</string><key>path</key><string>rectangle.cpp</string><key>sourceTree</key><string>&lt;group&gt;</string><key>lastKnownFileType</key><string>sourcecode.cpp.cpp</string><key>fileEncoding</key><string>4</string></dict><key>F29B1F58199E2B9600F17051</key><dict><key>isa</key><string>PBXFileReference</string><key>path</key><string>rectangle.h</string><key>sourceTree</key><string>&lt;group&gt;</string><key>lastKnownFileType</key><string>sourcecode.c.h</string><key>fileEncoding</key><string>4</string></dict><key>F29B1F5A199E699000F17051</key><dict><key>isa</key><string>PBXFileReference</string><key>path</key><string>layout_renderer.cpp</string><key>sourceTree</key><string>&lt;group&gt;</string><key>lastKnownFileType</key><string>sourcecode.cpp.cpp</string><key>fileEncoding</key><string>4</string></dict><key>F29B1F5B199E699000F17051</key><dict><key>isa</key><string>PBXFileReference</string><key>path</key><string>layout_renderer.h</string><key>sourceTree</key><string>&lt;group&gt;</string><key>lastKnownFileType</key><string>sourcecode.c.h</string><key>fileEncoding</key><string>4</string></dict><key>F279E240199F476E0001BBBF</key><dict><key>isa</key><string>PBXFileReference</string><key>path</key><string>length.cpp</string><key>sourceTree</key><string>&lt;group&gt;</string><key>lastKnownFileType</key><string>sourcecode.cpp.cpp</string><key>fileEncoding</key><string>4</string></dict><key>F279E241199F476E0001BBBF</key><dict><key>isa</key><string>PBXFileReference</string><key>path</key><string>length.h</string><key>sourceTree</key><string>&lt;group&gt;</string><key>lastKnownFileType</key><string>sourcecode.c.h</string><key>fileEncoding</key><string>4</string></dict><key>F279E243199F47970001BBBF</key><dict><key>isa</key><string>PBXFileReference</string><key>path</key><string>weight.cpp</string><key>sourceTree</key><string>&lt;group&gt;</string><key>lastKnownFileType</key><string>sourcecode.cpp.cpp</string><key>fileEncoding</key><string>4</string></dict><key>F279E244199F47970001BBBF</key><dict><key>isa</key><string>PBXFileReference</string><key>path</key><string>weight.h</string><key>sourceTree</key><string>&lt;group&gt;</string><key>lastKnownFileType</key><string>sourcecode.c.h</string><key>fileEncoding</key><string>4</string></dict><key>F279E246199F48030001BBBF</key><dict><key>isa</key><string>PBXFileReference</string><key>path</key><string>space.cpp</string><key>sourceTree</key><string>&lt;group&gt;</string><key>lastKnownFileType</key><string>sourcecode.cpp.cpp</string><key>fileEncoding</key><string>4</string></dict><key>F279E247199F48030001BBBF</key><dict><key>isa</key><string>PBXFileReference</string><key>path</key><string>space.h</string><key>sourceTree</key><string>&lt;group&gt;</string><key>lastKnownFileType</key><string>sourcecode.c.h</string><key>fileEncoding</key><string>4</string></dict><key>F279E24F199F66200001BBBF</key><dict><key>isa</key><string>PBXFileReference</string><key>path</key><string>hittester.cpp</string><key>sourceTree</key><string>&lt;group&gt;</string><key>lastKnownFileType</key><string>sourcecode.cpp.cpp</string><key>fileEncoding</key><string>4</string></dict><key>F279E250199F66200001BBBF</key><dict><key>isa</key><string>PBXFileReference</string><key>path</key><string>hittester.h</string><key>sourceTree</key><string>&lt;group&gt;</string><key>lastKnownFileType</key><string>sourcecode.c.h</string><key>fileEncoding</key><string>4</string></dict><key>F2B0C3F1199F9EE4008AC975</key><dict><key>isa</key><string>PBXFileReference</string><key>path</key><string>style.cpp</string><key>sourceTree</key><string>&lt;group&gt;</string><key>lastKnownFileType</key><string>sourcecode.cpp.cpp</string><key>fileEncoding</key><string>4</string></dict><key>F2B0C3F2199F9EE4008AC975</key><dict><key>isa</key><string>PBXFileReference</string><key>path</key><string>style.h</string><key>sourceTree</key><string>&lt;group&gt;</string><key>lastKnownFileType</key><string>sourcecode.c.h</string><key>fileEncoding</key><string>4</string></dict><key>F2B0C3F7199FCE19008AC975</key><dict><key>isa</key><string>PBXFileReference</string><key>path</key><string>pointer_tracking.cpp</string><key>sourceTree</key><string>&lt;group&gt;</string><key>lastKnownFileType</key><string>sourcecode.cpp.cpp</string><key>fileEncoding</key><string>4</string></dict><key>F2B0C3F8199FCE19008AC975</key><dict><key>isa</key><string>PBXFileReference</string><key>path</key><string>pointer_tracking.h</string><key>sourceTree</key><string>&lt;group&gt;</string><key>lastKnownFileType</key><string>sourcecode.c.h</string><key>fileEncoding</key><string>4</string></dict><key>F2B0C3FA199FE247008AC975</key><dict><key>isa</key><string>PBXFileReference</string><key>path</key><string>behaviour.cpp</string><key>sourceTree</key><string>&lt;group&gt;</string><key>lastKnownFileType</key><string>sourcecode.cpp.cpp</string><key>fileEncoding</key><string>4</string></dict><key>F2B0C3FB199FE247008AC975</key><dict><key>isa</key><string>PBXFileReference</string><key>path</key><string>behaviour.h</string><key>sourceTree</key><string>&lt;group&gt;</string><key>lastKnownFileType</key><string>sourcecode.c.h</string><key>fileEncoding</key><string>4</string></dict><key>F2B0C401199FF4A1008AC975</key><dict><key>isa</key><string>PBXFileReference</string><key>path</key><string>layout_invalidator.cpp</string><key>sourceTree</key><string>&lt;group&gt;</string><key>lastKnownFileType</key><string>sourcecode.cpp.cpp</string><key>fileEncoding</key><string>4</string></dict><key>F2B0C402199FF4A1008AC975</key><dict><key>isa</key><string>PBXFileReference</string><key>path</key><string>layout_invalidator.h</string><key>sourceTree</key><string>&lt;group&gt;</string><key>lastKnownFileType</key><string>sourcecode.c.h</string><key>fileEncoding</key><string>4</string></dict><key>F29B1F50199E29D300F17051</key><dict><key>isa</key><string>PBXGroup</string><key>sourceTree</key><string>&lt;group&gt;</string><key>path</key><string>ui</string><key>name</key><string>ui</string><key>children</key><array><string>F2B0C3FD199FE7E6008AC975</string><string>F29B1F51199E2A4E00F17051</string><string>F29B1F52199E2A4E00F17051</string><string>F29B1F54199E2B1800F17051</string><string>F29B1F55199E2B1800F17051</string><string>F29B1F57199E2B9600F17051</string><string>F29B1F58199E2B9600F17051</string><string>F29B1F5A199E699000F17051</string><string>F29B1F5B199E699000F17051</string><string>F279E240199F476E0001BBBF</string><string>F279E241199F476E0001BBBF</string><string>F279E243199F47970001BBBF</string><string>F279E244199F47970001BBBF</string><string>F279E246199F48030001BBBF</string><string>F279E247199F48030001BBBF</string><string>F279E24F199F66200001BBBF</string><string>F279E250199F66200001BBBF</string><string>F2B0C3F1199F9EE4008AC975</string><string>F2B0C3F2199F9EE4008AC975</string><string>F2B0C3F7199FCE19008AC975</string><string>F2B0C3F8199FCE19008AC975</string><string>F2B0C3FA199FE247008AC975</string><string>F2B0C3FB199FE247008AC975</string><string>F2B0C401199FF4A1008AC975</string><string>F2B0C402199FF4A1008AC975</string></array></dict><key>F21EA817199A03EF00D78E1C</key><dict><key>isa</key><string>PBXFileReference</string><key>path</key><string>index_model.cpp</string><key>sourceTree</key><string>&lt;group&gt;</string><key>lastKnownFileType</key><string>sourcecode.cpp.cpp</string><key>fileEncoding</key><string>4</string></dict><key>F21EA818199A03EF00D78E1C</key><dict><key>isa</key><string>PBXFileReference</string><key>path</key><string>index_model.h</string><key>sourceTree</key><string>&lt;group&gt;</string><key>lastKnownFileType</key><string>sourcecode.c.h</string><key>fileEncoding</key><string>4</string></dict><key>F21EA81A199A04AC00D78E1C</key><dict><key>isa</key><string>PBXFileReference</string><key>path</key><string>obj_model.cpp</string><key>sourceTree</key><string>&lt;group&gt;</string><key>lastKnownFileType</key><string>sourcecode.cpp.cpp</string><key>fileEncoding</key><string>4</string></dict><key>F21EA81B199A04AC00D78E1C</key><dict><key>isa</key><string>PBXFileReference</string><key>path</key><string>obj_model.h</string><key>sourceTree</key><string>&lt;group&gt;</string><key>lastKnownFileType</key><string>sourcecode.c.h</string><key>fileEncoding</key><string>4</string></dict><key>F258802019A0E6C800AC7A3C</key><dict><key>isa</key><string>PBXFileReference</string><key>path</key><string>image_height_map.cpp</string><key>sourceTree</key><string>&lt;group&gt;</string><key>lastKnownFileType</key><string>sourcecode.cpp.cpp</string><key>fileEncoding</key><string>4</string></dict><key>F258802119A0E6C800AC7A3C</key><dict><key>isa</key><string>PBXFileReference</string><key>path</key><string>image_height_map.h</string><key>sourceTree</key><string>&lt;group&gt;</string><key>lastKnownFileType</key><string>sourcecode.c.h</string><key>fileEncoding</key><string>4</string></dict><key>F21EA816199A03AF00D78E1C</key><dict><key>isa</key><string>PBXGroup</string><key>sourceTree</key><string>&lt;group&gt;</string><key>path</key><string>mesh_loader</string><key>name</key><string>mesh_loader</string><key>children</key><array><string>F21EA817199A03EF00D78E1C</string><string>F21EA818199A03EF00D78E1C</string><string>F21EA81A199A04AC00D78E1C</string><string>F21EA81B199A04AC00D78E1C</string><string>F258802019A0E6C800AC7A3C</string><string>F258802119A0E6C800AC7A3C</string></array></dict><key>F21EA815199A039E00D78E1C</key><dict><key>isa</key><string>PBXGroup</string><key>sourceTree</key><string>&lt;group&gt;</string><key>path</key><string>resources</string><key>name</key><string>resources</string><key>children</key><array><string>F21EA816199A03AF00D78E1C</string></array></dict><key>F29707A01993728300D48CE5</key><dict><key>isa</key><string>PBXFileReference</string><key>path</key><string>game_loop.cpp</string><key>sourceTree</key><string>&lt;group&gt;</string><key>lastKnownFileType</key><string>sourcecode.cpp.cpp</string><key>fileEncoding</key><string>4</string></dict><key>F29707A11993728300D48CE5</key><dict><key>isa</key><string>PBXFileReference</string><key>path</key><string>game_loop.h</string><key>sourceTree</key><string>&lt;group&gt;</string><key>lastKnownFileType</key><string>sourcecode.c.h</string><key>fileEncoding</key><string>4</string></dict><key>F29707BC199397FF00D48CE5</key><dict><key>isa</key><string>PBXFileReference</string><key>path</key><string>window.cpp</string><key>sourceTree</key><string>&lt;group&gt;</string><key>lastKnownFileType</key><string>sourcecode.cpp.cpp</string><key>fileEncoding</key><string>4</string></dict><key>F29707BD199397FF00D48CE5</key><dict><key>isa</key><string>PBXFileReference</string><key>path</key><string>window.h</string><key>sourceTree</key><string>&lt;group&gt;</string><key>lastKnownFileType</key><string>sourcecode.c.h</string><key>fileEncoding</key><string>4</string></dict><key>F297079F1993727500D48CE5</key><dict><key>isa</key><string>PBXGroup</string><key>sourceTree</key><string>&lt;group&gt;</string><key>path</key><string>loop</string><key>name</key><string>loop</string><key>children</key><array><string>F29707A01993728300D48CE5</string><string>F29707A11993728300D48CE5</string><string>F29707BC199397FF00D48CE5</string><string>F29707BD199397FF00D48CE5</string></array></dict><key>F2DEC611199790A600EE31E7</key><dict><key>isa</key><string>PBXFileReference</string><key>path</key><string>camera.cpp</string><key>sourceTree</key><string>&lt;group&gt;</string><key>lastKnownFileType</key><string>sourcecode.cpp.cpp</string><key>fileEncoding</key><string>4</string></dict><key>F2DEC612199790A600EE31E7</key><dict><key>isa</key><string>PBXFileReference</string><key>path</key><string>camera.h</string><key>sourceTree</key><string>&lt;group&gt;</string><key>lastKnownFileType</key><string>sourcecode.c.h</string><key>fileEncoding</key><string>4</string></dict><key>F2DEC614199793A100EE31E7</key><dict><key>isa</key><string>PBXFileReference</string><key>path</key><string>perspective.cpp</string><key>sourceTree</key><string>&lt;group&gt;</string><key>lastKnownFileType</key><string>sourcecode.cpp.cpp</string><key>fileEncoding</key><string>4</string></dict><key>F2DEC615199793A100EE31E7</key><dict><key>isa</key><string>PBXFileReference</string><key>path</key><string>perspective.h</string><key>sourceTree</key><string>&lt;group&gt;</string><key>lastKnownFileType</key><string>sourcecode.c.h</string><key>fileEncoding</key><string>4</string></dict><key>F297079B199371B400D48CE5</key><dict><key>isa</key><string>PBXGroup</string><key>sourceTree</key><string>&lt;group&gt;</string><key>path</key><string>camera</string><key>name</key><string>camera</string><key>children</key><array><string>F2DEC611199790A600EE31E7</string><string>F2DEC612199790A600EE31E7</string><string>F2DEC614199793A100EE31E7</string><string>F2DEC615199793A100EE31E7</string></array></dict><key>F2DEC60219975A8700EE31E7</key><dict><key>isa</key><string>PBXFileReference</string><key>path</key><string>base_component.cpp</string><key>sourceTree</key><string>&lt;group&gt;</string><key>lastKnownFileType</key><string>sourcecode.cpp.cpp</string><key>fileEncoding</key><string>4</string></dict><key>F2DEC60319975A8700EE31E7</key><dict><key>isa</key><string>PBXFileReference</string><key>path</key><string>base_component.h</string><key>sourceTree</key><string>&lt;group&gt;</string><key>lastKnownFileType</key><string>sourcecode.c.h</string><key>fileEncoding</key><string>4</string></dict><key>F2DEC6061997621400EE31E7</key><dict><key>isa</key><string>PBXFileReference</string><key>path</key><string>render_component.cpp</string><key>sourceTree</key><string>&lt;group&gt;</string><key>lastKnownFileType</key><string>sourcecode.cpp.cpp</string><key>fileEncoding</key><string>4</string></dict><key>F2DEC6071997621400EE31E7</key><dict><key>isa</key><string>PBXFileReference</string><key>path</key><string>render_component.h</string><key>sourceTree</key><string>&lt;group&gt;</string><key>lastKnownFileType</key><string>sourcecode.c.h</string><key>fileEncoding</key><string>4</string></dict><key>F2DEC60B1997681E00EE31E7</key><dict><key>isa</key><string>PBXFileReference</string><key>path</key><string>camera_component.cpp</string><key>sourceTree</key><string>&lt;group&gt;</string><key>lastKnownFileType</key><string>sourcecode.cpp.cpp</string><key>fileEncoding</key><string>4</string></dict><key>F2DEC60C1997681E00EE31E7</key><dict><key>isa</key><string>PBXFileReference</string><key>path</key><string>camera_component.h</string><key>sourceTree</key><string>&lt;group&gt;</string><key>lastKnownFileType</key><string>sourcecode.c.h</string><key>fileEncoding</key><string>4</string></dict><key>F21EA82D199ABD0B00D78E1C</key><dict><key>isa</key><string>PBXFileReference</string><key>path</key><string>animation_component.cpp</string><key>sourceTree</key><string>&lt;group&gt;</string><key>lastKnownFileType</key><string>sourcecode.cpp.cpp</string><key>fileEncoding</key><string>4</string></dict><key>F21EA82E199ABD0B00D78E1C</key><dict><key>isa</key><string>PBXFileReference</string><key>path</key><string>animation_component.h</string><key>sourceTree</key><string>&lt;group&gt;</string><key>lastKnownFileType</key><string>sourcecode.c.h</string><key>fileEncoding</key><string>4</string></dict><key>F2DEC605199761FD00EE31E7</key><dict><key>isa</key><string>PBXGroup</string><key>sourceTree</key><string>&lt;group&gt;</string><key>path</key><string>components</string><key>name</key><string>components</string><key>children</key><array><string>F2DEC60219975A8700EE31E7</string><string>F2DEC60319975A8700EE31E7</string><string>F2DEC6061997621400EE31E7</string><string>F2DEC6071997621400EE31E7</string><string>F2DEC60B1997681E00EE31E7</string><string>F2DEC60C1997681E00EE31E7</string><string>F21EA82D199ABD0B00D78E1C</string><string>F21EA82E199ABD0B00D78E1C</string></array></dict><key>F29707C91993BD9700D48CE5</key><dict><key>isa</key><string>PBXFileReference</string><key>path</key><string>scene_deep_walker.cpp</string><key>sourceTree</key><string>&lt;group&gt;</string><key>lastKnownFileType</key><string>sourcecode.cpp.cpp</string><key>fileEncoding</key><string>4</string></dict><key>F29707CA1993BD9700D48CE5</key><dict><key>isa</key><string>PBXFileReference</string><key>path</key><string>scene_deep_walker.h</string><key>sourceTree</key><string>&lt;group&gt;</string><key>lastKnownFileType</key><string>sourcecode.c.h</string><key>fileEncoding</key><string>4</string></dict><key>F29707C81993BD8100D48CE5</key><dict><key>isa</key><string>PBXGroup</string><key>sourceTree</key><string>&lt;group&gt;</string><key>path</key><string>walker</string><key>name</key><string>walker</string><key>children</key><array><string>F29707C91993BD9700D48CE5</string><string>F29707CA1993BD9700D48CE5</string></array></dict><key>F29707951993716300D48CE5</key><dict><key>isa</key><string>PBXFileReference</string><key>path</key><string>node.cpp</string><key>sourceTree</key><string>&lt;group&gt;</string><key>lastKnownFileType</key><string>sourcecode.cpp.cpp</string><key>fileEncoding</key><string>4</string></dict><key>F29707961993716300D48CE5</key><dict><key>isa</key><string>PBXFileReference</string><key>path</key><string>node.h</string><key>sourceTree</key><string>&lt;group&gt;</string><key>lastKnownFileType</key><string>sourcecode.c.h</string><key>fileEncoding</key><string>4</string></dict><key>F21EA826199A8C5600D78E1C</key><dict><key>isa</key><string>PBXFileReference</string><key>path</key><string>tree_transformation.cpp</string><key>sourceTree</key><string>&lt;group&gt;</string><key>lastKnownFileType</key><string>sourcecode.cpp.cpp</string><key>fileEncoding</key><string>4</string></dict><key>F21EA827199A8C5600D78E1C</key><dict><key>isa</key><string>PBXFileReference</string><key>path</key><string>tree_transformation.h</string><key>sourceTree</key><string>&lt;group&gt;</string><key>lastKnownFileType</key><string>sourcecode.c.h</string><key>fileEncoding</key><string>4</string></dict><key>F297078B199370A800D48CE5</key><dict><key>isa</key><string>PBXGroup</string><key>sourceTree</key><string>&lt;group&gt;</string><key>path</key><string>scene</string><key>name</key><string>scene</string><key>children</key><array><string>F2DEC605199761FD00EE31E7</string><string>F29707C81993BD8100D48CE5</string><string>F29707951993716300D48CE5</string><string>F29707961993716300D48CE5</string><string>F21EA826199A8C5600D78E1C</string><string>F21EA827199A8C5600D78E1C</string></array></dict><key>F2DEC61F1997BFA700EE31E7</key><dict><key>isa</key><string>PBXFileReference</string><key>path</key><string>first_person_movement.cpp</string><key>sourceTree</key><string>&lt;group&gt;</string><key>lastKnownFileType</key><string>sourcecode.cpp.cpp</string><key>fileEncoding</key><string>4</string></dict><key>F2DEC6201997BFA700EE31E7</key><dict><key>isa</key><string>PBXFileReference</string><key>path</key><string>first_person_movement.h</string><key>sourceTree</key><string>&lt;group&gt;</string><key>lastKnownFileType</key><string>sourcecode.c.h</string><key>fileEncoding</key><string>4</string></dict><key>F2DEC61E1997BF7D00EE31E7</key><dict><key>isa</key><string>PBXGroup</string><key>sourceTree</key><string>&lt;group&gt;</string><key>path</key><string>movement</string><key>name</key><string>movement</string><key>children</key><array><string>F2DEC61F1997BFA700EE31E7</string><string>F2DEC6201997BFA700EE31E7</string></array></dict><key>F2DEC61B1997B7AB00EE31E7</key><dict><key>isa</key><string>PBXFileReference</string><key>path</key><string>keyboard_adapter.cpp</string><key>sourceTree</key><string>&lt;group&gt;</string><key>lastKnownFileType</key><string>sourcecode.cpp.cpp</string><key>fileEncoding</key><string>4</string></dict><key>F2DEC61C1997B7AB00EE31E7</key><dict><key>isa</key><string>PBXFileReference</string><key>path</key><string>keyboard_adapter.h</string><key>sourceTree</key><string>&lt;group&gt;</string><key>lastKnownFileType</key><string>sourcecode.c.h</string><key>fileEncoding</key><string>4</string></dict><key>F2DEC6261997C7EA00EE31E7</key><dict><key>isa</key><string>PBXFileReference</string><key>path</key><string>mouse_adapter.cpp</string><key>sourceTree</key><string>&lt;group&gt;</string><key>lastKnownFileType</key><string>sourcecode.cpp.cpp</string><key>fileEncoding</key><string>4</string></dict><key>F2DEC6271997C7EA00EE31E7</key><dict><key>isa</key><string>PBXFileReference</string><key>path</key><string>mouse_adapter.h</string><key>sourceTree</key><string>&lt;group&gt;</string><key>lastKnownFileType</key><string>sourcecode.c.h</string><key>fileEncoding</key><string>4</string></dict><key>F2DEC61A1997B78300EE31E7</key><dict><key>isa</key><string>PBXGroup</string><key>sourceTree</key><string>&lt;group&gt;</string><key>path</key><string>adapter</string><key>name</key><string>adapter</string><key>children</key><array><string>F2DEC61B1997B7AB00EE31E7</string><string>F2DEC61C1997B7AB00EE31E7</string><string>F2DEC6261997C7EA00EE31E7</string><string>F2DEC6271997C7EA00EE31E7</string></array></dict><key>F2DEC6171997B59A00EE31E7</key><dict><key>isa</key><string>PBXFileReference</string><key>path</key><string>keyboard.cpp</string><key>sourceTree</key><string>&lt;group&gt;</string><key>lastKnownFileType</key><string>sourcecode.cpp.cpp</string><key>fileEncoding</key><string>4</string></dict><key>F2DEC6181997B59A00EE31E7</key><dict><key>isa</key><string>PBXFileReference</string><key>path</key><string>keyboard.h</string><key>sourceTree</key><string>&lt;group&gt;</string><key>lastKnownFileType</key><string>sourcecode.c.h</string><key>fileEncoding</key><string>4</string></dict><key>F2DEC6231997C63E00EE31E7</key><dict><key>isa</key><string>PBXFileReference</string><key>path</key><string>mouse.cpp</string><key>sourceTree</key><string>&lt;group&gt;</string><key>lastKnownFileType</key><string>sourcecode.cpp.cpp</string><key>fileEncoding</key><string>4</string></dict><key>F2DEC6241997C63E00EE31E7</key><dict><key>isa</key><string>PBXFileReference</string><key>path</key><string>mouse.h</string><key>sourceTree</key><string>&lt;group&gt;</string><key>lastKnownFileType</key><string>sourcecode.c.h</string><key>fileEncoding</key><string>4</string></dict><key>F29707841993705200D48CE5</key><dict><key>isa</key><string>PBXGroup</string><key>sourceTree</key><string>&lt;group&gt;</string><key>path</key><string>input</string><key>name</key><string>input</string><key>children</key><array><string>F2DEC61E1997BF7D00EE31E7</string><string>F2DEC61A1997B78300EE31E7</string><string>F2DEC6171997B59A00EE31E7</string><string>F2DEC6181997B59A00EE31E7</string><string>F2DEC6231997C63E00EE31E7</string><string>F2DEC6241997C63E00EE31E7</string></array></dict><key>F29707851993706C00D48CE5</key><dict><key>isa</key><string>PBXFileReference</string><key>path</key><string>shader.cpp</string><key>sourceTree</key><string>&lt;group&gt;</string><key>lastKnownFileType</key><string>sourcecode.cpp.cpp</string><key>fileEncoding</key><string>4</string></dict><key>F29707861993706C00D48CE5</key><dict><key>isa</key><string>PBXFileReference</string><key>path</key><string>shader.h</string><key>sourceTree</key><string>&lt;group&gt;</string><key>lastKnownFileType</key><string>sourcecode.c.h</string><key>fileEncoding</key><string>4</string></dict><key>F21EA812199911F900D78E1C</key><dict><key>isa</key><string>PBXFileReference</string><key>path</key><string>program.cpp</string><key>sourceTree</key><string>&lt;group&gt;</string><key>lastKnownFileType</key><string>sourcecode.cpp.cpp</string><key>fileEncoding</key><string>4</string></dict><key>F21EA813199911F900D78E1C</key><dict><key>isa</key><string>PBXFileReference</string><key>path</key><string>program.h</string><key>sourceTree</key><string>&lt;group&gt;</string><key>lastKnownFileType</key><string>sourcecode.c.h</string><key>fileEncoding</key><string>4</string></dict><key>F2FC464319A34D4800EFCEF5</key><dict><key>isa</key><string>PBXFileReference</string><key>path</key><string>variable_declaration.cpp</string><key>sourceTree</key><string>&lt;group&gt;</string><key>lastKnownFileType</key><string>sourcecode.cpp.cpp</string><key>fileEncoding</key><string>4</string></dict><key>F2FC464419A34D4800EFCEF5</key><dict><key>isa</key><string>PBXFileReference</string><key>path</key><string>variable_declaration.h</string><key>sourceTree</key><string>&lt;group&gt;</string><key>lastKnownFileType</key><string>sourcecode.c.h</string><key>fileEncoding</key><string>4</string></dict><key>F2660ABC19A3ACE3000AD4EE</key><dict><key>isa</key><string>PBXGroup</string><key>sourceTree</key><string>&lt;group&gt;</string><key>path</key><string>shader</string><key>name</key><string>shader</string><key>children</key><array><string>F29707851993706C00D48CE5</string><string>F29707861993706C00D48CE5</string><string>F21EA812199911F900D78E1C</string><string>F21EA813199911F900D78E1C</string><string>F2FC464319A34D4800EFCEF5</string><string>F2FC464419A34D4800EFCEF5</string></array></dict><key>F2B563BF199D2AA3007D38D3</key><dict><key>isa</key><string>PBXFileReference</string><key>path</key><string>deferred_renderer.cpp</string><key>sourceTree</key><string>&lt;group&gt;</string><key>lastKnownFileType</key><string>sourcecode.cpp.cpp</string><key>fileEncoding</key><string>4</string></dict><key>F2B563C0199D2AA3007D38D3</key><dict><key>isa</key><string>PBXFileReference</string><key>path</key><string>deferred_renderer.h</string><key>sourceTree</key><string>&lt;group&gt;</string><key>lastKnownFileType</key><string>sourcecode.c.h</string><key>fileEncoding</key><string>4</string></dict><key>F2B563BE199D2A8F007D38D3</key><dict><key>isa</key><string>PBXGroup</string><key>sourceTree</key><string>&lt;group&gt;</string><key>path</key><string>rendering</string><key>name</key><string>rendering</string><key>children</key><array><string>F2B563BF199D2AA3007D38D3</string><string>F2B563C0199D2AA3007D38D3</string></array></dict><key>F2DEC6351997EA7600EE31E7</key><dict><key>isa</key><string>PBXFileReference</string><key>path</key><string>ambient_light.cpp</string><key>sourceTree</key><string>&lt;group&gt;</string><key>lastKnownFileType</key><string>sourcecode.cpp.cpp</string><key>fileEncoding</key><string>4</string></dict><key>F2DEC6361997EA7600EE31E7</key><dict><key>isa</key><string>PBXFileReference</string><key>path</key><string>ambient_light.h</string><key>sourceTree</key><string>&lt;group&gt;</string><key>lastKnownFileType</key><string>sourcecode.c.h</string><key>fileEncoding</key><string>4</string></dict><key>F2DEC63B1997F4E000EE31E7</key><dict><key>isa</key><string>PBXFileReference</string><key>path</key><string>directional_light.cpp</string><key>sourceTree</key><string>&lt;group&gt;</string><key>lastKnownFileType</key><string>sourcecode.cpp.cpp</string><key>fileEncoding</key><string>4</string></dict><key>F2DEC63C1997F4E000EE31E7</key><dict><key>isa</key><string>PBXFileReference</string><key>path</key><string>directional_light.h</string><key>sourceTree</key><string>&lt;group&gt;</string><key>lastKnownFileType</key><string>sourcecode.c.h</string><key>fileEncoding</key><string>4</string></dict><key>F2DEC63E1997F4F800EE31E7</key><dict><key>isa</key><string>PBXFileReference</string><key>path</key><string>base_light.cpp</string><key>sourceTree</key><string>&lt;group&gt;</string><key>lastKnownFileType</key><string>sourcecode.cpp.cpp</string><key>fileEncoding</key><string>4</string></dict><key>F2DEC63F1997F4F800EE31E7</key><dict><key>isa</key><string>PBXFileReference</string><key>path</key><string>base_light.h</string><key>sourceTree</key><string>&lt;group&gt;</string><key>lastKnownFileType</key><string>sourcecode.c.h</string><key>fileEncoding</key><string>4</string></dict><key>F2A4967619980EF600588B03</key><dict><key>isa</key><string>PBXFileReference</string><key>path</key><string>attenuation.cpp</string><key>sourceTree</key><string>&lt;group&gt;</string><key>lastKnownFileType</key><string>sourcecode.cpp.cpp</string><key>fileEncoding</key><string>4</string></dict><key>F2A4967719980EF600588B03</key><dict><key>isa</key><string>PBXFileReference</string><key>path</key><string>attenuation.h</string><key>sourceTree</key><string>&lt;group&gt;</string><key>lastKnownFileType</key><string>sourcecode.c.h</string><key>fileEncoding</key><string>4</string></dict><key>F2A496791998102C00588B03</key><dict><key>isa</key><string>PBXFileReference</string><key>path</key><string>point_light.cpp</string><key>sourceTree</key><string>&lt;group&gt;</string><key>lastKnownFileType</key><string>sourcecode.cpp.cpp</string><key>fileEncoding</key><string>4</string></dict><key>F2A4967A1998102C00588B03</key><dict><key>isa</key><string>PBXFileReference</string><key>path</key><string>point_light.h</string><key>sourceTree</key><string>&lt;group&gt;</string><key>explicitFileType</key><string>sourcecode.cpp.h</string><key>fileEncoding</key><string>4</string></dict><key>F2A4968419981F1600588B03</key><dict><key>isa</key><string>PBXFileReference</string><key>path</key><string>spot_light.cpp</string><key>sourceTree</key><string>&lt;group&gt;</string><key>lastKnownFileType</key><string>sourcecode.cpp.cpp</string><key>fileEncoding</key><string>4</string></dict><key>F2A4968519981F1600588B03</key><dict><key>isa</key><string>PBXFileReference</string><key>path</key><string>spot_light.h</string><key>sourceTree</key><string>&lt;group&gt;</string><key>lastKnownFileType</key><string>sourcecode.c.h</string><key>fileEncoding</key><string>4</string></dict><key>F2DEC6341997EA4000EE31E7</key><dict><key>isa</key><string>PBXGroup</string><key>sourceTree</key><string>&lt;group&gt;</string><key>path</key><string>lighting</string><key>name</key><string>lighting</string><key>children</key><array><string>F2DEC6351997EA7600EE31E7</string><string>F2DEC6361997EA7600EE31E7</string><string>F2DEC63B1997F4E000EE31E7</string><string>F2DEC63C1997F4E000EE31E7</string><string>F2DEC63E1997F4F800EE31E7</string><string>F2DEC63F1997F4F800EE31E7</string><string>F2A4967619980EF600588B03</string><string>F2A4967719980EF600588B03</string><string>F2A496791998102C00588B03</string><string>F2A4967A1998102C00588B03</string><string>F2A4968419981F1600588B03</string><string>F2A4968519981F1600588B03</string></array></dict><key>F297078F199370D800D48CE5</key><dict><key>isa</key><string>PBXFileReference</string><key>path</key><string>texture.cpp</string><key>sourceTree</key><string>&lt;group&gt;</string><key>lastKnownFileType</key><string>sourcecode.cpp.cpp</string><key>fileEncoding</key><string>4</string></dict><key>F2970790199370D800D48CE5</key><dict><key>isa</key><string>PBXFileReference</string><key>path</key><string>texture.h</string><key>sourceTree</key><string>&lt;group&gt;</string><key>lastKnownFileType</key><string>sourcecode.c.h</string><key>fileEncoding</key><string>4</string></dict><key>F29707B3199379DC00D48CE5</key><dict><key>isa</key><string>PBXFileReference</string><key>path</key><string>material.cpp</string><key>sourceTree</key><string>&lt;group&gt;</string><key>lastKnownFileType</key><string>sourcecode.cpp.cpp</string><key>fileEncoding</key><string>4</string></dict><key>F29707B4199379DC00D48CE5</key><dict><key>isa</key><string>PBXFileReference</string><key>path</key><string>material.h</string><key>sourceTree</key><string>&lt;group&gt;</string><key>lastKnownFileType</key><string>sourcecode.c.h</string><key>fileEncoding</key><string>4</string></dict><key>F21EA80F19990FF200D78E1C</key><dict><key>isa</key><string>PBXFileReference</string><key>path</key><string>geometry_object.cpp</string><key>sourceTree</key><string>&lt;group&gt;</string><key>lastKnownFileType</key><string>sourcecode.cpp.cpp</string><key>fileEncoding</key><string>4</string></dict><key>F21EA81019990FF200D78E1C</key><dict><key>isa</key><string>PBXFileReference</string><key>path</key><string>geometry_object.h</string><key>sourceTree</key><string>&lt;group&gt;</string><key>lastKnownFileType</key><string>sourcecode.c.h</string><key>fileEncoding</key><string>4</string></dict><key>F21EA833199B9B9300D78E1C</key><dict><key>isa</key><string>PBXFileReference</string><key>path</key><string>render_target.cpp</string><key>sourceTree</key><string>&lt;group&gt;</string><key>lastKnownFileType</key><string>sourcecode.cpp.cpp</string><key>fileEncoding</key><string>4</string></dict><key>F21EA834199B9B9300D78E1C</key><dict><key>isa</key><string>PBXFileReference</string><key>path</key><string>render_target.h</string><key>sourceTree</key><string>&lt;group&gt;</string><key>lastKnownFileType</key><string>sourcecode.c.h</string><key>fileEncoding</key><string>4</string></dict><key>F2B563BB199D0CC8007D38D3</key><dict><key>isa</key><string>PBXFileReference</string><key>path</key><string>stencil.cpp</string><key>sourceTree</key><string>&lt;group&gt;</string><key>lastKnownFileType</key><string>sourcecode.cpp.cpp</string><key>fileEncoding</key><string>4</string></dict><key>F2B563BC199D0CC8007D38D3</key><dict><key>isa</key><string>PBXFileReference</string><key>path</key><string>stencil.h</string><key>sourceTree</key><string>&lt;group&gt;</string><key>lastKnownFileType</key><string>sourcecode.c.h</string><key>fileEncoding</key><string>4</string></dict><key>F279E24C199F60240001BBBF</key><dict><key>isa</key><string>PBXFileReference</string><key>path</key><string>scissor.cpp</string><key>sourceTree</key><string>&lt;group&gt;</string><key>lastKnownFileType</key><string>sourcecode.cpp.cpp</string><key>fileEncoding</key><string>4</string></dict><key>F279E24D199F60240001BBBF</key><dict><key>isa</key><string>PBXFileReference</string><key>path</key><string>scissor.h</string><key>sourceTree</key><string>&lt;group&gt;</string><key>lastKnownFileType</key><string>sourcecode.c.h</string><key>fileEncoding</key><string>4</string></dict><key>F29707831993704700D48CE5</key><dict><key>isa</key><string>PBXGroup</string><key>sourceTree</key><string>&lt;group&gt;</string><key>path</key><string>graphics</string><key>name</key><string>graphics</string><key>children</key><array><string>F2660ABC19A3ACE3000AD4EE</string><string>F2B563BE199D2A8F007D38D3</string><string>F2DEC6341997EA4000EE31E7</string><string>F297078F199370D800D48CE5</string><string>F2970790199370D800D48CE5</string><string>F29707B3199379DC00D48CE5</string><string>F29707B4199379DC00D48CE5</string><string>F21EA80F19990FF200D78E1C</string><string>F21EA81019990FF200D78E1C</string><string>F21EA833199B9B9300D78E1C</string><string>F21EA834199B9B9300D78E1C</string><string>F2B563BB199D0CC8007D38D3</string><string>F2B563BC199D0CC8007D38D3</string><string>F279E24C199F60240001BBBF</string><string>F279E24D199F60240001BBBF</string></array></dict><key>F27044D01994EC4E00C57B6A</key><dict><key>isa</key><string>PBXFileReference</string><key>path</key><string>transformation.cpp</string><key>sourceTree</key><string>&lt;group&gt;</string><key>lastKnownFileType</key><string>sourcecode.cpp.cpp</string><key>fileEncoding</key><string>4</string></dict><key>F27044D11994EC4E00C57B6A</key><dict><key>isa</key><string>PBXFileReference</string><key>path</key><string>transformation.h</string><key>sourceTree</key><string>&lt;group&gt;</string><key>lastKnownFileType</key><string>sourcecode.c.h</string><key>fileEncoding</key><string>4</string></dict><key>F297078C199370C400D48CE5</key><dict><key>isa</key><string>PBXFileReference</string><key>path</key><string>mesh.cpp</string><key>sourceTree</key><string>&lt;group&gt;</string><key>lastKnownFileType</key><string>sourcecode.cpp.cpp</string><key>fileEncoding</key><string>4</string></dict><key>F297078D199370C400D48CE5</key><dict><key>isa</key><string>PBXFileReference</string><key>path</key><string>mesh.h</string><key>sourceTree</key><string>&lt;group&gt;</string><key>lastKnownFileType</key><string>sourcecode.c.h</string><key>fileEncoding</key><string>4</string></dict><key>F29707821993703C00D48CE5</key><dict><key>isa</key><string>PBXGroup</string><key>sourceTree</key><string>&lt;group&gt;</string><key>path</key><string>geometry</string><key>name</key><string>geometry</string><key>children</key><array><string>F27044D01994EC4E00C57B6A</string><string>F27044D11994EC4E00C57B6A</string><string>F297078C199370C400D48CE5</string><string>F297078D199370C400D48CE5</string></array></dict><key>F29707AF1993786600D48CE5</key><dict><key>isa</key><string>PBXFileReference</string><key>path</key><string>image.cpp</string><key>sourceTree</key><string>&lt;group&gt;</string><key>lastKnownFileType</key><string>sourcecode.cpp.cpp</string><key>fileEncoding</key><string>4</string></dict><key>F29707B01993786600D48CE5</key><dict><key>isa</key><string>PBXFileReference</string><key>path</key><string>image.h</string><key>sourceTree</key><string>&lt;group&gt;</string><key>lastKnownFileType</key><string>sourcecode.c.h</string><key>fileEncoding</key><string>4</string></dict><key>F27044CD1994C36C00C57B6A</key><dict><key>isa</key><string>PBXFileReference</string><key>path</key><string>text.cpp</string><key>sourceTree</key><string>&lt;group&gt;</string><key>lastKnownFileType</key><string>sourcecode.cpp.cpp</string><key>fileEncoding</key><string>4</string></dict><key>F27044CE1994C36C00C57B6A</key><dict><key>isa</key><string>PBXFileReference</string><key>path</key><string>text.h</string><key>sourceTree</key><string>&lt;group&gt;</string><key>lastKnownFileType</key><string>sourcecode.c.h</string><key>fileEncoding</key><string>4</string></dict><key>F258801D19A0CA1200AC7A3C</key><dict><key>isa</key><string>PBXFileReference</string><key>path</key><string>file_path.cpp</string><key>sourceTree</key><string>&lt;group&gt;</string><key>lastKnownFileType</key><string>sourcecode.cpp.cpp</string><key>fileEncoding</key><string>4</string></dict><key>F258801E19A0CA1200AC7A3C</key><dict><key>isa</key><string>PBXFileReference</string><key>path</key><string>file_path.h</string><key>sourceTree</key><string>&lt;group&gt;</string><key>lastKnownFileType</key><string>sourcecode.c.h</string><key>fileEncoding</key><string>4</string></dict><key>F29707811993701C00D48CE5</key><dict><key>isa</key><string>PBXGroup</string><key>sourceTree</key><string>&lt;group&gt;</string><key>path</key><string>utils</string><key>name</key><string>utils</string><key>children</key><array><string>F29707AF1993786600D48CE5</string><string>F29707B01993786600D48CE5</string><string>F27044CD1994C36C00C57B6A</string><string>F27044CE1994C36C00C57B6A</string><string>F258801D19A0CA1200AC7A3C</string><string>F258801E19A0CA1200AC7A3C</string></array></dict><key>F29707AD199373A800D48CE5</key><dict><key>isa</key><string>PBXFileReference</string><key>path</key><string>opengl.h</string><key>sourceTree</key><string>&lt;group&gt;</string><key>lastKnownFileType</key><string>sourcecode.c.h</string></dict><key>F29707AE199373D500D48CE5</key><dict><key>isa</key><string>PBXFileReference</string><key>path</key><string>sdl.h</string><key>sourceTree</key><string>&lt;group&gt;</string><key>lastKnownFileType</key><string>sourcecode.c.h</string></dict><key>F297078019936FDB00D48CE5</key><dict><key>isa</key><string>PBXGroup</string><key>sourceTree</key><string>&lt;group&gt;</string><key>path</key><string>lkogl</string><key>children</key><array><string>F2293ECB19A4107300920353</string><string>F29707B2199378D300D48CE5</string><string>F29B1F50199E29D300F17051</string><string>F21EA815199A039E00D78E1C</string><string>F297079F1993727500D48CE5</string><string>F297079B199371B400D48CE5</string><string>F297078B199370A800D48CE5</string><string>F29707841993705200D48CE5</string><string>F29707831993704700D48CE5</string><string>F29707821993703C00D48CE5</string><string>F29707811993701C00D48CE5</string><string>F29707AD199373A800D48CE5</string><string>F29707AE199373D500D48CE5</string></array></dict><key>F24DA04819A3D4AF005F5F32</key><dict><key>isa</key><string>PBXFileReference</string><key>path</key><string>sand.png</string><key>sourceTree</key><string>&lt;group&gt;</string><key>lastKnownFileType</key><string>image.png</string></dict><key>F258802319A10B6B00AC7A3C</key><dict><key>isa</key><string>PBXFileReference</string><key>path</key><string>terrain.png</string><key>sourceTree</key><string>&lt;group&gt;</string><key>lastKnownFileType</key><string>image.png</string></dict><key>F2DEC6321997DDD300EE31E7</key><dict><key>isa</key><string>PBXFileReference</string><key>path</key><string>pattern.png</string><key>sourceTree</key><string>&lt;group&gt;</string><key>lastKnownFileType</key><string>image.png</string></dict><key>F238E4B919A422D300DF8601</key><dict><key>isa</key><string>PBXGroup</string><key>sourceTree</key><string>&lt;group&gt;</string><key>path</key><string>textures</string><key>name</key><string>textures</string><key>children</key><array><string>F24DA04819A3D4AF005F5F32</string><string>F258802319A10B6B00AC7A3C</string><string>F2DEC6321997DDD300EE31E7</string></array></dict><key>F21EA829199AB97100D78E1C</key><dict><key>isa</key><string>PBXFileReference</string><key>path</key><string>monkey.obj</string><key>sourceTree</key><string>&lt;group&gt;</string><key>lastKnownFileType</key><string>text</string><key>fileEncoding</key><string>4</string></dict><key>F21EA81F199A257F00D78E1C</key><dict><key>isa</key><string>PBXFileReference</string><key>path</key><string>box.obj</string><key>sourceTree</key><string>&lt;group&gt;</string><key>lastKnownFileType</key><string>text</string><key>fileEncoding</key><string>4</string></dict><key>F238E4B819A422C800DF8601</key><dict><key>isa</key><string>PBXGroup</string><key>sourceTree</key><string>&lt;group&gt;</string><key>path</key><string>meshes</string><key>name</key><string>meshes</string><key>children</key><array><string>F21EA829199AB97100D78E1C</string><string>F21EA81F199A257F00D78E1C</string></array></dict><key>F29B1F5E199E6C8800F17051</key><dict><key>isa</key><string>PBXFileReference</string><key>path</key><string>ui-element.vsh</string><key>sourceTree</key><string>&lt;group&gt;</string><key>lastKnownFileType</key><string>sourcecode.glsl</string><key>fileEncoding</key><string>4</string></dict><key>F29B1F60199E6C9100F17051</key><dict><key>isa</key><string>PBXFileReference</string><key>path</key><string>ui-element.fsh</string><key>sourceTree</key><string>&lt;group&gt;</string><key>lastKnownFileType</key><string>sourcecode.glsl</string><key>fileEncoding</key><string>4</string></dict><key>F29B1F5D199E6C7800F17051</key><dict><key>isa</key><string>PBXGroup</string><key>sourceTree</key><string>&lt;group&gt;</string><key>path</key><string>ui-shaders</string><key>name</key><string>ui-shaders</string><key>children</key><array><string>F29B1F5E199E6C8800F17051</string><string>F29B1F60199E6C9100F17051</string></array></dict><key>F21EA839199BA82700D78E1C</key><dict><key>isa</key><string>PBXFileReference</string><key>path</key><string>deferred-geometry.vsh</string><key>sourceTree</key><string>&lt;group&gt;</string><key>lastKnownFileType</key><string>sourcecode.glsl</string><key>fileEncoding</key><string>4</string></dict><key>F21EA83B199BA83200D78E1C</key><dict><key>isa</key><string>PBXFileReference</string><key>path</key><string>deferred-geometry.fsh</string><key>sourceTree</key><string>&lt;group&gt;</string><key>lastKnownFileType</key><string>sourcecode.glsl</string><key>fileEncoding</key><string>4</string></dict><key>F2B563B5199CFA28007D38D3</key><dict><key>isa</key><string>PBXFileReference</string><key>path</key><string>deferred-stencil.vsh</string><key>sourceTree</key><string>&lt;group&gt;</string><key>lastKnownFileType</key><string>sourcecode.glsl</string><key>fileEncoding</key><string>4</string></dict><key>F2B563B7199CFA37007D38D3</key><dict><key>isa</key><string>PBXFileReference</string><key>path</key><string>deferred-stencil.fsh</string><key>sourceTree</key><string>&lt;group&gt;</string><key>lastKnownFileType</key><string>sourcecode.glsl</string><key>fileEncoding</key><string>4</string></dict><key>F21EA83D199BB45700D78E1C</key><dict><key>isa</key><string>PBXFileReference</string><key>path</key><string>deferred-ambient.vsh</string><key>sourceTree</key><string>&lt;group&gt;</string><key>lastKnownFileType</key><string>sourcecode.glsl</string><key>fileEncoding</key><string>4</string></dict><key>F21EA83F199BB46200D78E1C</key><dict><key>isa</key><string>PBXFileReference</string><key>path</key><string>deferred-ambient.fsh</string><key>sourceTree</key><string>&lt;group&gt;</string><key>lastKnownFileType</key><string>sourcecode.glsl</string><key>fileEncoding</key><string>4</string></dict><key>F21EA841199BE7C000D78E1C</key><dict><key>isa</key><string>PBXFileReference</string><key>path</key><string>deferred-directional.vsh</string><key>sourceTree</key><string>&lt;group&gt;</string><key>lastKnownFileType</key><string>sourcecode.glsl</string><key>fileEncoding</key><string>4</string></dict><key>F21EA843199BE7D100D78E1C</key><dict><key>isa</key><string>PBXFileReference</string><key>path</key><string>deferred-directional.fsh</string><key>sourceTree</key><string>&lt;group&gt;</string><key>lastKnownFileType</key><string>sourcecode.glsl</string><key>fileEncoding</key><string>4</string></dict><key>F2B563C2199D3773007D38D3</key><dict><key>isa</key><string>PBXGroup</string><key>sourceTree</key><string>&lt;group&gt;</string><key>path</key><string>deferred</string><key>name</key><string>deferred</string><key>children</key><array><string>F21EA839199BA82700D78E1C</string><string>F21EA83B199BA83200D78E1C</string><string>F2B563B5199CFA28007D38D3</string><string>F2B563B7199CFA37007D38D3</string><string>F21EA83D199BB45700D78E1C</string><string>F21EA83F199BB46200D78E1C</string><string>F21EA841199BE7C000D78E1C</string><string>F21EA843199BE7D100D78E1C</string></array></dict><key>F27044C81994C29600C57B6A</key><dict><key>isa</key><string>PBXGroup</string><key>sourceTree</key><string>&lt;group&gt;</string><key>path</key><string>shaders</string><key>name</key><string>shaders</string><key>children</key><array><string>F29B1F5D199E6C7800F17051</string><string>F2B563C2199D3773007D38D3</string></array></dict><key>F297076519936C1600D48CE5</key><dict><key>isa</key><string>PBXFileReference</string><key>path</key><string>Images.xcassets</string><key>sourceTree</key><string>&lt;group&gt;</string><key>lastKnownFileType</key><string>folder.assetcatalog</string></dict><key>F297075619936A9A00D48CE5</key><dict><key>isa</key><string>PBXFileReference</string><key>path</key><string>Info.plist</string><key>sourceTree</key><string>&lt;group&gt;</string><key>lastKnownFileType</key><string>text.plist.xml</string><key>fileEncoding</key><string>4</string></dict><key>F297077F19936F8B00D48CE5</key><dict><key>isa</key><string>PBXGroup</string><key>sourceTree</key><string>&lt;group&gt;</string><key>path</key><string>Resources</string><key>children</key><array><string>F238E4B919A422D300DF8601</string><string>F238E4B819A422C800DF8601</string><string>F27044C81994C29600C57B6A</string><string>F297076519936C1600D48CE5</string><string>F297075619936A9A00D48CE5</string></array></dict><key>F297072A1993682F00D48CE5</key><dict><key>isa</key><string>PBXFileReference</string><key>path</key><string>main.cpp</string><key>sourceTree</key><string>&lt;group&gt;</string><key>lastKnownFileType</key><string>sourcecode.cpp.cpp</string></dict><key>F29707291993682F00D48CE5</key><dict><key>isa</key><string>PBXGroup</string><key>sourceTree</key><string>&lt;group&gt;</string><key>path</key><string>OpenGLFramework</string><key>children</key><array><string>F297078019936FDB00D48CE5</string><string>F297077F19936F8B00D48CE5</string><string>F297072A1993682F00D48CE5</string></array></dict><key>F297077319936C1600D48CE5</key><dict><key>isa</key><string>PBXFileReference</string><key>path</key><string>Info.plist</string><key>sourceTree</key><string>&lt;group&gt;</string><key>lastKnownFileType</key><string>text.plist.xml</string></dict><key>F297077219936C1600D48CE5</key><dict><key>isa</key><string>PBXGroup</string><key>sourceTree</key><string>&lt;group&gt;</string><key>path</key><string>Supporting Files</string><key>name</key><string>Supporting Files</string><key>children</key><array><string>F297077319936C1600D48CE5</string></array></dict><key>F297077D19936F7D00D48CE5</key><dict><key>isa</key><string>PBXFileReference</string><key>path</key><string>main.cpp</string><key>sourceTree</key><string>&lt;group&gt;</string><key>lastKnownFileType</key><string>sourcecode.cpp.cpp</string><key>fileEncoding</key><string>4</string></dict><key>F297077119936C1600D48CE5</key><dict><key>isa</key><string>PBXGroup</string><key>sourceTree</key><string>&lt;group&gt;</string><key>path</key><string>OpenGLFrameworkTests</string><key>children</key><array><string>F297077219936C1600D48CE5</string><string>F297077D19936F7D00D48CE5</string></array></dict><key>F297075C19936C1600D48CE5</key><dict><key>isa</key><string>PBXFileReference</string><key>path</key><string>OpenGLFramework.app</string><key>sourceTree</key><string>BUILT_PRODUCTS_DIR</string><key>explicitFileType</key><string>wrapper.application</string><key>includeInIndex</key><string>0</string></dict><key>F297076E19936C1600D48CE5</key><dict><key>isa</key><string>PBXFileReference</string><key>path</key><string>OpenGLFrameworkTests.xctest</string><key>sourceTree</key><string>BUILT_PRODUCTS_DIR</string><key>explicitFileType</key><string>wrapper.cfbundle</string><key>includeInIndex</key><string>0</string></dict><key>F29707281993682F00D48CE5</key><dict><key>isa</key><string>PBXGroup</string><key>sourceTree</key><string>&lt;group&gt;</string><key>name</key><string>Products</string><key>children</key><array><string>F297075C19936C1600D48CE5</string><string>F297076E19936C1600D48CE5</string></array></dict><key>F297071E1993682F00D48CE5</key><dict><key>isa</key><string>PBXGroup</string><key>sourceTree</key><string>&lt;group&gt;</string><key>children</key><array><string>F29707A91993736200D48CE5</string><string>F29707291993682F00D48CE5</string><string>F297077119936C1600D48CE5</string><string>F29707281993682F00D48CE5</string></array></dict><key>F297077719936C1600D48CE5</key><dict><key>isa</key><string>XCBuildConfiguration</string><key>name</key><string>Debug</string><key>buildSettings</key><dict><key>ASSETCATALOG_COMPILER_APPICON_NAME</key><string>AppIcon</string><key>CODE_SIGN_IDENTITY</key><string>-</string><key>COMBINE_HIDPI_IMAGES</key><string>YES</string><key>FRAMEWORK_SEARCH_PATHS</key><array><string>$(inherited)</string><string>$(USER_LIBRARY_DIR)/Frameworks</string></array><key>GCC_PREPROCESSOR_DEFINITIONS</key><array><string>DEBUG=1</string><string>$(inherited)</string></array><key>INFOPLIST_FILE</key><string>$(SRCROOT)/OpenGLFramework/Resources/Info.plist</string><key>LD_RUNPATH_SEARCH_PATHS</key><string>$(inherited) @executable_path/../Frameworks</string><key>PRODUCT_NAME</key><string>$(TARGET_NAME)</string></dict></dict><key>F297077819936C1600D48CE5</key><dict><key>isa</key><string>XCBuildConfiguration</string><key>name</key><string>Release</string><key>buildSettings</key><dict><key>ASSETCATALOG_COMPILER_APPICON_NAME</key><string>AppIcon</string><key>CODE_SIGN_IDENTITY</key><string>-</string><key>COMBINE_HIDPI_IMAGES</key><string>YES</string><key>FRAMEWORK_SEARCH_PATHS</key><array><string>$(inherited)</string><string>$(USER_LIBRARY_DIR)/Frameworks</string></array><key>INFOPLIST_FILE</key><string>$(SRCROOT)/OpenGLFramework/Resources/Info.plist</string><key>LD_RUNPATH_SEARCH_PATHS</key><string>$(inherited) @executable_path/../Frameworks</string><key>PRODUCT_NAME</key><string>$(TARGET_NAME)</string></dict></dict><key>F297077619936C1600D48CE5</key><dict><key>isa</key><string>XCConfigurationList</string><key>defaultConfigurationIsVisible</key><string>0</string><key>defaultConfigurationName</key><string>Release</string><key>buildConfigurations</key><array><string>F297077719936C1600D48CE5</string><string>F297077819936C1600D48CE5</string></array></dict><key>F2DEC60D1997681E00EE31E7</key><dict><key>isa</key><string>PBXBuildFile</string><key>fileRef</key><string>F2DEC60B1997681E00EE31E7</string></dict><key>F29707871993706C00D48CE5</key><dict><key>isa</key><string>PBXBuildFile</string><key>fileRef</key><string>F29707851993706C00D48CE5</string></dict><key>F21EA819199A03EF00D78E1C</key><dict><key>isa</key><string>PBXBuildFile</string><key>fileRef</key><string>F21EA817199A03EF00D78E1C</string></dict><key>F27044D21994EC4E00C57B6A</key><dict><key>isa</key><string>PBXBuildFile</string><key>fileRef</key><string>F27044D01994EC4E00C57B6A</string></dict><key>F29707BE199397FF00D48CE5</key><dict><key>isa</key><string>PBXBuildFile</string><key>fileRef</key><string>F29707BC199397FF00D48CE5</string></dict><key>F29B1F59199E2B9600F17051</key><dict><key>isa</key><string>PBXBuildFile</string><key>fileRef</key><string>F29B1F57199E2B9600F17051</string></dict><key>F2DEC6281997C7EA00EE31E7</key><dict><key>isa</key><string>PBXBuildFile</string><key>fileRef</key><string>F2DEC6261997C7EA00EE31E7</string></dict><key>F279E251199F66200001BBBF</key><dict><key>isa</key><string>PBXBuildFile</string><key>fileRef</key><string>F279E24F199F66200001BBBF</string></dict><key>F2A4967B1998102C00588B03</key><dict><key>isa</key><string>PBXBuildFile</string><key>fileRef</key><string>F2A496791998102C00588B03</string></dict><key>F29B1F53199E2A4E00F17051</key><dict><key>isa</key><string>PBXBuildFile</string><key>fileRef</key><string>F29B1F51199E2A4E00F17051</string></dict><key>F2B563C1199D2AA3007D38D3</key><dict><key>isa</key><string>PBXBuildFile</string><key>fileRef</key><string>F2B563BF199D2AA3007D38D3</string></dict><key>F2B0C3FC199FE247008AC975</key><dict><key>isa</key><string>PBXBuildFile</string><key>fileRef</key><string>F2B0C3FA199FE247008AC975</string></dict><key>F279E248199F48030001BBBF</key><dict><key>isa</key><string>PBXBuildFile</string><key>fileRef</key><string>F279E246199F48030001BBBF</string></dict><key>F21EA81119990FF200D78E1C</key><dict><key>isa</key><string>PBXBuildFile</string><key>fileRef</key><string>F21EA80F19990FF200D78E1C</string></dict><key>F2DEC613199790A600EE31E7</key><dict><key>isa</key><string>PBXBuildFile</string><key>fileRef</key><string>F2DEC611199790A600EE31E7</string></dict><key>F21EA82F199ABD0B00D78E1C</key><dict><key>isa</key><string>PBXBuildFile</string><key>fileRef</key><string>F21EA82D199ABD0B00D78E1C</string></dict><key>F2970791199370D800D48CE5</key><dict><key>isa</key><string>PBXBuildFile</string><key>fileRef</key><string>F297078F199370D800D48CE5</string></dict><key>F2B0C403199FF4A1008AC975</key><dict><key>isa</key><string>PBXBuildFile</string><key>fileRef</key><string>F2B0C401199FF4A1008AC975</string></dict><key>F2DEC63D1997F4E000EE31E7</key><dict><key>isa</key><string>PBXBuildFile</string><key>fileRef</key><string>F2DEC63B1997F4E000EE31E7</string></dict><key>F279E242199F476E0001BBBF</key><dict><key>isa</key><string>PBXBuildFile</string><key>fileRef</key><string>F279E240199F476E0001BBBF</string></dict><key>F29707CB1993BD9700D48CE5</key><dict><key>isa</key><string>PBXBuildFile</string><key>fileRef</key><string>F29707C91993BD9700D48CE5</string></dict><key>F2B0C400199FE7F8008AC975</key><dict><key>isa</key><string>PBXBuildFile</string><key>fileRef</key><string>F2B0C3FE199FE7F8008AC975</string></dict><key>F2FC464519A34D4800EFCEF5</key><dict><key>isa</key><string>PBXBuildFile</string><key>fileRef</key><string>F2FC464319A34D4800EFCEF5</string></dict><key>F29707B5199379DC00D48CE5</key><dict><key>isa</key><string>PBXBuildFile</string><key>fileRef</key><string>F29707B3199379DC00D48CE5</string></dict><key>F2DEC60419975A8700EE31E7</key><dict><key>isa</key><string>PBXBuildFile</string><key>fileRef</key><string>F2DEC60219975A8700EE31E7</string></dict><key>F21EA828199A8C5600D78E1C</key><dict><key>isa</key><string>PBXBuildFile</string><key>fileRef</key><string>F21EA826199A8C5600D78E1C</string></dict><key>F297077C19936F4E00D48CE5</key><dict><key>isa</key><string>PBXBuildFile</string><key>fileRef</key><string>F297072A1993682F00D48CE5</string></dict><key>F2DEC6251997C63E00EE31E7</key><dict><key>isa</key><string>PBXBuildFile</string><key>fileRef</key><string>F2DEC6231997C63E00EE31E7</string></dict><key>F2970794199370EE00D48CE5</key><dict><key>isa</key><string>PBXBuildFile</string><key>fileRef</key><string>F2970792199370EE00D48CE5</string></dict><key>F279E24E199F60240001BBBF</key><dict><key>isa</key><string>PBXBuildFile</string><key>fileRef</key><string>F279E24C199F60240001BBBF</string></dict><key>F29B1F5C199E699000F17051</key><dict><key>isa</key><string>PBXBuildFile</string><key>fileRef</key><string>F29B1F5A199E699000F17051</string></dict><key>F27044CF1994C36C00C57B6A</key><dict><key>isa</key><string>PBXBuildFile</string><key>fileRef</key><string>F27044CD1994C36C00C57B6A</string></dict><key>F2B563BD199D0CC8007D38D3</key><dict><key>isa</key><string>PBXBuildFile</string><key>fileRef</key><string>F2B563BB199D0CC8007D38D3</string></dict><key>F2DEC6371997EA7600EE31E7</key><dict><key>isa</key><string>PBXBuildFile</string><key>fileRef</key><string>F2DEC6351997EA7600EE31E7</string></dict><key>F297078E199370C400D48CE5</key><dict><key>isa</key><string>PBXBuildFile</string><key>fileRef</key><string>F297078C199370C400D48CE5</string></dict><key>F29B1F56199E2B1800F17051</key><dict><key>isa</key><string>PBXBuildFile</string><key>fileRef</key><string>F29B1F54199E2B1800F17051</string></dict><key>F21EA81C199A04AC00D78E1C</key><dict><key>isa</key><string>PBXBuildFile</string><key>fileRef</key><string>F21EA81A199A04AC00D78E1C</string></dict><key>F258801F19A0CA1200AC7A3C</key><dict><key>isa</key><string>PBXBuildFile</string><key>fileRef</key><string>F258801D19A0CA1200AC7A3C</string></dict><key>F2DEC61D1997B7AB00EE31E7</key><dict><key>isa</key><string>PBXBuildFile</string><key>fileRef</key><string>F2DEC61B1997B7AB00EE31E7</string></dict><key>F21EA835199B9B9300D78E1C</key><dict><key>isa</key><string>PBXBuildFile</string><key>fileRef</key><string>F21EA833199B9B9300D78E1C</string></dict><key>F2A4967819980EF600588B03</key><dict><key>isa</key><string>PBXBuildFile</string><key>fileRef</key><string>F2A4967619980EF600588B03</string></dict><key>F258802219A0E6C800AC7A3C</key><dict><key>isa</key><string>PBXBuildFile</string><key>fileRef</key><string>F258802019A0E6C800AC7A3C</string></dict><key>F29707A21993728300D48CE5</key><dict><key>isa</key><string>PBXBuildFile</string><key>fileRef</key><string>F29707A01993728300D48CE5</string></dict><key>F2DEC616199793A100EE31E7</key><dict><key>isa</key><string>PBXBuildFile</string><key>fileRef</key><string>F2DEC614199793A100EE31E7</string></dict><key>F2B0C3F9199FCE19008AC975</key><dict><key>isa</key><string>PBXBuildFile</string><key>fileRef</key><string>F2B0C3F7199FCE19008AC975</string></dict><key>F279E245199F47970001BBBF</key><dict><key>isa</key><string>PBXBuildFile</string><key>fileRef</key><string>F279E243199F47970001BBBF</string></dict><key>F2DEC6211997BFA700EE31E7</key><dict><key>isa</key><string>PBXBuildFile</string><key>fileRef</key><string>F2DEC61F1997BFA700EE31E7</string></dict><key>F29707B11993786600D48CE5</key><dict><key>isa</key><string>PBXBuildFile</string><key>fileRef</key><string>F29707AF1993786600D48CE5</string></dict><key>F29707971993716300D48CE5</key><dict><key>isa</key><string>PBXBuildFile</string><key>fileRef</key><string>F29707951993716300D48CE5</string></dict><key>F2DEC6191997B59A00EE31E7</key><dict><key>isa</key><string>PBXBuildFile</string><key>fileRef</key><string>F2DEC6171997B59A00EE31E7</string></dict><key>F2B0C3F3199F9EE4008AC975</key><dict><key>isa</key><string>PBXBuildFile</string><key>fileRef</key><string>F2B0C3F1199F9EE4008AC975</string></dict><key>F21EA814199911F900D78E1C</key><dict><key>isa</key><string>PBXBuildFile</string><key>fileRef</key><string>F21EA812199911F900D78E1C</string></dict><key>F2DEC6401997F4F800EE31E7</key><dict><key>isa</key><string>PBXBuildFile</string><key>fileRef</key><string>F2DEC63E1997F4F800EE31E7</string></dict><key>F24DA04C19A3F06F005F5F32</key><dict><key>isa</key><string>PBXBuildFile</string><key>fileRef</key><string>F24DA04A19A3F06F005F5F32</string></dict><key>F2DEC6081997621400EE31E7</key><dict><key>isa</key><string>PBXBuildFile</string><key>fileRef</key><string>F2DEC6061997621400EE31E7</string></dict><key>F2A4968619981F1600588B03</key><dict><key>isa</key><string>PBXBuildFile</string><key>fileRef</key><string>F2A4968419981F1600588B03</string></dict><key>F297075819936C1600D48CE5</key><dict><key>isa</key><string>PBXSourcesBuildPhase</string><key>buildActionMask</key><string>2147483647</string><key>runOnlyForDeploymentPostprocessing</key><string>0</string><key>files</key><array><string>F2DEC60D1997681E00EE31E7</string><string>F29707871993706C00D48CE5</string><string>F21EA819199A03EF00D78E1C</string><string>F27044D21994EC4E00C57B6A</string><string>F29707BE199397FF00D48CE5</string><string>F29B1F59199E2B9600F17051</string><string>F2DEC6281997C7EA00EE31E7</string><string>F279E251199F66200001BBBF</string><string>F2A4967B1998102C00588B03</string><string>F29B1F53199E2A4E00F17051</string><string>F2B563C1199D2AA3007D38D3</string><string>F2B0C3FC199FE247008AC975</string><string>F279E248199F48030001BBBF</string><string>F21EA81119990FF200D78E1C</string><string>F2DEC613199790A600EE31E7</string><string>F21EA82F199ABD0B00D78E1C</string><string>F2970791199370D800D48CE5</string><string>F2B0C403199FF4A1008AC975</string><string>F2DEC63D1997F4E000EE31E7</string><string>F279E242199F476E0001BBBF</string><string>F29707CB1993BD9700D48CE5</string><string>F2B0C400199FE7F8008AC975</string><string>F2FC464519A34D4800EFCEF5</string><string>F29707B5199379DC00D48CE5</string><string>F2DEC60419975A8700EE31E7</string><string>F21EA828199A8C5600D78E1C</string><string>F297077C19936F4E00D48CE5</string><string>F2DEC6251997C63E00EE31E7</string><string>F2970794199370EE00D48CE5</string><string>F279E24E199F60240001BBBF</string><string>F29B1F5C199E699000F17051</string><string>F27044CF1994C36C00C57B6A</string><string>F2B563BD199D0CC8007D38D3</string><string>F2DEC6371997EA7600EE31E7</string><string>F297078E199370C400D48CE5</string><string>F29B1F56199E2B1800F17051</string><string>F21EA81C199A04AC00D78E1C</string><string>F258801F19A0CA1200AC7A3C</string><string>F2DEC61D1997B7AB00EE31E7</string><string>F21EA835199B9B9300D78E1C</string><string>F2A4967819980EF600588B03</string><string>F258802219A0E6C800AC7A3C</string><string>F29707A21993728300D48CE5</string><string>F2DEC616199793A100EE31E7</string><string>F2B0C3F9199FCE19008AC975</string><string>F279E245199F47970001BBBF</string><string>F2DEC6211997BFA700EE31E7</string><string>F29707B11993786600D48CE5</string><string>F29707971993716300D48CE5</string><string>F2DEC6191997B59A00EE31E7</string><string>F2B0C3F3199F9EE4008AC975</string><string>F21EA814199911F900D78E1C</string><string>F2DEC6401997F4F800EE31E7</string><string>F24DA04C19A3F06F005F5F32</string><string>F2DEC6081997621400EE31E7</string><string>F2A4968619981F1600588B03</string></array></dict><key>F29707BB199391FD00D48CE5</key><dict><key>isa</key><string>PBXBuildFile</string><key>fileRef</key><string>F29707A31993734100D48CE5</string></dict><key>F2293EC919A4103100920353</key><dict><key>isa</key><string>PBXBuildFile</string><key>fileRef</key><string>F2293EC819A4103100920353</string></dict><key>F21EA821199A870900D78E1C</key><dict><key>isa</key><string>PBXBuildFile</string><key>fileRef</key><string>F29707A51993735D00D48CE5</string></dict><key>F21EA823199A870900D78E1C</key><dict><key>isa</key><string>PBXBuildFile</string><key>fileRef</key><string>F29707A61993735D00D48CE5</string></dict><key>F297075919936C1600D48CE5</key><dict><key>isa</key><string>PBXFrameworksBuildPhase</string><key>buildActionMask</key><string>2147483647</string><key>runOnlyForDeploymentPostprocessing</key><string>0</string><key>files</key><array><string>F29707BB199391FD00D48CE5</string><string>F2293EC919A4103100920353</string><string>F21EA821199A870900D78E1C</string><string>F21EA823199A870900D78E1C</string></array></dict><key>F21EA840199BB46200D78E1C</key><dict><key>isa</key><string>PBXBuildFile</string><key>fileRef</key><string>F21EA83F199BB46200D78E1C</string></dict><key>F21EA842199BE7C000D78E1C</key><dict><key>isa</key><string>PBXBuildFile</string><key>fileRef</key><string>F21EA841199BE7C000D78E1C</string></dict><key>F21EA82A199AB97100D78E1C</key><dict><key>isa</key><string>PBXBuildFile</string><key>fileRef</key><string>F21EA829199AB97100D78E1C</string></dict><key>F258802419A10B6B00AC7A3C</key><dict><key>isa</key><string>PBXBuildFile</string><key>fileRef</key><string>F258802319A10B6B00AC7A3C</string></dict><key>F29B1F61199E6C9100F17051</key><dict><key>isa</key><string>PBXBuildFile</string><key>fileRef</key><string>F29B1F60199E6C9100F17051</string></dict><key>F2DEC6331997DDD300EE31E7</key><dict><key>isa</key><string>PBXBuildFile</string><key>fileRef</key><string>F2DEC6321997DDD300EE31E7</string></dict><key>F21EA820199A257F00D78E1C</key><dict><key>isa</key><string>PBXBuildFile</string><key>fileRef</key><string>F21EA81F199A257F00D78E1C</string></dict><key>F21EA844199BE7D100D78E1C</key><dict><key>isa</key><string>PBXBuildFile</string><key>fileRef</key><string>F21EA843199BE7D100D78E1C</string></dict><key>F297076619936C1600D48CE5</key><dict><key>isa</key><string>PBXBuildFile</string><key>fileRef</key><string>F297076519936C1600D48CE5</string></dict><key>F21EA83A199BA82700D78E1C</key><dict><key>isa</key><string>PBXBuildFile</string><key>fileRef</key><string>F21EA839199BA82700D78E1C</string></dict><key>F24DA04919A3D4AF005F5F32</key><dict><key>isa</key><string>PBXBuildFile</string><key>fileRef</key><string>F24DA04819A3D4AF005F5F32</string></dict><key>F21EA83C199BA83200D78E1C</key><dict><key>isa</key><string>PBXBuildFile</string><key>fileRef</key><string>F21EA83B199BA83200D78E1C</string></dict><key>F29B1F5F199E6C8800F17051</key><dict><key>isa</key><string>PBXBuildFile</string><key>fileRef</key><string>F29B1F5E199E6C8800F17051</string></dict><key>F2B563B8199CFA37007D38D3</key><dict><key>isa</key><string>PBXBuildFile</string><key>fileRef</key><string>F2B563B7199CFA37007D38D3</string></dict><key>F21EA83E199BB45700D78E1C</key><dict><key>isa</key><string>PBXBuildFile</string><key>fileRef</key><string>F21EA83D199BB45700D78E1C</string></dict><key>F2B563B6199CFA28007D38D3</key><dict><key>isa</key><string>PBXBuildFile</string><key>fileRef</key><string>F2B563B5199CFA28007D38D3</string></dict><key>F297075A19936C1600D48CE5</key><dict><key>isa</key><string>PBXResourcesBuildPhase</string><key>buildActionMask</key><string>2147483647</string><key>runOnlyForDeploymentPostprocessing</key><string>0</string><key>files</key><array><string>F21EA840199BB46200D78E1C</string><string>F21EA842199BE7C000D78E1C</string><string>F21EA82A199AB97100D78E1C</string><string>F258802419A10B6B00AC7A3C</string><string>F29B1F61199E6C9100F17051</string><string>F2DEC6331997DDD300EE31E7</string><string>F21EA820199A257F00D78E1C</string><string>F21EA844199BE7D100D78E1C</string><string>F297076619936C1600D48CE5</string><string>F21EA83A199BA82700D78E1C</string><string>F24DA04919A3D4AF005F5F32</string><string>F21EA83C199BA83200D78E1C</string><string>F29B1F5F199E6C8800F17051</string><string>F2B563B8199CFA37007D38D3</string><string>F21EA83E199BB45700D78E1C</string><string>F2B563B6199CFA28007D38D3</string></array></dict><key>F21EA822199A870900D78E1C</key><dict><key>isa</key><string>PBXBuildFile</string><key>fileRef</key><string>F29707A51993735D00D48CE5</string></dict><key>F21EA824199A870900D78E1C</key><dict><key>isa</key><string>PBXBuildFile</string><key>fileRef</key><string>F29707A61993735D00D48CE5</string></dict><key>F2293ECA19A4103C00920353</key><dict><key>isa</key><string>PBXBuildFile</string><key>fileRef</key><string>F2293EC819A4103100920353</string></dict><key>F21EA825199A870900D78E1C</key><dict><key>isa</key><string>PBXCopyFilesBuildPhase</string><key>name</key><string>Embed Frameworks</string><key>dstPath</key><string></string><key>dstSubfolderSpec</key><string>10</string><key>buildActionMask</key><string>2147483647</string><key>runOnlyForDeploymentPostprocessing</key><string>0</string><key>files</key><array><string>F21EA822199A870900D78E1C</string><string>F21EA824199A870900D78E1C</string><string>F2293ECA19A4103C00920353</string></array></dict><key>F297075B19936C1600D48CE5</key><dict><key>isa</key><string>PBXNativeTarget</string><key>productType</key><string>com.apple.product-type.application</string><key>name</key><string>OpenGLFramework</string><key>productName</key><string>OpenGLFramework</string><key>productReference</key><string>F297075C19936C1600D48CE5</string><key>buildConfigurationList</key><string>F297077619936C1600D48CE5</string><key>buildRules</key><array/><key>buildPhases</key><array><string>F297075819936C1600D48CE5</string><string>F297075919936C1600D48CE5</string><string>F297075A19936C1600D48CE5</string><string>F21EA825199A870900D78E1C</string></array><key>dependencies</key><array/></dict><key>F297077A19936C1600D48CE5</key><dict><key>isa</key><string>XCBuildConfiguration</string><key>name</key><string>Debug</string><key>buildSettings</key><dict><key>BUNDLE_LOADER</key><string>$(BUILT_PRODUCTS_DIR)/OpenGLFramework.app/Contents/MacOS/OpenGLFramework</string><key>COMBINE_HIDPI_IMAGES</key><string>YES</string><key>FRAMEWORK_SEARCH_PATHS</key><array><string>$(DEVELOPER_FRAMEWORKS_DIR)</string><string>$(inherited)</string><string>$(USER_LIBRARY_DIR)/Frameworks</string></array><key>GCC_PREPROCESSOR_DEFINITIONS</key><array><string>DEBUG=1</string><string>$(inherited)</string></array><key>INFOPLIST_FILE</key><string>OpenGLFrameworkTests/Supporting Files/Info.plist</string><key>LD_RUNPATH_SEARCH_PATHS</key><string>$(inherited) @executable_path/../Frameworks @loader_path/../Frameworks</string><key>PRODUCT_NAME</key><string>$(TARGET_NAME)</string><key>TEST_HOST</key><string>$(BUNDLE_LOADER)</string></dict></dict><key>F297077B19936C1600D48CE5</key><dict><key>isa</key><string>XCBuildConfiguration</string><key>name</key><string>Release</string><key>buildSettings</key><dict><key>BUNDLE_LOADER</key><string>$(BUILT_PRODUCTS_DIR)/OpenGLFramework.app/Contents/MacOS/OpenGLFramework</string><key>COMBINE_HIDPI_IMAGES</key><string>YES</string><key>FRAMEWORK_SEARCH_PATHS</key><array><string>$(DEVELOPER_FRAMEWORKS_DIR)</string><string>$(inherited)</string><string>$(USER_LIBRARY_DIR)/Frameworks</string></array><key>INFOPLIST_FILE</key><string>OpenGLFrameworkTests/Supporting Files/Info.plist</string><key>LD_RUNPATH_SEARCH_PATHS</key><string>$(inherited) @executable_path/../Frameworks @loader_path/../Frameworks</string><key>PRODUCT_NAME</key><string>$(TARGET_NAME)</string><key>TEST_HOST</key><string>$(BUNDLE_LOADER)</string></dict></dict><key>F297077919936C1600D48CE5</key><dict><key>isa</key><string>XCConfigurationList</string><key>defaultConfigurationIsVisible</key><string>0</string><key>defaultConfigurationName</key><string>Release</string><key>buildConfigurations</key><array><string>F297077A19936C1600D48CE5</string><string>F297077B19936C1600D48CE5</string></array></dict><key>F297077E19936F7D00D48CE5</key><dict><key>isa</key><string>PBXBuildFile</string><key>fileRef</key><string>F297077D19936F7D00D48CE5</string></dict><key>F297076A19936C1600D48CE5</key><dict><key>isa</key><string>PBXSourcesBuildPhase</string><key>buildActionMask</key><string>2147483647</string><key>runOnlyForDeploymentPostprocessing</key><string>0</string><key>files</key><array><string>F297077E19936F7D00D48CE5</string></array></dict><key>F29707AA1993737E00D48CE5</key><dict><key>isa</key><string>PBXBuildFile</string><key>fileRef</key><string>F29707A51993735D00D48CE5</string></dict><key>F29707AB1993737E00D48CE5</key><dict><key>isa</key><string>PBXBuildFile</string><key>fileRef</key><string>F29707A61993735D00D48CE5</string></dict><key>F29707AC1993737E00D48CE5</key><dict><key>isa</key><string>PBXBuildFile</string><key>fileRef</key><string>F29707A31993734100D48CE5</string></dict><key>F297076B19936C1600D48CE5</key><dict><key>isa</key><string>PBXFrameworksBuildPhase</string><key>buildActionMask</key><string>2147483647</string><key>runOnlyForDeploymentPostprocessing</key><string>0</string><key>files</key><array><string>F29707AA1993737E00D48CE5</string><string>F29707AB1993737E00D48CE5</string><string>F29707AC1993737E00D48CE5</string></array></dict><key>F297076C19936C1600D48CE5</key><dict><key>isa</key><string>PBXResourcesBuildPhase</string><key>buildActionMask</key><string>2147483647</string><key>runOnlyForDeploymentPostprocessing</key><string>0</string><key>files</key><array/></dict><key>F297076F19936C1600D48CE5</key><dict><key>isa</key><string>PBXContainerItemProxy</string><key>containerPortal</key><string>F297071F1993682F00D48CE5</string><key>proxyType</key><string>1</string><key>remoteGlobalIDString</key><string>F297075B19936C1600D48CE5</string><key>remoteInfo</key><string>OpenGLFramework</string></dict><key>F297077019936C1600D48CE5</key><dict><key>isa</key><string>PBXTargetDependency</string><key>target</key><string>F297075B19936C1600D48CE5</string><key>targetProxy</key><string>F297076F19936C1600D48CE5</string></dict><key>F2C3A9CC19955E02002511E0</key><dict><key>isa</key><string>PBXContainerItemProxy</string><key>containerPortal</key><string>F297071F1993682F00D48CE5</string><key>proxyType</key><string>1</string><key>remoteGlobalIDString</key><string>F297075B19936C1600D48CE5</string><key>remoteInfo</key><string>OpenGLFramework</string></dict><key>F2C3A9CD19955E02002511E0</key><dict><key>isa</key><string>PBXTargetDependency</string><key>target</key><string>F297075B19936C1600D48CE5</string><key>targetProxy</key><string>F2C3A9CC19955E02002511E0</string></dict><key>F2C3A9CE19955E02002511E0</key><dict><key>isa</key><string>PBXContainerItemProxy</string><key>containerPortal</key><string>F297071F1993682F00D48CE5</string><key>proxyType</key><string>1</string><key>remoteGlobalIDString</key><string>F297075B19936C1600D48CE5</string><key>remoteInfo</key><string>OpenGLFramework</string></dict><key>F2C3A9CF19955E02002511E0</key><dict><key>isa</key><string>PBXTargetDependency</string><key>target</key><string>F297075B19936C1600D48CE5</string><key>targetProxy</key><string>F2C3A9CE19955E02002511E0</string></dict><key>F2C3A9D019955E04002511E0</key><dict><key>isa</key><string>PBXContainerItemProxy</string><key>containerPortal</key><string>F297071F1993682F00D48CE5</string><key>proxyType</key><string>1</string><key>remoteGlobalIDString</key><string>F297075B19936C1600D48CE5</string><key>remoteInfo</key><string>OpenGLFramework</string></dict><key>F2C3A9D119955E04002511E0</key><dict><key>isa</key><string>PBXTargetDependency</string><key>target</key><string>F297075B19936C1600D48CE5</string><key>targetProxy</key><string>F2C3A9D019955E04002511E0</string></dict><key>F297076D19936C1600D48CE5</key><dict><key>isa</key><string>PBXNativeTarget</string><key>productType</key><string>com.apple.product-type.bundle.unit-test</string><key>name</key><string>OpenGLFrameworkTests</string><key>productName</key><string>OpenGLFrameworkTests</string><key>productReference</key><string>F297076E19936C1600D48CE5</string><key>buildConfigurationList</key><string>F297077919936C1600D48CE5</string><key>buildRules</key><array/><key>buildPhases</key><array><string>F297076A19936C1600D48CE5</string><string>F297076B19936C1600D48CE5</string><string>F297076C19936C1600D48CE5</string></array><key>dependencies</key><array><string>F297077019936C1600D48CE5</string><string>F2C3A9CD19955E02002511E0</string><string>F2C3A9CF19955E02002511E0</string><string>F2C3A9D119955E04002511E0</string></array></dict></dict><key>archiveVersion</key><string>1</string><key>objectVersion</key><string>46</string><key>classes</key><dict/><key>rootObject</key><string>F297071F1993682F00D48CE5</string></dict></plist>
