// !$*UTF8*$!
{
	archiveVersion = 1;
	classes = {
	};
	objectVersion = 46;
	objects = {

/* Begin PBXBuildFile section */
		F27044CA1994C2C200C57B6A /* phong.vsh in Resources */ = {isa = PBXBuildFile; fileRef = F27044C91994C2C200C57B6A /* phong.vsh */; };
		F27044CC1994C2CC00C57B6A /* phong.fsh in Resources */ = {isa = PBXBuildFile; fileRef = F27044CB1994C2CC00C57B6A /* phong.fsh */; };
		F27044CF1994C36C00C57B6A /* text.cpp in Sources */ = {isa = PBXBuildFile; fileRef = F27044CD1994C36C00C57B6A /* text.cpp */; };
		F27044D21994EC4E00C57B6A /* transform.cpp in Sources */ = {isa = PBXBuildFile; fileRef = F27044D01994EC4E00C57B6A /* transform.cpp */; };
		F297076619936C1600D48CE5 /* Images.xcassets in Resources */ = {isa = PBXBuildFile; fileRef = F297076519936C1600D48CE5 /* Images.xcassets */; };
		F297077C19936F4E00D48CE5 /* main.cpp in Sources */ = {isa = PBXBuildFile; fileRef = F297072A1993682F00D48CE5 /* main.cpp */; };
		F297077E19936F7D00D48CE5 /* main.cpp in Sources */ = {isa = PBXBuildFile; fileRef = F297077D19936F7D00D48CE5 /* main.cpp */; };
		F29707871993706C00D48CE5 /* shader.cpp in Sources */ = {isa = PBXBuildFile; fileRef = F29707851993706C00D48CE5 /* shader.cpp */; };
		F297078E199370C400D48CE5 /* mesh.cpp in Sources */ = {isa = PBXBuildFile; fileRef = F297078C199370C400D48CE5 /* mesh.cpp */; };
		F2970791199370D800D48CE5 /* texture.cpp in Sources */ = {isa = PBXBuildFile; fileRef = F297078F199370D800D48CE5 /* texture.cpp */; };
		F2970794199370EE00D48CE5 /* math.cpp in Sources */ = {isa = PBXBuildFile; fileRef = F2970792199370EE00D48CE5 /* math.cpp */; };
		F29707971993716300D48CE5 /* node.cpp in Sources */ = {isa = PBXBuildFile; fileRef = F29707951993716300D48CE5 /* node.cpp */; };
		F297079A1993719C00D48CE5 /* group.cpp in Sources */ = {isa = PBXBuildFile; fileRef = F29707981993719C00D48CE5 /* group.cpp */; };
		F297079E1993723B00D48CE5 /* first_person_camera.cpp in Sources */ = {isa = PBXBuildFile; fileRef = F297079C1993723B00D48CE5 /* first_person_camera.cpp */; };
		F29707A21993728300D48CE5 /* game_loop.cpp in Sources */ = {isa = PBXBuildFile; fileRef = F29707A01993728300D48CE5 /* game_loop.cpp */; };
		F29707AA1993737E00D48CE5 /* SDL2.framework in Frameworks */ = {isa = PBXBuildFile; fileRef = F29707A51993735D00D48CE5 /* SDL2.framework */; };
		F29707AB1993737E00D48CE5 /* SDL2_image.framework in Frameworks */ = {isa = PBXBuildFile; fileRef = F29707A61993735D00D48CE5 /* SDL2_image.framework */; };
		F29707AC1993737E00D48CE5 /* OpenGL.framework in Frameworks */ = {isa = PBXBuildFile; fileRef = F29707A31993734100D48CE5 /* OpenGL.framework */; };
		F29707B11993786600D48CE5 /* image.cpp in Sources */ = {isa = PBXBuildFile; fileRef = F29707AF1993786600D48CE5 /* image.cpp */; };
		F29707B5199379DC00D48CE5 /* material.cpp in Sources */ = {isa = PBXBuildFile; fileRef = F29707B3199379DC00D48CE5 /* material.cpp */; };
		F29707B819937ADF00D48CE5 /* light.cpp in Sources */ = {isa = PBXBuildFile; fileRef = F29707B619937ADF00D48CE5 /* light.cpp */; };
		F29707B9199391FD00D48CE5 /* SDL2.framework in Frameworks */ = {isa = PBXBuildFile; fileRef = F29707A51993735D00D48CE5 /* SDL2.framework */; };
		F29707BA199391FD00D48CE5 /* SDL2_image.framework in Frameworks */ = {isa = PBXBuildFile; fileRef = F29707A61993735D00D48CE5 /* SDL2_image.framework */; };
		F29707BB199391FD00D48CE5 /* OpenGL.framework in Frameworks */ = {isa = PBXBuildFile; fileRef = F29707A31993734100D48CE5 /* OpenGL.framework */; };
		F29707BE199397FF00D48CE5 /* window.cpp in Sources */ = {isa = PBXBuildFile; fileRef = F29707BC199397FF00D48CE5 /* window.cpp */; };
		F29707C11993B4DB00D48CE5 /* graph.cpp in Sources */ = {isa = PBXBuildFile; fileRef = F29707BF1993B4DB00D48CE5 /* graph.cpp */; };
		F29707C41993B57500D48CE5 /* visitor.cpp in Sources */ = {isa = PBXBuildFile; fileRef = F29707C21993B57500D48CE5 /* visitor.cpp */; };
		F29707C71993B63D00D48CE5 /* leaf.cpp in Sources */ = {isa = PBXBuildFile; fileRef = F29707C51993B63D00D48CE5 /* leaf.cpp */; };
		F29707CB1993BD9700D48CE5 /* scene_renderer.cpp in Sources */ = {isa = PBXBuildFile; fileRef = F29707C91993BD9700D48CE5 /* scene_renderer.cpp */; };
		F29707CE1994382E00D48CE5 /* model.cpp in Sources */ = {isa = PBXBuildFile; fileRef = F29707CC1994382E00D48CE5 /* model.cpp */; };
/* End PBXBuildFile section */

/* Begin PBXContainerItemProxy section */
		F297076F19936C1600D48CE5 /* PBXContainerItemProxy */ = {
			isa = PBXContainerItemProxy;
			containerPortal = F297071F1993682F00D48CE5 /* Project object */;
			proxyType = 1;
			remoteGlobalIDString = F297075B19936C1600D48CE5;
			remoteInfo = OpenGLFramework;
		};
/* End PBXContainerItemProxy section */

/* Begin PBXFileReference section */
		F27044C91994C2C200C57B6A /* phong.vsh */ = {isa = PBXFileReference; explicitFileType = sourcecode.glsl; fileEncoding = 4; path = phong.vsh; sourceTree = SOURCE_ROOT; };
		F27044CB1994C2CC00C57B6A /* phong.fsh */ = {isa = PBXFileReference; explicitFileType = sourcecode.glsl; fileEncoding = 4; path = phong.fsh; sourceTree = SOURCE_ROOT; };
		F27044CD1994C36C00C57B6A /* text.cpp */ = {isa = PBXFileReference; fileEncoding = 4; lastKnownFileType = sourcecode.cpp.cpp; path = text.cpp; sourceTree = "<group>"; };
		F27044CE1994C36C00C57B6A /* text.h */ = {isa = PBXFileReference; fileEncoding = 4; lastKnownFileType = sourcecode.c.h; path = text.h; sourceTree = "<group>"; };
		F27044D01994EC4E00C57B6A /* transform.cpp */ = {isa = PBXFileReference; fileEncoding = 4; lastKnownFileType = sourcecode.cpp.cpp; path = transform.cpp; sourceTree = "<group>"; };
		F27044D11994EC4E00C57B6A /* transform.h */ = {isa = PBXFileReference; fileEncoding = 4; lastKnownFileType = sourcecode.c.h; path = transform.h; sourceTree = "<group>"; };
		F297072A1993682F00D48CE5 /* main.cpp */ = {isa = PBXFileReference; lastKnownFileType = sourcecode.cpp.cpp; path = main.cpp; sourceTree = "<group>"; };
		F297075619936A9A00D48CE5 /* Info.plist */ = {isa = PBXFileReference; fileEncoding = 4; lastKnownFileType = text.plist.xml; name = Info.plist; path = ../Info.plist; sourceTree = "<group>"; };
		F297075C19936C1600D48CE5 /* OpenGLFramework.app */ = {isa = PBXFileReference; explicitFileType = wrapper.application; includeInIndex = 0; path = OpenGLFramework.app; sourceTree = BUILT_PRODUCTS_DIR; };
		F297076519936C1600D48CE5 /* Images.xcassets */ = {isa = PBXFileReference; lastKnownFileType = folder.assetcatalog; name = Images.xcassets; path = ../Images.xcassets; sourceTree = "<group>"; };
		F297076E19936C1600D48CE5 /* OpenGLFrameworkTests.xctest */ = {isa = PBXFileReference; explicitFileType = wrapper.cfbundle; includeInIndex = 0; path = OpenGLFrameworkTests.xctest; sourceTree = BUILT_PRODUCTS_DIR; };
		F297077319936C1600D48CE5 /* Info.plist */ = {isa = PBXFileReference; lastKnownFileType = text.plist.xml; path = Info.plist; sourceTree = "<group>"; };
		F297077D19936F7D00D48CE5 /* main.cpp */ = {isa = PBXFileReference; fileEncoding = 4; lastKnownFileType = sourcecode.cpp.cpp; path = main.cpp; sourceTree = "<group>"; };
		F29707851993706C00D48CE5 /* shader.cpp */ = {isa = PBXFileReference; fileEncoding = 4; lastKnownFileType = sourcecode.cpp.cpp; path = shader.cpp; sourceTree = "<group>"; };
		F29707861993706C00D48CE5 /* shader.h */ = {isa = PBXFileReference; fileEncoding = 4; lastKnownFileType = sourcecode.c.h; path = shader.h; sourceTree = "<group>"; };
		F297078C199370C400D48CE5 /* mesh.cpp */ = {isa = PBXFileReference; fileEncoding = 4; lastKnownFileType = sourcecode.cpp.cpp; path = mesh.cpp; sourceTree = "<group>"; };
		F297078D199370C400D48CE5 /* mesh.h */ = {isa = PBXFileReference; fileEncoding = 4; lastKnownFileType = sourcecode.c.h; path = mesh.h; sourceTree = "<group>"; };
		F297078F199370D800D48CE5 /* texture.cpp */ = {isa = PBXFileReference; fileEncoding = 4; lastKnownFileType = sourcecode.cpp.cpp; path = texture.cpp; sourceTree = "<group>"; };
		F2970790199370D800D48CE5 /* texture.h */ = {isa = PBXFileReference; fileEncoding = 4; lastKnownFileType = sourcecode.c.h; path = texture.h; sourceTree = "<group>"; };
		F2970792199370EE00D48CE5 /* math.cpp */ = {isa = PBXFileReference; fileEncoding = 4; lastKnownFileType = sourcecode.cpp.cpp; path = math.cpp; sourceTree = "<group>"; };
		F2970793199370EE00D48CE5 /* math.h */ = {isa = PBXFileReference; fileEncoding = 4; lastKnownFileType = sourcecode.c.h; path = math.h; sourceTree = "<group>"; };
		F29707951993716300D48CE5 /* node.cpp */ = {isa = PBXFileReference; fileEncoding = 4; lastKnownFileType = sourcecode.cpp.cpp; path = node.cpp; sourceTree = "<group>"; };
		F29707961993716300D48CE5 /* node.h */ = {isa = PBXFileReference; fileEncoding = 4; lastKnownFileType = sourcecode.c.h; path = node.h; sourceTree = "<group>"; };
		F29707981993719C00D48CE5 /* group.cpp */ = {isa = PBXFileReference; fileEncoding = 4; lastKnownFileType = sourcecode.cpp.cpp; path = group.cpp; sourceTree = "<group>"; };
		F29707991993719C00D48CE5 /* group.h */ = {isa = PBXFileReference; fileEncoding = 4; lastKnownFileType = sourcecode.c.h; path = group.h; sourceTree = "<group>"; };
		F297079C1993723B00D48CE5 /* first_person_camera.cpp */ = {isa = PBXFileReference; fileEncoding = 4; lastKnownFileType = sourcecode.cpp.cpp; path = first_person_camera.cpp; sourceTree = "<group>"; };
		F297079D1993723B00D48CE5 /* first_person_camera.h */ = {isa = PBXFileReference; fileEncoding = 4; lastKnownFileType = sourcecode.c.h; path = first_person_camera.h; sourceTree = "<group>"; };
		F29707A01993728300D48CE5 /* game_loop.cpp */ = {isa = PBXFileReference; fileEncoding = 4; lastKnownFileType = sourcecode.cpp.cpp; path = game_loop.cpp; sourceTree = "<group>"; };
		F29707A11993728300D48CE5 /* game_loop.h */ = {isa = PBXFileReference; fileEncoding = 4; lastKnownFileType = sourcecode.c.h; path = game_loop.h; sourceTree = "<group>"; };
		F29707A31993734100D48CE5 /* OpenGL.framework */ = {isa = PBXFileReference; lastKnownFileType = wrapper.framework; name = OpenGL.framework; path = System/Library/Frameworks/OpenGL.framework; sourceTree = SDKROOT; };
		F29707A51993735D00D48CE5 /* SDL2.framework */ = {isa = PBXFileReference; lastKnownFileType = wrapper.framework; name = SDL2.framework; path = ../../../Library/Frameworks/SDL2.framework; sourceTree = "<group>"; };
		F29707A61993735D00D48CE5 /* SDL2_image.framework */ = {isa = PBXFileReference; lastKnownFileType = wrapper.framework; name = SDL2_image.framework; path = ../../../Library/Frameworks/SDL2_image.framework; sourceTree = "<group>"; };
		F29707AD199373A800D48CE5 /* opengl.h */ = {isa = PBXFileReference; lastKnownFileType = sourcecode.c.h; path = opengl.h; sourceTree = "<group>"; };
		F29707AE199373D500D48CE5 /* sdl.h */ = {isa = PBXFileReference; lastKnownFileType = sourcecode.c.h; path = sdl.h; sourceTree = "<group>"; };
		F29707AF1993786600D48CE5 /* image.cpp */ = {isa = PBXFileReference; fileEncoding = 4; lastKnownFileType = sourcecode.cpp.cpp; path = image.cpp; sourceTree = "<group>"; };
		F29707B01993786600D48CE5 /* image.h */ = {isa = PBXFileReference; fileEncoding = 4; lastKnownFileType = sourcecode.c.h; path = image.h; sourceTree = "<group>"; };
		F29707B3199379DC00D48CE5 /* material.cpp */ = {isa = PBXFileReference; fileEncoding = 4; lastKnownFileType = sourcecode.cpp.cpp; path = material.cpp; sourceTree = "<group>"; };
		F29707B4199379DC00D48CE5 /* material.h */ = {isa = PBXFileReference; fileEncoding = 4; lastKnownFileType = sourcecode.c.h; path = material.h; sourceTree = "<group>"; };
		F29707B619937ADF00D48CE5 /* light.cpp */ = {isa = PBXFileReference; fileEncoding = 4; lastKnownFileType = sourcecode.cpp.cpp; path = light.cpp; sourceTree = "<group>"; };
		F29707B719937ADF00D48CE5 /* light.h */ = {isa = PBXFileReference; fileEncoding = 4; lastKnownFileType = sourcecode.c.h; path = light.h; sourceTree = "<group>"; };
		F29707BC199397FF00D48CE5 /* window.cpp */ = {isa = PBXFileReference; fileEncoding = 4; lastKnownFileType = sourcecode.cpp.cpp; path = window.cpp; sourceTree = "<group>"; };
		F29707BD199397FF00D48CE5 /* window.h */ = {isa = PBXFileReference; fileEncoding = 4; lastKnownFileType = sourcecode.c.h; path = window.h; sourceTree = "<group>"; };
		F29707BF1993B4DB00D48CE5 /* graph.cpp */ = {isa = PBXFileReference; fileEncoding = 4; lastKnownFileType = sourcecode.cpp.cpp; path = graph.cpp; sourceTree = "<group>"; };
		F29707C01993B4DB00D48CE5 /* graph.h */ = {isa = PBXFileReference; fileEncoding = 4; lastKnownFileType = sourcecode.c.h; path = graph.h; sourceTree = "<group>"; };
		F29707C21993B57500D48CE5 /* visitor.cpp */ = {isa = PBXFileReference; fileEncoding = 4; lastKnownFileType = sourcecode.cpp.cpp; path = visitor.cpp; sourceTree = "<group>"; };
		F29707C31993B57500D48CE5 /* visitor.h */ = {isa = PBXFileReference; fileEncoding = 4; lastKnownFileType = sourcecode.c.h; path = visitor.h; sourceTree = "<group>"; };
		F29707C51993B63D00D48CE5 /* leaf.cpp */ = {isa = PBXFileReference; fileEncoding = 4; lastKnownFileType = sourcecode.cpp.cpp; path = leaf.cpp; sourceTree = "<group>"; };
		F29707C61993B63D00D48CE5 /* leaf.h */ = {isa = PBXFileReference; fileEncoding = 4; lastKnownFileType = sourcecode.c.h; path = leaf.h; sourceTree = "<group>"; };
		F29707C91993BD9700D48CE5 /* scene_renderer.cpp */ = {isa = PBXFileReference; fileEncoding = 4; lastKnownFileType = sourcecode.cpp.cpp; path = scene_renderer.cpp; sourceTree = "<group>"; };
		F29707CA1993BD9700D48CE5 /* scene_renderer.h */ = {isa = PBXFileReference; fileEncoding = 4; lastKnownFileType = sourcecode.c.h; path = scene_renderer.h; sourceTree = "<group>"; };
		F29707CC1994382E00D48CE5 /* model.cpp */ = {isa = PBXFileReference; fileEncoding = 4; lastKnownFileType = sourcecode.cpp.cpp; path = model.cpp; sourceTree = "<group>"; };
		F29707CD1994382E00D48CE5 /* model.h */ = {isa = PBXFileReference; fileEncoding = 4; lastKnownFileType = sourcecode.c.h; path = model.h; sourceTree = "<group>"; };
/* End PBXFileReference section */

/* Begin PBXFrameworksBuildPhase section */
		F297075919936C1600D48CE5 /* Frameworks */ = {
			isa = PBXFrameworksBuildPhase;
			buildActionMask = 2147483647;
			files = (
				F29707B9199391FD00D48CE5 /* SDL2.framework in Frameworks */,
				F29707BA199391FD00D48CE5 /* SDL2_image.framework in Frameworks */,
				F29707BB199391FD00D48CE5 /* OpenGL.framework in Frameworks */,
			);
			runOnlyForDeploymentPostprocessing = 0;
		};
		F297076B19936C1600D48CE5 /* Frameworks */ = {
			isa = PBXFrameworksBuildPhase;
			buildActionMask = 2147483647;
			files = (
				F29707AA1993737E00D48CE5 /* SDL2.framework in Frameworks */,
				F29707AB1993737E00D48CE5 /* SDL2_image.framework in Frameworks */,
				F29707AC1993737E00D48CE5 /* OpenGL.framework in Frameworks */,
			);
			runOnlyForDeploymentPostprocessing = 0;
		};
/* End PBXFrameworksBuildPhase section */

/* Begin PBXGroup section */
		F27044C81994C29600C57B6A /* Shader */ = {
			isa = PBXGroup;
			children = (
				F27044C91994C2C200C57B6A /* phong.vsh */,
				F27044CB1994C2CC00C57B6A /* phong.fsh */,
			);
			name = Shader;
			sourceTree = "<group>";
		};
		F297071E1993682F00D48CE5 = {
			isa = PBXGroup;
			children = (
				F29707A91993736200D48CE5 /* Frameworks */,
				F29707291993682F00D48CE5 /* OpenGLFramework */,
				F297077119936C1600D48CE5 /* OpenGLFrameworkTests */,
				F29707281993682F00D48CE5 /* Products */,
			);
			sourceTree = "<group>";
		};
		F29707281993682F00D48CE5 /* Products */ = {
			isa = PBXGroup;
			children = (
				F297075C19936C1600D48CE5 /* OpenGLFramework.app */,
				F297076E19936C1600D48CE5 /* OpenGLFrameworkTests.xctest */,
			);
			name = Products;
			sourceTree = "<group>";
		};
		F29707291993682F00D48CE5 /* OpenGLFramework */ = {
			isa = PBXGroup;
			children = (
				F297078019936FDB00D48CE5 /* logl */,
				F297077F19936F8B00D48CE5 /* Resources */,
				F297072A1993682F00D48CE5 /* main.cpp */,
			);
			path = OpenGLFramework;
			sourceTree = "<group>";
		};
		F297077119936C1600D48CE5 /* OpenGLFrameworkTests */ = {
			isa = PBXGroup;
			children = (
				F297077219936C1600D48CE5 /* Supporting Files */,
				F297077D19936F7D00D48CE5 /* main.cpp */,
			);
			path = OpenGLFrameworkTests;
			sourceTree = "<group>";
		};
		F297077219936C1600D48CE5 /* Supporting Files */ = {
			isa = PBXGroup;
			children = (
				F297077319936C1600D48CE5 /* Info.plist */,
			);
			name = "Supporting Files";
			sourceTree = "<group>";
		};
		F297077F19936F8B00D48CE5 /* Resources */ = {
			isa = PBXGroup;
			children = (
				F27044C81994C29600C57B6A /* Shader */,
				F297076519936C1600D48CE5 /* Images.xcassets */,
				F297075619936A9A00D48CE5 /* Info.plist */,
			);
			path = Resources;
			sourceTree = "<group>";
		};
		F297078019936FDB00D48CE5 /* logl */ = {
			isa = PBXGroup;
			children = (
				F29707B2199378D300D48CE5 /* math */,
				F297079F1993727500D48CE5 /* loop */,
				F297079B199371B400D48CE5 /* camera */,
				F297078B199370A800D48CE5 /* scene */,
				F29707841993705200D48CE5 /* input */,
				F29707831993704700D48CE5 /* graphics */,
				F29707821993703C00D48CE5 /* geometry */,
				F29707811993701C00D48CE5 /* utils */,
				F29707AD199373A800D48CE5 /* opengl.h */,
				F29707AE199373D500D48CE5 /* sdl.h */,
			);
			name = logl;
			path = lkogl;
			sourceTree = "<group>";
		};
		F29707811993701C00D48CE5 /* utils */ = {
			isa = PBXGroup;
			children = (
				F29707AF1993786600D48CE5 /* image.cpp */,
				F29707B01993786600D48CE5 /* image.h */,
				F27044CD1994C36C00C57B6A /* text.cpp */,
				F27044CE1994C36C00C57B6A /* text.h */,
			);
			name = utils;
			sourceTree = "<group>";
		};
		F29707821993703C00D48CE5 /* geometry */ = {
			isa = PBXGroup;
			children = (
				F27044D01994EC4E00C57B6A /* transform.cpp */,
				F27044D11994EC4E00C57B6A /* transform.h */,
				F297078C199370C400D48CE5 /* mesh.cpp */,
				F297078D199370C400D48CE5 /* mesh.h */,
			);
			name = geometry;
			sourceTree = "<group>";
		};
		F29707831993704700D48CE5 /* graphics */ = {
			isa = PBXGroup;
			children = (
				F29707CC1994382E00D48CE5 /* model.cpp */,
				F29707CD1994382E00D48CE5 /* model.h */,
				F29707851993706C00D48CE5 /* shader.cpp */,
				F29707861993706C00D48CE5 /* shader.h */,
				F297078F199370D800D48CE5 /* texture.cpp */,
				F2970790199370D800D48CE5 /* texture.h */,
				F29707B3199379DC00D48CE5 /* material.cpp */,
				F29707B4199379DC00D48CE5 /* material.h */,
				F29707B619937ADF00D48CE5 /* light.cpp */,
				F29707B719937ADF00D48CE5 /* light.h */,
			);
			name = graphics;
			sourceTree = "<group>";
		};
		F29707841993705200D48CE5 /* input */ = {
			isa = PBXGroup;
			children = (
			);
			name = input;
			sourceTree = "<group>";
		};
		F297078B199370A800D48CE5 /* scene */ = {
			isa = PBXGroup;
			children = (
				F29707C81993BD8100D48CE5 /* visitors */,
				F29707951993716300D48CE5 /* node.cpp */,
				F29707961993716300D48CE5 /* node.h */,
				F29707981993719C00D48CE5 /* group.cpp */,
				F29707991993719C00D48CE5 /* group.h */,
				F29707BF1993B4DB00D48CE5 /* graph.cpp */,
				F29707C01993B4DB00D48CE5 /* graph.h */,
				F29707C21993B57500D48CE5 /* visitor.cpp */,
				F29707C31993B57500D48CE5 /* visitor.h */,
				F29707C51993B63D00D48CE5 /* leaf.cpp */,
				F29707C61993B63D00D48CE5 /* leaf.h */,
			);
			name = scene;
			sourceTree = "<group>";
		};
		F297079B199371B400D48CE5 /* camera */ = {
			isa = PBXGroup;
			children = (
				F297079C1993723B00D48CE5 /* first_person_camera.cpp */,
				F297079D1993723B00D48CE5 /* first_person_camera.h */,
			);
			name = camera;
			sourceTree = "<group>";
		};
		F297079F1993727500D48CE5 /* loop */ = {
			isa = PBXGroup;
			children = (
				F29707A01993728300D48CE5 /* game_loop.cpp */,
				F29707A11993728300D48CE5 /* game_loop.h */,
				F29707BC199397FF00D48CE5 /* window.cpp */,
				F29707BD199397FF00D48CE5 /* window.h */,
			);
			name = loop;
			sourceTree = "<group>";
		};
		F29707A91993736200D48CE5 /* Frameworks */ = {
			isa = PBXGroup;
			children = (
				F29707A51993735D00D48CE5 /* SDL2.framework */,
				F29707A61993735D00D48CE5 /* SDL2_image.framework */,
				F29707A31993734100D48CE5 /* OpenGL.framework */,
			);
			name = Frameworks;
			sourceTree = "<group>";
		};
		F29707B2199378D300D48CE5 /* math */ = {
			isa = PBXGroup;
			children = (
				F2970792199370EE00D48CE5 /* math.cpp */,
				F2970793199370EE00D48CE5 /* math.h */,
			);
			name = math;
			sourceTree = "<group>";
		};
		F29707C81993BD8100D48CE5 /* visitors */ = {
			isa = PBXGroup;
			children = (
				F29707C91993BD9700D48CE5 /* scene_renderer.cpp */,
				F29707CA1993BD9700D48CE5 /* scene_renderer.h */,
			);
			name = visitors;
			sourceTree = "<group>";
		};
/* End PBXGroup section */

/* Begin PBXNativeTarget section */
		F297075B19936C1600D48CE5 /* OpenGLFramework */ = {
			isa = PBXNativeTarget;
			buildConfigurationList = F297077619936C1600D48CE5 /* Build configuration list for PBXNativeTarget "OpenGLFramework" */;
			buildPhases = (
				F297075819936C1600D48CE5 /* Sources */,
				F297075919936C1600D48CE5 /* Frameworks */,
				F297075A19936C1600D48CE5 /* Resources */,
			);
			buildRules = (
			);
			dependencies = (
			);
			name = OpenGLFramework;
			productName = OpenGLFramework;
			productReference = F297075C19936C1600D48CE5 /* OpenGLFramework.app */;
			productType = "com.apple.product-type.application";
		};
		F297076D19936C1600D48CE5 /* OpenGLFrameworkTests */ = {
			isa = PBXNativeTarget;
			buildConfigurationList = F297077919936C1600D48CE5 /* Build configuration list for PBXNativeTarget "OpenGLFrameworkTests" */;
			buildPhases = (
				F297076A19936C1600D48CE5 /* Sources */,
				F297076B19936C1600D48CE5 /* Frameworks */,
				F297076C19936C1600D48CE5 /* Resources */,
			);
			buildRules = (
			);
			dependencies = (
				F297077019936C1600D48CE5 /* PBXTargetDependency */,
			);
			name = OpenGLFrameworkTests;
			productName = OpenGLFrameworkTests;
			productReference = F297076E19936C1600D48CE5 /* OpenGLFrameworkTests.xctest */;
			productType = "com.apple.product-type.bundle.unit-test";
		};
/* End PBXNativeTarget section */

/* Begin PBXProject section */
		F297071F1993682F00D48CE5 /* Project object */ = {
			isa = PBXProject;
			attributes = {
				LastUpgradeCheck = 0600;
				ORGANIZATIONNAME = "Laszlo Korte";
				TargetAttributes = {
					F297075B19936C1600D48CE5 = {
						CreatedOnToolsVersion = 6.0;
					};
					F297076D19936C1600D48CE5 = {
						CreatedOnToolsVersion = 6.0;
						TestTargetID = F297075B19936C1600D48CE5;
					};
				};
			};
			buildConfigurationList = F29707221993682F00D48CE5 /* Build configuration list for PBXProject "OpenGLFramework" */;
			compatibilityVersion = "Xcode 3.2";
			developmentRegion = English;
			hasScannedForEncodings = 0;
			knownRegions = (
				en,
				Base,
			);
			mainGroup = F297071E1993682F00D48CE5;
			productRefGroup = F29707281993682F00D48CE5 /* Products */;
			projectDirPath = "";
			projectRoot = "";
			targets = (
				F297075B19936C1600D48CE5 /* OpenGLFramework */,
				F297076D19936C1600D48CE5 /* OpenGLFrameworkTests */,
			);
		};
/* End PBXProject section */

/* Begin PBXResourcesBuildPhase section */
		F297075A19936C1600D48CE5 /* Resources */ = {
			isa = PBXResourcesBuildPhase;
			buildActionMask = 2147483647;
			files = (
				F27044CA1994C2C200C57B6A /* phong.vsh in Resources */,
				F27044CC1994C2CC00C57B6A /* phong.fsh in Resources */,
				F297076619936C1600D48CE5 /* Images.xcassets in Resources */,
			);
			runOnlyForDeploymentPostprocessing = 0;
		};
		F297076C19936C1600D48CE5 /* Resources */ = {
			isa = PBXResourcesBuildPhase;
			buildActionMask = 2147483647;
			files = (
			);
			runOnlyForDeploymentPostprocessing = 0;
		};
/* End PBXResourcesBuildPhase section */

/* Begin PBXSourcesBuildPhase section */
		F297075819936C1600D48CE5 /* Sources */ = {
			isa = PBXSourcesBuildPhase;
			buildActionMask = 2147483647;
			files = (
				F29707871993706C00D48CE5 /* shader.cpp in Sources */,
				F29707C71993B63D00D48CE5 /* leaf.cpp in Sources */,
				F27044D21994EC4E00C57B6A /* transform.cpp in Sources */,
				F297079A1993719C00D48CE5 /* group.cpp in Sources */,
				F29707BE199397FF00D48CE5 /* window.cpp in Sources */,
				F29707B819937ADF00D48CE5 /* light.cpp in Sources */,
				F2970791199370D800D48CE5 /* texture.cpp in Sources */,
				F29707CB1993BD9700D48CE5 /* scene_renderer.cpp in Sources */,
				F29707C41993B57500D48CE5 /* visitor.cpp in Sources */,
				F29707B5199379DC00D48CE5 /* material.cpp in Sources */,
				F29707C11993B4DB00D48CE5 /* graph.cpp in Sources */,
				F297077C19936F4E00D48CE5 /* main.cpp in Sources */,
				F29707CE1994382E00D48CE5 /* model.cpp in Sources */,
				F2970794199370EE00D48CE5 /* math.cpp in Sources */,
				F27044CF1994C36C00C57B6A /* text.cpp in Sources */,
				F297078E199370C400D48CE5 /* mesh.cpp in Sources */,
				F29707A21993728300D48CE5 /* game_loop.cpp in Sources */,
				F29707B11993786600D48CE5 /* image.cpp in Sources */,
				F297079E1993723B00D48CE5 /* first_person_camera.cpp in Sources */,
				F29707971993716300D48CE5 /* node.cpp in Sources */,
			);
			runOnlyForDeploymentPostprocessing = 0;
		};
		F297076A19936C1600D48CE5 /* Sources */ = {
			isa = PBXSourcesBuildPhase;
			buildActionMask = 2147483647;
			files = (
				F297077E19936F7D00D48CE5 /* main.cpp in Sources */,
			);
			runOnlyForDeploymentPostprocessing = 0;
		};
/* End PBXSourcesBuildPhase section */

/* Begin PBXTargetDependency section */
		F297077019936C1600D48CE5 /* PBXTargetDependency */ = {
			isa = PBXTargetDependency;
			target = F297075B19936C1600D48CE5 /* OpenGLFramework */;
			targetProxy = F297076F19936C1600D48CE5 /* PBXContainerItemProxy */;
		};
/* End PBXTargetDependency section */

/* Begin XCBuildConfiguration section */
		F297072C1993682F00D48CE5 /* Debug */ = {
			isa = XCBuildConfiguration;
			buildSettings = {
				ALWAYS_SEARCH_USER_PATHS = NO;
				CLANG_CXX_LANGUAGE_STANDARD = "gnu++0x";
				CLANG_CXX_LIBRARY = "libc++";
				CLANG_ENABLE_MODULES = YES;
				CLANG_ENABLE_OBJC_ARC = YES;
				CLANG_WARN_BOOL_CONVERSION = YES;
				CLANG_WARN_CONSTANT_CONVERSION = YES;
				CLANG_WARN_DIRECT_OBJC_ISA_USAGE = YES_ERROR;
				CLANG_WARN_EMPTY_BODY = YES;
				CLANG_WARN_ENUM_CONVERSION = YES;
				CLANG_WARN_INT_CONVERSION = YES;
				CLANG_WARN_OBJC_ROOT_CLASS = YES_ERROR;
				CLANG_WARN_UNREACHABLE_CODE = YES;
				CLANG_WARN__DUPLICATE_METHOD_MATCH = YES;
				COPY_PHASE_STRIP = NO;
				ENABLE_STRICT_OBJC_MSGSEND = YES;
				GCC_C_LANGUAGE_STANDARD = c11;
				GCC_DYNAMIC_NO_PIC = NO;
				GCC_OPTIMIZATION_LEVEL = 0;
				GCC_PREPROCESSOR_DEFINITIONS = (
					"DEBUG=1",
					"$(inherited)",
				);
				GCC_SYMBOLS_PRIVATE_EXTERN = NO;
				GCC_WARN_64_TO_32_BIT_CONVERSION = YES;
				GCC_WARN_ABOUT_RETURN_TYPE = YES_ERROR;
				GCC_WARN_UNDECLARED_SELECTOR = YES;
				GCC_WARN_UNINITIALIZED_AUTOS = YES_AGGRESSIVE;
				GCC_WARN_UNUSED_FUNCTION = YES;
				GCC_WARN_UNUSED_VARIABLE = YES;
				MACOSX_DEPLOYMENT_TARGET = 10.8;
				MTL_ENABLE_DEBUG_INFO = YES;
				ONLY_ACTIVE_ARCH = YES;
				SDKROOT = macosx;
			};
			name = Debug;
		};
		F297072D1993682F00D48CE5 /* Release */ = {
			isa = XCBuildConfiguration;
			buildSettings = {
				ALWAYS_SEARCH_USER_PATHS = NO;
				CLANG_CXX_LANGUAGE_STANDARD = "gnu++0x";
				CLANG_CXX_LIBRARY = "libc++";
				CLANG_ENABLE_MODULES = YES;
				CLANG_ENABLE_OBJC_ARC = YES;
				CLANG_WARN_BOOL_CONVERSION = YES;
				CLANG_WARN_CONSTANT_CONVERSION = YES;
				CLANG_WARN_DIRECT_OBJC_ISA_USAGE = YES_ERROR;
				CLANG_WARN_EMPTY_BODY = YES;
				CLANG_WARN_ENUM_CONVERSION = YES;
				CLANG_WARN_INT_CONVERSION = YES;
				CLANG_WARN_OBJC_ROOT_CLASS = YES_ERROR;
				CLANG_WARN_UNREACHABLE_CODE = YES;
				CLANG_WARN__DUPLICATE_METHOD_MATCH = YES;
				COPY_PHASE_STRIP = YES;
				DEBUG_INFORMATION_FORMAT = "dwarf-with-dsym";
				ENABLE_NS_ASSERTIONS = NO;
				ENABLE_STRICT_OBJC_MSGSEND = YES;
				GCC_C_LANGUAGE_STANDARD = c11;
				GCC_WARN_64_TO_32_BIT_CONVERSION = YES;
				GCC_WARN_ABOUT_RETURN_TYPE = YES_ERROR;
				GCC_WARN_UNDECLARED_SELECTOR = YES;
				GCC_WARN_UNINITIALIZED_AUTOS = YES_AGGRESSIVE;
				GCC_WARN_UNUSED_FUNCTION = YES;
				GCC_WARN_UNUSED_VARIABLE = YES;
				MACOSX_DEPLOYMENT_TARGET = 10.8;
				MTL_ENABLE_DEBUG_INFO = NO;
				SDKROOT = macosx;
			};
			name = Release;
		};
		F297077719936C1600D48CE5 /* Debug */ = {
			isa = XCBuildConfiguration;
			buildSettings = {
				ASSETCATALOG_COMPILER_APPICON_NAME = AppIcon;
				CODE_SIGN_IDENTITY = "-";
				COMBINE_HIDPI_IMAGES = YES;
				FRAMEWORK_SEARCH_PATHS = (
					"$(inherited)",
					"$(USER_LIBRARY_DIR)/Frameworks",
				);
				GCC_PREPROCESSOR_DEFINITIONS = (
					"DEBUG=1",
					"$(inherited)",
				);
				INFOPLIST_FILE = OpenGLFramework/Info.plist;
				LD_RUNPATH_SEARCH_PATHS = "$(inherited) @executable_path/../Frameworks";
				PRODUCT_NAME = "$(TARGET_NAME)";
			};
			name = Debug;
		};
		F297077819936C1600D48CE5 /* Release */ = {
			isa = XCBuildConfiguration;
			buildSettings = {
				ASSETCATALOG_COMPILER_APPICON_NAME = AppIcon;
				CODE_SIGN_IDENTITY = "-";
				COMBINE_HIDPI_IMAGES = YES;
				FRAMEWORK_SEARCH_PATHS = (
					"$(inherited)",
					"$(USER_LIBRARY_DIR)/Frameworks",
				);
				INFOPLIST_FILE = OpenGLFramework/Info.plist;
				LD_RUNPATH_SEARCH_PATHS = "$(inherited) @executable_path/../Frameworks";
				PRODUCT_NAME = "$(TARGET_NAME)";
			};
			name = Release;
		};
		F297077A19936C1600D48CE5 /* Debug */ = {
			isa = XCBuildConfiguration;
			buildSettings = {
				BUNDLE_LOADER = "$(BUILT_PRODUCTS_DIR)/OpenGLFramework.app/Contents/MacOS/OpenGLFramework";
				COMBINE_HIDPI_IMAGES = YES;
				FRAMEWORK_SEARCH_PATHS = (
					"$(DEVELOPER_FRAMEWORKS_DIR)",
					"$(inherited)",
					"$(USER_LIBRARY_DIR)/Frameworks",
				);
				GCC_PREPROCESSOR_DEFINITIONS = (
					"DEBUG=1",
					"$(inherited)",
				);
				INFOPLIST_FILE = OpenGLFrameworkTests/Info.plist;
				LD_RUNPATH_SEARCH_PATHS = "$(inherited) @executable_path/../Frameworks @loader_path/../Frameworks";
				PRODUCT_NAME = "$(TARGET_NAME)";
				TEST_HOST = "$(BUNDLE_LOADER)";
			};
			name = Debug;
		};
		F297077B19936C1600D48CE5 /* Release */ = {
			isa = XCBuildConfiguration;
			buildSettings = {
				BUNDLE_LOADER = "$(BUILT_PRODUCTS_DIR)/OpenGLFramework.app/Contents/MacOS/OpenGLFramework";
				COMBINE_HIDPI_IMAGES = YES;
				FRAMEWORK_SEARCH_PATHS = (
					"$(DEVELOPER_FRAMEWORKS_DIR)",
					"$(inherited)",
					"$(USER_LIBRARY_DIR)/Frameworks",
				);
				INFOPLIST_FILE = OpenGLFrameworkTests/Info.plist;
				LD_RUNPATH_SEARCH_PATHS = "$(inherited) @executable_path/../Frameworks @loader_path/../Frameworks";
				PRODUCT_NAME = "$(TARGET_NAME)";
				TEST_HOST = "$(BUNDLE_LOADER)";
			};
			name = Release;
		};
/* End XCBuildConfiguration section */

/* Begin XCConfigurationList section */
		F29707221993682F00D48CE5 /* Build configuration list for PBXProject "OpenGLFramework" */ = {
			isa = XCConfigurationList;
			buildConfigurations = (
				F297072C1993682F00D48CE5 /* Debug */,
				F297072D1993682F00D48CE5 /* Release */,
			);
			defaultConfigurationIsVisible = 0;
			defaultConfigurationName = Release;
		};
		F297077619936C1600D48CE5 /* Build configuration list for PBXNativeTarget "OpenGLFramework" */ = {
			isa = XCConfigurationList;
			buildConfigurations = (
				F297077719936C1600D48CE5 /* Debug */,
				F297077819936C1600D48CE5 /* Release */,
			);
			defaultConfigurationIsVisible = 0;
			defaultConfigurationName = Release;
		};
		F297077919936C1600D48CE5 /* Build configuration list for PBXNativeTarget "OpenGLFrameworkTests" */ = {
			isa = XCConfigurationList;
			buildConfigurations = (
				F297077A19936C1600D48CE5 /* Debug */,
				F297077B19936C1600D48CE5 /* Release */,
			);
			defaultConfigurationIsVisible = 0;
			defaultConfigurationName = Release;
		};
/* End XCConfigurationList section */
	};
	rootObject = F297071F1993682F00D48CE5 /* Project object */;
}
